// !$*UTF8*$!
{
	archiveVersion = 1;
	classes = {
	};
	objectVersion = 45;
	objects = {

/* Begin PBXBuildFile section */
		1DDD582C0DA1D0D100B32029 /* ElysiumDocument.xib in Resources */ = {isa = PBXBuildFile; fileRef = 1DDD58280DA1D0D100B32029 /* ElysiumDocument.xib */; };
		1DDD582D0DA1D0D100B32029 /* MainMenu.xib in Resources */ = {isa = PBXBuildFile; fileRef = 1DDD582A0DA1D0D100B32029 /* MainMenu.xib */; };
		8D15AC2C0486D014006FF6A4 /* Credits.rtf in Resources */ = {isa = PBXBuildFile; fileRef = 2A37F4B9FDCFA73011CA2CEA /* Credits.rtf */; };
		8D15AC2F0486D014006FF6A4 /* InfoPlist.strings in Resources */ = {isa = PBXBuildFile; fileRef = 089C165FFE840EACC02AAC07 /* InfoPlist.strings */; };
		8D15AC320486D014006FF6A4 /* main.m in Sources */ = {isa = PBXBuildFile; fileRef = 2A37F4B0FDCFA73011CA2CEA /* main.m */; settings = {ATTRIBUTES = (); }; };
		8D15AC340486D014006FF6A4 /* Cocoa.framework in Frameworks */ = {isa = PBXBuildFile; fileRef = 1058C7A7FEA54F5311CA2CBB /* Cocoa.framework */; };
		C904104C0F2660A5009CD2B9 /* ELPreferencesController.m in Sources */ = {isa = PBXBuildFile; fileRef = C904104B0F2660A5009CD2B9 /* ELPreferencesController.m */; };
		C90410660F268AB9009CD2B9 /* PreferencesWindow.xib in Resources */ = {isa = PBXBuildFile; fileRef = C90410640F268AB9009CD2B9 /* PreferencesWindow.xib */; };
		C905E00E0E733C2A00C39302 /* hexdrag.pdf in Resources */ = {isa = PBXBuildFile; fileRef = C905E00D0E733C2A00C39302 /* hexdrag.pdf */; };
		C90A940E0EB9FEDB004AA5BE /* ELMIDITrigger.m in Sources */ = {isa = PBXBuildFile; fileRef = C90A940D0EB9FEDB004AA5BE /* ELMIDITrigger.m */; };
		C90BDFC20EC072040003B0CD /* NSXML+Helpers.m in Sources */ = {isa = PBXBuildFile; fileRef = C90BDFC10EC072040003B0CD /* NSXML+Helpers.m */; };
		C9104A5A0EAA1B0300B78267 /* ELNoteGroup.m in Sources */ = {isa = PBXBuildFile; fileRef = C9104A590EAA1B0300B78267 /* ELNoteGroup.m */; };
		C9104AA80EAA2D9600B78267 /* ELPlayable.m in Sources */ = {isa = PBXBuildFile; fileRef = C9104AA70EAA2D9600B78267 /* ELPlayable.m */; };
		C91600720E982D990052DB9F /* triad1.tif in Resources */ = {isa = PBXBuildFile; fileRef = C91600710E982D990052DB9F /* triad1.tif */; };
		C916007E0E9830530052DB9F /* triad2.tif in Resources */ = {isa = PBXBuildFile; fileRef = C916007D0E9830530052DB9F /* triad2.tif */; };
		C91600800E989EB20052DB9F /* triad3.tif in Resources */ = {isa = PBXBuildFile; fileRef = C916007F0E989EB20052DB9F /* triad3.tif */; };
		C91600A60E98FF3C0052DB9F /* triad0.tif in Resources */ = {isa = PBXBuildFile; fileRef = C91600A20E98FF3C0052DB9F /* triad0.tif */; };
		C91600A70E98FF3C0052DB9F /* triad4.tif in Resources */ = {isa = PBXBuildFile; fileRef = C91600A30E98FF3C0052DB9F /* triad4.tif */; };
		C91600A80E98FF3C0052DB9F /* triad5.tif in Resources */ = {isa = PBXBuildFile; fileRef = C91600A40E98FF3C0052DB9F /* triad5.tif */; };
		C91600A90E98FF3C0052DB9F /* triad6.tif in Resources */ = {isa = PBXBuildFile; fileRef = C91600A50E98FF3C0052DB9F /* triad6.tif */; };
		C92EDDB60E353EDD00017DFE /* CoreAudio.framework in Frameworks */ = {isa = PBXBuildFile; fileRef = C92EDDB50E353EDD00017DFE /* CoreAudio.framework */; };
		C930CA000EBBC3A000DE0817 /* Elysium.bridgesupport in Resources */ = {isa = PBXBuildFile; fileRef = C930C9FF0EBBC3A000DE0817 /* Elysium.bridgesupport */; };
		C930CA190EBBD54300DE0817 /* NoodleLineNumberView.m in Sources */ = {isa = PBXBuildFile; fileRef = C930CA180EBBD54300DE0817 /* NoodleLineNumberView.m */; };
		C930CA230EBBD66D00DE0817 /* NoodleLineNumberMarker.m in Sources */ = {isa = PBXBuildFile; fileRef = C930CA220EBBD66D00DE0817 /* NoodleLineNumberMarker.m */; };
		C94957CB0EBE365D00AC42AD /* ELTimerCallback.m in Sources */ = {isa = PBXBuildFile; fileRef = C94957CA0EBE365D00AC42AD /* ELTimerCallback.m */; };
		C94BAE680F263F0300CCC933 /* BWToolkitFramework.framework in Frameworks */ = {isa = PBXBuildFile; fileRef = C94BAE670F263F0300CCC933 /* BWToolkitFramework.framework */; };
		C94BAE6B0F263F0A00CCC933 /* BWToolkitFramework.framework in Copy Frameworks */ = {isa = PBXBuildFile; fileRef = C94BAE670F263F0300CCC933 /* BWToolkitFramework.framework */; };
		C94F55760EA6A73900320BF5 /* ELKey.m in Sources */ = {isa = PBXBuildFile; fileRef = C94F55750EA6A73900320BF5 /* ELKey.m */; };
		C957DDE60F1905A900798819 /* String+AsJavascriptFunction.m in Sources */ = {isa = PBXBuildFile; fileRef = C957DDE50F1905A900798819 /* String+AsJavascriptFunction.m */; };
		C9599AE80EAE5D9000310D3D /* ELRandomOscillator.m in Sources */ = {isa = PBXBuildFile; fileRef = C9599AE70EAE5D9000310D3D /* ELRandomOscillator.m */; };
		C9599AEB0EAE5DA500310D3D /* ELSequenceOscillator.m in Sources */ = {isa = PBXBuildFile; fileRef = C9599AEA0EAE5DA500310D3D /* ELSequenceOscillator.m */; };
		C9599AEF0EAE7C1E00310D3D /* ELRangedOscillator.m in Sources */ = {isa = PBXBuildFile; fileRef = C9599AEE0EAE7C1E00310D3D /* ELRangedOscillator.m */; };
		C970F0F90F23948900ABAC2E /* HoneycombView.framework in Frameworks */ = {isa = PBXBuildFile; fileRef = C970F0F50F23948900ABAC2E /* HoneycombView.framework */; };
		C970F0FB0F23948900ABAC2E /* Sparkle.framework in Frameworks */ = {isa = PBXBuildFile; fileRef = C970F0F70F23948900ABAC2E /* Sparkle.framework */; };
		C970F0FC0F23948900ABAC2E /* StackedListView.framework in Frameworks */ = {isa = PBXBuildFile; fileRef = C970F0F80F23948900ABAC2E /* StackedListView.framework */; };
		C970F1090F23949400ABAC2E /* HoneycombView.framework in Copy Frameworks */ = {isa = PBXBuildFile; fileRef = C970F0F50F23948900ABAC2E /* HoneycombView.framework */; };
		C970F10B0F23949400ABAC2E /* Sparkle.framework in Copy Frameworks */ = {isa = PBXBuildFile; fileRef = C970F0F70F23948900ABAC2E /* Sparkle.framework */; };
		C970F10C0F23949400ABAC2E /* StackedListView.framework in Copy Frameworks */ = {isa = PBXBuildFile; fileRef = C970F0F80F23948900ABAC2E /* StackedListView.framework */; };
		C970F11E0F23955900ABAC2E /* PYMIDI.framework in Frameworks */ = {isa = PBXBuildFile; fileRef = C970F11D0F23955900ABAC2E /* PYMIDI.framework */; };
		C970F1770F23976500ABAC2E /* JSCocoa.framework in Frameworks */ = {isa = PBXBuildFile; fileRef = C970F1760F23976500ABAC2E /* JSCocoa.framework */; };
		C970F17A0F23976A00ABAC2E /* JSCocoa.framework in Copy Frameworks */ = {isa = PBXBuildFile; fileRef = C970F1760F23976500ABAC2E /* JSCocoa.framework */; };
		C970F17C0F23977C00ABAC2E /* PYMIDI.framework in Copy Frameworks */ = {isa = PBXBuildFile; fileRef = C970F11D0F23955900ABAC2E /* PYMIDI.framework */; };
		C970F1CD0F23B42800ABAC2E /* LMDial.framework in Frameworks */ = {isa = PBXBuildFile; fileRef = C970F1CC0F23B42800ABAC2E /* LMDial.framework */; };
		C970F1D00F23B43100ABAC2E /* LMDial.framework in Copy Frameworks */ = {isa = PBXBuildFile; fileRef = C970F1CC0F23B42800ABAC2E /* LMDial.framework */; };
		C97580CC0F18174D00DB8E93 /* JavascriptCallback.m in Sources */ = {isa = PBXBuildFile; fileRef = C97580CB0F18174D00DB8E93 /* JavascriptCallback.m */; };
		C97580E80F181F5D00DB8E93 /* ELScript.m in Sources */ = {isa = PBXBuildFile; fileRef = C97580E70F181F5D00DB8E93 /* ELScript.m */; };
		C97581070F1823FF00DB8E93 /* JavaScriptCore.framework in Frameworks */ = {isa = PBXBuildFile; fileRef = C97581060F1823FF00DB8E93 /* JavaScriptCore.framework */; };
		C978717F0F1FF76B00C4160A /* output in Resources */ = {isa = PBXBuildFile; fileRef = C97871380F1FF76B00C4160A /* output */; };
		C98DB8380E8907B6009C699E /* sectionheader.gif in Resources */ = {isa = PBXBuildFile; fileRef = C98DB8370E8907B6009C699E /* sectionheader.gif */; };
		C99FA9E20EB8F69E002305EF /* ELMIDIConfigController.m in Sources */ = {isa = PBXBuildFile; fileRef = C99FA9E10EB8F69E002305EF /* ELMIDIConfigController.m */; };
		C99FA9E40EB8F6A9002305EF /* MIDIConfig.xib in Resources */ = {isa = PBXBuildFile; fileRef = C99FA9E30EB8F6A9002305EF /* MIDIConfig.xib */; };
		C9A9F16F0E8A41DC009A06A3 /* OscillatorDesigner.xib in Resources */ = {isa = PBXBuildFile; fileRef = C9A9F1610E8A41DC009A06A3 /* OscillatorDesigner.xib */; };
		C9A9F1700E8A41DC009A06A3 /* HexInspector.xib in Resources */ = {isa = PBXBuildFile; fileRef = C9A9F1630E8A41DC009A06A3 /* HexInspector.xib */; };
		C9A9F1710E8A41DC009A06A3 /* LayerInspector.xib in Resources */ = {isa = PBXBuildFile; fileRef = C9A9F1650E8A41DC009A06A3 /* LayerInspector.xib */; };
		C9A9F1720E8A41DC009A06A3 /* LayerManager.xib in Resources */ = {isa = PBXBuildFile; fileRef = C9A9F1670E8A41DC009A06A3 /* LayerManager.xib */; };
		C9A9F1730E8A41DC009A06A3 /* LayerWindow.xib in Resources */ = {isa = PBXBuildFile; fileRef = C9A9F1690E8A41DC009A06A3 /* LayerWindow.xib */; };
		C9A9F1740E8A41DC009A06A3 /* Palette.xib in Resources */ = {isa = PBXBuildFile; fileRef = C9A9F16B0E8A41DC009A06A3 /* Palette.xib */; };
		C9A9F1750E8A41DC009A06A3 /* PlayerInspector.xib in Resources */ = {isa = PBXBuildFile; fileRef = C9A9F16D0E8A41DC009A06A3 /* PlayerInspector.xib */; };
		C9A9F1E00E8A42DF009A06A3 /* ELHarmonicTable.m in Sources */ = {isa = PBXBuildFile; fileRef = C9A9F1940E8A42DF009A06A3 /* ELHarmonicTable.m */; };
		C9A9F1E10E8A42DF009A06A3 /* ELHex.m in Sources */ = {isa = PBXBuildFile; fileRef = C9A9F1960E8A42DF009A06A3 /* ELHex.m */; };
		C9A9F1E20E8A42DF009A06A3 /* ELLayer.m in Sources */ = {isa = PBXBuildFile; fileRef = C9A9F1980E8A42DF009A06A3 /* ELLayer.m */; };
		C9A9F1E30E8A42DF009A06A3 /* ELNote.m in Sources */ = {isa = PBXBuildFile; fileRef = C9A9F19A0E8A42DF009A06A3 /* ELNote.m */; };
		C9A9F1E40E8A42DF009A06A3 /* ELPlayer.m in Sources */ = {isa = PBXBuildFile; fileRef = C9A9F19C0E8A42DF009A06A3 /* ELPlayer.m */; };
		C9A9F1E50E8A42DF009A06A3 /* ELPlayhead.m in Sources */ = {isa = PBXBuildFile; fileRef = C9A9F19E0E8A42DF009A06A3 /* ELPlayhead.m */; };
		C9A9F1E60E8A42DF009A06A3 /* ElysiumDocument.m in Sources */ = {isa = PBXBuildFile; fileRef = C9A9F1A00E8A42DF009A06A3 /* ElysiumDocument.m */; };
		C9A9F1E70E8A42DF009A06A3 /* ELOscillatorDesignerController.m in Sources */ = {isa = PBXBuildFile; fileRef = C9A9F1A50E8A42DF009A06A3 /* ELOscillatorDesignerController.m */; };
		C9A9F1E90E8A42DF009A06A3 /* ELHexInspectorController.m in Sources */ = {isa = PBXBuildFile; fileRef = C9A9F1AB0E8A42DF009A06A3 /* ELHexInspectorController.m */; };
		C9A9F1EA0E8A42DF009A06A3 /* ELLayerInspectorController.m in Sources */ = {isa = PBXBuildFile; fileRef = C9A9F1AE0E8A42DF009A06A3 /* ELLayerInspectorController.m */; };
		C9A9F1EB0E8A42DF009A06A3 /* ELPlayerInspectorController.m in Sources */ = {isa = PBXBuildFile; fileRef = C9A9F1B10E8A42DF009A06A3 /* ELPlayerInspectorController.m */; };
		C9A9F1EC0E8A42DF009A06A3 /* ELBooleanKnob.m in Sources */ = {isa = PBXBuildFile; fileRef = C9A9F1B40E8A42DF009A06A3 /* ELBooleanKnob.m */; };
		C9A9F1ED0E8A42DF009A06A3 /* ELFloatKnob.m in Sources */ = {isa = PBXBuildFile; fileRef = C9A9F1B60E8A42DF009A06A3 /* ELFloatKnob.m */; };
		C9A9F1EE0E8A42DF009A06A3 /* ELIntegerKnob.m in Sources */ = {isa = PBXBuildFile; fileRef = C9A9F1B80E8A42DF009A06A3 /* ELIntegerKnob.m */; };
		C9A9F1EF0E8A42DF009A06A3 /* ELKnob.m in Sources */ = {isa = PBXBuildFile; fileRef = C9A9F1BA0E8A42DF009A06A3 /* ELKnob.m */; };
		C9A9F1F00E8A42DF009A06A3 /* ELLayerManagerWindowController.m in Sources */ = {isa = PBXBuildFile; fileRef = C9A9F1BD0E8A42DF009A06A3 /* ELLayerManagerWindowController.m */; };
		C9A9F1F10E8A42DF009A06A3 /* ELLayerWindowController.m in Sources */ = {isa = PBXBuildFile; fileRef = C9A9F1C00E8A42DF009A06A3 /* ELLayerWindowController.m */; };
		C9A9F1F20E8A42DF009A06A3 /* ELSurfaceView.m in Sources */ = {isa = PBXBuildFile; fileRef = C9A9F1C20E8A42DF009A06A3 /* ELSurfaceView.m */; };
		C9A9F1F30E8A42DF009A06A3 /* ElysiumController.m in Sources */ = {isa = PBXBuildFile; fileRef = C9A9F1C40E8A42DF009A06A3 /* ElysiumController.m */; };
		C9A9F1F40E8A42DF009A06A3 /* ELMIDIController.m in Sources */ = {isa = PBXBuildFile; fileRef = C9A9F1C70E8A42DF009A06A3 /* ELMIDIController.m */; };
		C9A9F1F50E8A42DF009A06A3 /* ELMIDIMessage.m in Sources */ = {isa = PBXBuildFile; fileRef = C9A9F1C90E8A42DF009A06A3 /* ELMIDIMessage.m */; };
		C9A9F1F60E8A42DF009A06A3 /* ELTimer.m in Sources */ = {isa = PBXBuildFile; fileRef = C9A9F1CB0E8A42DF009A06A3 /* ELTimer.m */; };
		C9A9F1F70E8A42DF009A06A3 /* ELPaletteController.m in Sources */ = {isa = PBXBuildFile; fileRef = C9A9F1CE0E8A42DF009A06A3 /* ELPaletteController.m */; };
		C9A9F1F80E8A42DF009A06A3 /* ELToolView.m in Sources */ = {isa = PBXBuildFile; fileRef = C9A9F1D00E8A42DF009A06A3 /* ELToolView.m */; };
		C9A9F1F90E8A42DF009A06A3 /* ELAbsorbTool.m in Sources */ = {isa = PBXBuildFile; fileRef = C9A9F1D30E8A42DF009A06A3 /* ELAbsorbTool.m */; };
		C9A9F1FA0E8A42DF009A06A3 /* ELGenerateTool.m in Sources */ = {isa = PBXBuildFile; fileRef = C9A9F1D50E8A42DF009A06A3 /* ELGenerateTool.m */; };
		C9A9F1FB0E8A42DF009A06A3 /* ELNoteTool.m in Sources */ = {isa = PBXBuildFile; fileRef = C9A9F1D70E8A42DF009A06A3 /* ELNoteTool.m */; };
		C9A9F1FC0E8A42DF009A06A3 /* ELReboundTool.m in Sources */ = {isa = PBXBuildFile; fileRef = C9A9F1D90E8A42DF009A06A3 /* ELReboundTool.m */; };
		C9A9F1FD0E8A42DF009A06A3 /* ELSpinTool.m in Sources */ = {isa = PBXBuildFile; fileRef = C9A9F1DB0E8A42DF009A06A3 /* ELSpinTool.m */; };
		C9A9F1FE0E8A42DF009A06A3 /* ELSplitTool.m in Sources */ = {isa = PBXBuildFile; fileRef = C9A9F1DD0E8A42DF009A06A3 /* ELSplitTool.m */; };
		C9A9F1FF0E8A42DF009A06A3 /* ELTool.m in Sources */ = {isa = PBXBuildFile; fileRef = C9A9F1DF0E8A42DF009A06A3 /* ELTool.m */; };
		C9A9F20F0E8A43F7009A06A3 /* ELOscillator.m in Sources */ = {isa = PBXBuildFile; fileRef = C9A9F20E0E8A43F7009A06A3 /* ELOscillator.m */; };
		C9B1F3900E9C0C1D0017092F /* ScriptInspector.xib in Resources */ = {isa = PBXBuildFile; fileRef = C9B1F38F0E9C0C1D0017092F /* ScriptInspector.xib */; };
		C9B1F3940E9C0FE30017092F /* ScriptInspectorController.m in Sources */ = {isa = PBXBuildFile; fileRef = C9B1F3930E9C0FE30017092F /* ScriptInspectorController.m */; };
		C9B641FF0EAD1495006AA089 /* ELSineOscillator.m in Sources */ = {isa = PBXBuildFile; fileRef = C9B641FE0EAD1495006AA089 /* ELSineOscillator.m */; };
		C9B642020EAD1504006AA089 /* ELSquareOscillator.m in Sources */ = {isa = PBXBuildFile; fileRef = C9B642010EAD1504006AA089 /* ELSquareOscillator.m */; };
		C9B642050EAD153B006AA089 /* ELSawOscillator.m in Sources */ = {isa = PBXBuildFile; fileRef = C9B642040EAD153B006AA089 /* ELSawOscillator.m */; };
		C9B88E420E64A60C00FA411E /* start.pdf in Resources */ = {isa = PBXBuildFile; fileRef = C9B88E410E64A60C00FA411E /* start.pdf */; };
		C9C931620EB12DA1009528C6 /* ELRangedKnob.m in Sources */ = {isa = PBXBuildFile; fileRef = C9C931610EB12DA1009528C6 /* ELRangedKnob.m */; };
		C9D6B15A0EBCE83300CA98DC /* control_play_blue.png in Resources */ = {isa = PBXBuildFile; fileRef = C9D6B1590EBCE83300CA98DC /* control_play_blue.png */; };
		C9D6B15C0EBCE83D00CA98DC /* control_stop_blue.png in Resources */ = {isa = PBXBuildFile; fileRef = C9D6B15B0EBCE83D00CA98DC /* control_stop_blue.png */; };
		C9DA14900EA730780087EDD3 /* Elysium.icns in Resources */ = {isa = PBXBuildFile; fileRef = C9DA148F0EA730780087EDD3 /* Elysium.icns */; };
		C9DA150E0EA7F05D0087EDD3 /* ActivityViewer.xib in Resources */ = {isa = PBXBuildFile; fileRef = C9DA150D0EA7F05D0087EDD3 /* ActivityViewer.xib */; };
		C9DA15120EA7F14A0087EDD3 /* ELActivityViewerController.m in Sources */ = {isa = PBXBuildFile; fileRef = C9DA15110EA7F14A0087EDD3 /* ELActivityViewerController.m */; };
		C9E43D5D0E33C1A900C4D343 /* CoreMIDI.framework in Frameworks */ = {isa = PBXBuildFile; fileRef = C9E43D5C0E33C1A900C4D343 /* CoreMIDI.framework */; };
		C9E8D93A0E68B8AF005AD9B7 /* play.pdf in Resources */ = {isa = PBXBuildFile; fileRef = C9E8D9360E68B8AF005AD9B7 /* play.pdf */; };
		C9E8D93B0E68B8AF005AD9B7 /* ricochet.pdf in Resources */ = {isa = PBXBuildFile; fileRef = C9E8D9370E68B8AF005AD9B7 /* ricochet.pdf */; };
		C9E8D93C0E68B8AF005AD9B7 /* rotor.pdf in Resources */ = {isa = PBXBuildFile; fileRef = C9E8D9380E68B8AF005AD9B7 /* rotor.pdf */; };
		C9E8D93D0E68B8AF005AD9B7 /* sink.pdf in Resources */ = {isa = PBXBuildFile; fileRef = C9E8D9390E68B8AF005AD9B7 /* sink.pdf */; };
		C9E8D93F0E68B95D005AD9B7 /* splitter.pdf in Resources */ = {isa = PBXBuildFile; fileRef = C9E8D93E0E68B95D005AD9B7 /* splitter.pdf */; };
		C9F450630EBDD1B7002C3637 /* ELScriptPackageController.m in Sources */ = {isa = PBXBuildFile; fileRef = C9F450620EBDD1B7002C3637 /* ELScriptPackageController.m */; };
		C9F450650EBDD1BF002C3637 /* ScriptPackageInspector.xib in Resources */ = {isa = PBXBuildFile; fileRef = C9F450640EBDD1BF002C3637 /* ScriptPackageInspector.xib */; };
		C9F4506C0EBDE3F3002C3637 /* ELScriptPackage.m in Sources */ = {isa = PBXBuildFile; fileRef = C9F4506B0EBDE3F3002C3637 /* ELScriptPackage.m */; };
		C9FE0E030EBA506400A59130 /* ELMIDIControlMessage.m in Sources */ = {isa = PBXBuildFile; fileRef = C9FE0E020EBA506400A59130 /* ELMIDIControlMessage.m */; };
		C9FE0E4D0EBA6B9400A59130 /* ELMIDITriggerArrayController.m in Sources */ = {isa = PBXBuildFile; fileRef = C9FE0E4C0EBA6B9400A59130 /* ELMIDITriggerArrayController.m */; };
/* End PBXBuildFile section */

/* Begin PBXCopyFilesBuildPhase section */
		C9E43D630E33C29F00C4D343 /* Copy Frameworks */ = {
			isa = PBXCopyFilesBuildPhase;
			buildActionMask = 2147483647;
			dstPath = "";
			dstSubfolderSpec = 10;
			files = (
				C94BAE6B0F263F0A00CCC933 /* BWToolkitFramework.framework in Copy Frameworks */,
				C970F1D00F23B43100ABAC2E /* LMDial.framework in Copy Frameworks */,
				C970F1090F23949400ABAC2E /* HoneycombView.framework in Copy Frameworks */,
				C970F17C0F23977C00ABAC2E /* PYMIDI.framework in Copy Frameworks */,
				C970F17A0F23976A00ABAC2E /* JSCocoa.framework in Copy Frameworks */,
				C970F10B0F23949400ABAC2E /* Sparkle.framework in Copy Frameworks */,
				C970F10C0F23949400ABAC2E /* StackedListView.framework in Copy Frameworks */,
			);
			name = "Copy Frameworks";
			runOnlyForDeploymentPostprocessing = 0;
		};
/* End PBXCopyFilesBuildPhase section */

/* Begin PBXFileReference section */
		089C1660FE840EACC02AAC07 /* English */ = {isa = PBXFileReference; fileEncoding = 10; lastKnownFileType = text.plist.strings; name = English; path = English.lproj/InfoPlist.strings; sourceTree = "<group>"; };
		1058C7A7FEA54F5311CA2CBB /* Cocoa.framework */ = {isa = PBXFileReference; lastKnownFileType = wrapper.framework; name = Cocoa.framework; path = /System/Library/Frameworks/Cocoa.framework; sourceTree = "<absolute>"; };
		13E42FBA07B3F13500E4EEF1 /* CoreData.framework */ = {isa = PBXFileReference; lastKnownFileType = wrapper.framework; name = CoreData.framework; path = /System/Library/Frameworks/CoreData.framework; sourceTree = "<absolute>"; };
		1DDD58290DA1D0D100B32029 /* English */ = {isa = PBXFileReference; lastKnownFileType = file.xib; name = English; path = English.lproj/ElysiumDocument.xib; sourceTree = "<group>"; };
		1DDD582B0DA1D0D100B32029 /* English */ = {isa = PBXFileReference; lastKnownFileType = file.xib; name = English; path = English.lproj/MainMenu.xib; sourceTree = "<group>"; };
		2A37F4B0FDCFA73011CA2CEA /* main.m */ = {isa = PBXFileReference; fileEncoding = 4; lastKnownFileType = sourcecode.c.objc; path = main.m; sourceTree = "<group>"; };
		2A37F4BAFDCFA73011CA2CEA /* English */ = {isa = PBXFileReference; lastKnownFileType = text.rtf; name = English; path = English.lproj/Credits.rtf; sourceTree = "<group>"; };
		2A37F4C4FDCFA73011CA2CEA /* AppKit.framework */ = {isa = PBXFileReference; lastKnownFileType = wrapper.framework; name = AppKit.framework; path = /System/Library/Frameworks/AppKit.framework; sourceTree = "<absolute>"; };
		2A37F4C5FDCFA73011CA2CEA /* Foundation.framework */ = {isa = PBXFileReference; lastKnownFileType = wrapper.framework; name = Foundation.framework; path = /System/Library/Frameworks/Foundation.framework; sourceTree = "<absolute>"; };
		32DBCF750370BD2300C91783 /* Elysium_Prefix.pch */ = {isa = PBXFileReference; fileEncoding = 4; lastKnownFileType = sourcecode.c.h; path = Elysium_Prefix.pch; sourceTree = "<group>"; };
		8D15AC360486D014006FF6A4 /* Info.plist */ = {isa = PBXFileReference; fileEncoding = 4; lastKnownFileType = text.plist.xml; path = Info.plist; sourceTree = "<group>"; };
		8D15AC370486D014006FF6A4 /* Elysium.app */ = {isa = PBXFileReference; explicitFileType = wrapper.application; includeInIndex = 0; path = Elysium.app; sourceTree = BUILT_PRODUCTS_DIR; };
		C904104A0F2660A5009CD2B9 /* ELPreferencesController.h */ = {isa = PBXFileReference; fileEncoding = 4; lastKnownFileType = sourcecode.c.h; path = ELPreferencesController.h; sourceTree = "<group>"; };
		C904104B0F2660A5009CD2B9 /* ELPreferencesController.m */ = {isa = PBXFileReference; fileEncoding = 4; lastKnownFileType = sourcecode.c.objc; path = ELPreferencesController.m; sourceTree = "<group>"; };
		C90410650F268AB9009CD2B9 /* English */ = {isa = PBXFileReference; lastKnownFileType = file.xib; name = English; path = English.lproj/PreferencesWindow.xib; sourceTree = "<group>"; };
		C905E00D0E733C2A00C39302 /* hexdrag.pdf */ = {isa = PBXFileReference; lastKnownFileType = image.pdf; path = hexdrag.pdf; sourceTree = "<group>"; };
		C90A940C0EB9FEDB004AA5BE /* ELMIDITrigger.h */ = {isa = PBXFileReference; fileEncoding = 4; lastKnownFileType = sourcecode.c.h; path = ELMIDITrigger.h; sourceTree = "<group>"; };
		C90A940D0EB9FEDB004AA5BE /* ELMIDITrigger.m */ = {isa = PBXFileReference; fileEncoding = 4; lastKnownFileType = sourcecode.c.objc; path = ELMIDITrigger.m; sourceTree = "<group>"; };
		C90BDFC00EC072040003B0CD /* NSXML+Helpers.h */ = {isa = PBXFileReference; fileEncoding = 4; lastKnownFileType = sourcecode.c.h; path = "NSXML+Helpers.h"; sourceTree = "<group>"; };
		C90BDFC10EC072040003B0CD /* NSXML+Helpers.m */ = {isa = PBXFileReference; fileEncoding = 4; lastKnownFileType = sourcecode.c.objc; path = "NSXML+Helpers.m"; sourceTree = "<group>"; };
		C9104A570EAA1AB800B78267 /* ELPlayable.h */ = {isa = PBXFileReference; fileEncoding = 4; lastKnownFileType = sourcecode.c.h; path = ELPlayable.h; sourceTree = "<group>"; };
		C9104A580EAA1B0300B78267 /* ELNoteGroup.h */ = {isa = PBXFileReference; fileEncoding = 4; lastKnownFileType = sourcecode.c.h; path = ELNoteGroup.h; sourceTree = "<group>"; };
		C9104A590EAA1B0300B78267 /* ELNoteGroup.m */ = {isa = PBXFileReference; fileEncoding = 4; lastKnownFileType = sourcecode.c.objc; path = ELNoteGroup.m; sourceTree = "<group>"; };
		C9104AA60EAA2D9600B78267 /* ELPlayable.h */ = {isa = PBXFileReference; fileEncoding = 4; lastKnownFileType = sourcecode.c.h; path = ELPlayable.h; sourceTree = "<group>"; };
		C9104AA70EAA2D9600B78267 /* ELPlayable.m */ = {isa = PBXFileReference; fileEncoding = 4; lastKnownFileType = sourcecode.c.objc; path = ELPlayable.m; sourceTree = "<group>"; };
		C91600710E982D990052DB9F /* triad1.tif */ = {isa = PBXFileReference; lastKnownFileType = image.tiff; path = triad1.tif; sourceTree = "<group>"; };
		C916007D0E9830530052DB9F /* triad2.tif */ = {isa = PBXFileReference; lastKnownFileType = image.tiff; path = triad2.tif; sourceTree = "<group>"; };
		C916007F0E989EB20052DB9F /* triad3.tif */ = {isa = PBXFileReference; lastKnownFileType = image.tiff; path = triad3.tif; sourceTree = "<group>"; };
		C91600A20E98FF3C0052DB9F /* triad0.tif */ = {isa = PBXFileReference; lastKnownFileType = image.tiff; path = triad0.tif; sourceTree = "<group>"; };
		C91600A30E98FF3C0052DB9F /* triad4.tif */ = {isa = PBXFileReference; lastKnownFileType = image.tiff; path = triad4.tif; sourceTree = "<group>"; };
		C91600A40E98FF3C0052DB9F /* triad5.tif */ = {isa = PBXFileReference; lastKnownFileType = image.tiff; path = triad5.tif; sourceTree = "<group>"; };
		C91600A50E98FF3C0052DB9F /* triad6.tif */ = {isa = PBXFileReference; lastKnownFileType = image.tiff; path = triad6.tif; sourceTree = "<group>"; };
		C92EDDB50E353EDD00017DFE /* CoreAudio.framework */ = {isa = PBXFileReference; lastKnownFileType = wrapper.framework; name = CoreAudio.framework; path = /System/Library/Frameworks/CoreAudio.framework; sourceTree = "<absolute>"; };
		C930C9FF0EBBC3A000DE0817 /* Elysium.bridgesupport */ = {isa = PBXFileReference; fileEncoding = 4; lastKnownFileType = text; path = Elysium.bridgesupport; sourceTree = "<group>"; };
		C930CA170EBBD54300DE0817 /* NoodleLineNumberView.h */ = {isa = PBXFileReference; fileEncoding = 4; lastKnownFileType = sourcecode.c.h; path = NoodleLineNumberView.h; sourceTree = "<group>"; };
		C930CA180EBBD54300DE0817 /* NoodleLineNumberView.m */ = {isa = PBXFileReference; fileEncoding = 4; lastKnownFileType = sourcecode.c.objc; path = NoodleLineNumberView.m; sourceTree = "<group>"; };
		C930CA210EBBD66D00DE0817 /* NoodleLineNumberMarker.h */ = {isa = PBXFileReference; fileEncoding = 4; lastKnownFileType = sourcecode.c.h; path = NoodleLineNumberMarker.h; sourceTree = "<group>"; };
		C930CA220EBBD66D00DE0817 /* NoodleLineNumberMarker.m */ = {isa = PBXFileReference; fileEncoding = 4; lastKnownFileType = sourcecode.c.objc; path = NoodleLineNumberMarker.m; sourceTree = "<group>"; };
		C94957C90EBE365D00AC42AD /* ELTimerCallback.h */ = {isa = PBXFileReference; fileEncoding = 4; lastKnownFileType = sourcecode.c.h; path = ELTimerCallback.h; sourceTree = "<group>"; };
		C94957CA0EBE365D00AC42AD /* ELTimerCallback.m */ = {isa = PBXFileReference; fileEncoding = 4; lastKnownFileType = sourcecode.c.objc; path = ELTimerCallback.m; sourceTree = "<group>"; };
		C94BAE670F263F0300CCC933 /* BWToolkitFramework.framework */ = {isa = PBXFileReference; lastKnownFileType = wrapper.framework; name = BWToolkitFramework.framework; path = frameworks/BWToolkitFramework.framework; sourceTree = "<group>"; };
		C94F55740EA6A73900320BF5 /* ELKey.h */ = {isa = PBXFileReference; fileEncoding = 4; lastKnownFileType = sourcecode.c.h; path = ELKey.h; sourceTree = "<group>"; };
		C94F55750EA6A73900320BF5 /* ELKey.m */ = {isa = PBXFileReference; fileEncoding = 4; lastKnownFileType = sourcecode.c.objc; path = ELKey.m; sourceTree = "<group>"; };
		C957DDE40F1905A900798819 /* String+AsJavascriptFunction.h */ = {isa = PBXFileReference; fileEncoding = 4; lastKnownFileType = sourcecode.c.h; path = "String+AsJavascriptFunction.h"; sourceTree = "<group>"; };
		C957DDE50F1905A900798819 /* String+AsJavascriptFunction.m */ = {isa = PBXFileReference; fileEncoding = 4; lastKnownFileType = sourcecode.c.objc; path = "String+AsJavascriptFunction.m"; sourceTree = "<group>"; };
		C9599AE60EAE5D9000310D3D /* ELRandomOscillator.h */ = {isa = PBXFileReference; fileEncoding = 4; lastKnownFileType = sourcecode.c.h; path = ELRandomOscillator.h; sourceTree = "<group>"; };
		C9599AE70EAE5D9000310D3D /* ELRandomOscillator.m */ = {isa = PBXFileReference; fileEncoding = 4; lastKnownFileType = sourcecode.c.objc; path = ELRandomOscillator.m; sourceTree = "<group>"; };
		C9599AE90EAE5DA500310D3D /* ELSequenceOscillator.h */ = {isa = PBXFileReference; fileEncoding = 4; lastKnownFileType = sourcecode.c.h; path = ELSequenceOscillator.h; sourceTree = "<group>"; };
		C9599AEA0EAE5DA500310D3D /* ELSequenceOscillator.m */ = {isa = PBXFileReference; fileEncoding = 4; lastKnownFileType = sourcecode.c.objc; path = ELSequenceOscillator.m; sourceTree = "<group>"; };
		C9599AED0EAE7C1E00310D3D /* ELRangedOscillator.h */ = {isa = PBXFileReference; fileEncoding = 4; lastKnownFileType = sourcecode.c.h; path = ELRangedOscillator.h; sourceTree = "<group>"; };
		C9599AEE0EAE7C1E00310D3D /* ELRangedOscillator.m */ = {isa = PBXFileReference; fileEncoding = 4; lastKnownFileType = sourcecode.c.objc; path = ELRangedOscillator.m; sourceTree = "<group>"; };
		C970F0F50F23948900ABAC2E /* HoneycombView.framework */ = {isa = PBXFileReference; lastKnownFileType = wrapper.framework; name = HoneycombView.framework; path = frameworks/HoneycombView.framework; sourceTree = "<group>"; };
		C970F0F70F23948900ABAC2E /* Sparkle.framework */ = {isa = PBXFileReference; lastKnownFileType = wrapper.framework; name = Sparkle.framework; path = frameworks/Sparkle.framework; sourceTree = "<group>"; };
		C970F0F80F23948900ABAC2E /* StackedListView.framework */ = {isa = PBXFileReference; lastKnownFileType = wrapper.framework; name = StackedListView.framework; path = frameworks/StackedListView.framework; sourceTree = "<group>"; };
		C970F11D0F23955900ABAC2E /* PYMIDI.framework */ = {isa = PBXFileReference; lastKnownFileType = wrapper.framework; name = PYMIDI.framework; path = frameworks/PYMIDI.framework; sourceTree = "<group>"; };
		C970F1760F23976500ABAC2E /* JSCocoa.framework */ = {isa = PBXFileReference; lastKnownFileType = wrapper.framework; name = JSCocoa.framework; path = frameworks/JSCocoa.framework; sourceTree = "<group>"; };
		C970F1CC0F23B42800ABAC2E /* LMDial.framework */ = {isa = PBXFileReference; lastKnownFileType = wrapper.framework; name = LMDial.framework; path = frameworks/LMDial.framework; sourceTree = "<group>"; };
		C97580C60F180EA200DB8E93 /* ELTaggable.h */ = {isa = PBXFileReference; fileEncoding = 4; lastKnownFileType = sourcecode.c.h; path = ELTaggable.h; sourceTree = "<group>"; };
		C97580CA0F18174D00DB8E93 /* JavascriptCallback.h */ = {isa = PBXFileReference; fileEncoding = 4; lastKnownFileType = sourcecode.c.h; path = JavascriptCallback.h; sourceTree = "<group>"; };
		C97580CB0F18174D00DB8E93 /* JavascriptCallback.m */ = {isa = PBXFileReference; fileEncoding = 4; lastKnownFileType = sourcecode.c.objc; path = JavascriptCallback.m; sourceTree = "<group>"; };
		C97580E60F181F5D00DB8E93 /* ELScript.h */ = {isa = PBXFileReference; fileEncoding = 4; lastKnownFileType = sourcecode.c.h; path = ELScript.h; sourceTree = "<group>"; };
		C97580E70F181F5D00DB8E93 /* ELScript.m */ = {isa = PBXFileReference; fileEncoding = 4; lastKnownFileType = sourcecode.c.objc; path = ELScript.m; sourceTree = "<group>"; };
		C97581060F1823FF00DB8E93 /* JavaScriptCore.framework */ = {isa = PBXFileReference; lastKnownFileType = wrapper.framework; name = JavaScriptCore.framework; path = /System/Library/Frameworks/JavaScriptCore.framework; sourceTree = "<absolute>"; };
		C97871380F1FF76B00C4160A /* output */ = {isa = PBXFileReference; lastKnownFileType = folder; name = output; path = help/output; sourceTree = "<group>"; };
		C98DB8370E8907B6009C699E /* sectionheader.gif */ = {isa = PBXFileReference; lastKnownFileType = image.gif; path = sectionheader.gif; sourceTree = "<group>"; };
		C99FA9E00EB8F69E002305EF /* ELMIDIConfigController.h */ = {isa = PBXFileReference; fileEncoding = 4; lastKnownFileType = sourcecode.c.h; path = ELMIDIConfigController.h; sourceTree = "<group>"; };
		C99FA9E10EB8F69E002305EF /* ELMIDIConfigController.m */ = {isa = PBXFileReference; fileEncoding = 4; lastKnownFileType = sourcecode.c.objc; path = ELMIDIConfigController.m; sourceTree = "<group>"; };
		C99FA9E30EB8F6A9002305EF /* MIDIConfig.xib */ = {isa = PBXFileReference; lastKnownFileType = file.xib; name = MIDIConfig.xib; path = English.lproj/MIDIConfig.xib; sourceTree = "<group>"; };
		C9A9F1620E8A41DC009A06A3 /* English */ = {isa = PBXFileReference; lastKnownFileType = file.xib; name = English; path = English.lproj/OscillatorDesigner.xib; sourceTree = "<group>"; };
		C9A9F1640E8A41DC009A06A3 /* English */ = {isa = PBXFileReference; lastKnownFileType = file.xib; name = English; path = English.lproj/HexInspector.xib; sourceTree = "<group>"; };
		C9A9F1660E8A41DC009A06A3 /* English */ = {isa = PBXFileReference; lastKnownFileType = file.xib; name = English; path = English.lproj/LayerInspector.xib; sourceTree = "<group>"; };
		C9A9F1680E8A41DC009A06A3 /* English */ = {isa = PBXFileReference; lastKnownFileType = file.xib; name = English; path = English.lproj/LayerManager.xib; sourceTree = "<group>"; };
		C9A9F16A0E8A41DC009A06A3 /* English */ = {isa = PBXFileReference; lastKnownFileType = file.xib; name = English; path = English.lproj/LayerWindow.xib; sourceTree = "<group>"; };
		C9A9F16C0E8A41DC009A06A3 /* English */ = {isa = PBXFileReference; lastKnownFileType = file.xib; name = English; path = English.lproj/Palette.xib; sourceTree = "<group>"; };
		C9A9F16E0E8A41DC009A06A3 /* English */ = {isa = PBXFileReference; lastKnownFileType = file.xib; name = English; path = English.lproj/PlayerInspector.xib; sourceTree = "<group>"; };
		C9A9F1920E8A42DF009A06A3 /* ELData.h */ = {isa = PBXFileReference; fileEncoding = 4; lastKnownFileType = sourcecode.c.h; path = ELData.h; sourceTree = "<group>"; };
		C9A9F1930E8A42DF009A06A3 /* ELHarmonicTable.h */ = {isa = PBXFileReference; fileEncoding = 4; lastKnownFileType = sourcecode.c.h; path = ELHarmonicTable.h; sourceTree = "<group>"; };
		C9A9F1940E8A42DF009A06A3 /* ELHarmonicTable.m */ = {isa = PBXFileReference; fileEncoding = 4; lastKnownFileType = sourcecode.c.objc; path = ELHarmonicTable.m; sourceTree = "<group>"; };
		C9A9F1950E8A42DF009A06A3 /* ELHex.h */ = {isa = PBXFileReference; fileEncoding = 4; lastKnownFileType = sourcecode.c.h; path = ELHex.h; sourceTree = "<group>"; };
		C9A9F1960E8A42DF009A06A3 /* ELHex.m */ = {isa = PBXFileReference; fileEncoding = 4; lastKnownFileType = sourcecode.c.objc; path = ELHex.m; sourceTree = "<group>"; };
		C9A9F1970E8A42DF009A06A3 /* ELLayer.h */ = {isa = PBXFileReference; fileEncoding = 4; lastKnownFileType = sourcecode.c.h; path = ELLayer.h; sourceTree = "<group>"; };
		C9A9F1980E8A42DF009A06A3 /* ELLayer.m */ = {isa = PBXFileReference; fileEncoding = 4; lastKnownFileType = sourcecode.c.objc; path = ELLayer.m; sourceTree = "<group>"; };
		C9A9F1990E8A42DF009A06A3 /* ELNote.h */ = {isa = PBXFileReference; fileEncoding = 4; lastKnownFileType = sourcecode.c.h; path = ELNote.h; sourceTree = "<group>"; };
		C9A9F19A0E8A42DF009A06A3 /* ELNote.m */ = {isa = PBXFileReference; fileEncoding = 4; lastKnownFileType = sourcecode.c.objc; path = ELNote.m; sourceTree = "<group>"; };
		C9A9F19B0E8A42DF009A06A3 /* ELPlayer.h */ = {isa = PBXFileReference; fileEncoding = 4; lastKnownFileType = sourcecode.c.h; path = ELPlayer.h; sourceTree = "<group>"; };
		C9A9F19C0E8A42DF009A06A3 /* ELPlayer.m */ = {isa = PBXFileReference; fileEncoding = 4; lastKnownFileType = sourcecode.c.objc; path = ELPlayer.m; sourceTree = "<group>"; };
		C9A9F19D0E8A42DF009A06A3 /* ELPlayhead.h */ = {isa = PBXFileReference; fileEncoding = 4; lastKnownFileType = sourcecode.c.h; path = ELPlayhead.h; sourceTree = "<group>"; };
		C9A9F19E0E8A42DF009A06A3 /* ELPlayhead.m */ = {isa = PBXFileReference; fileEncoding = 4; lastKnownFileType = sourcecode.c.objc; path = ELPlayhead.m; sourceTree = "<group>"; };
		C9A9F19F0E8A42DF009A06A3 /* ElysiumDocument.h */ = {isa = PBXFileReference; fileEncoding = 4; lastKnownFileType = sourcecode.c.h; path = ElysiumDocument.h; sourceTree = "<group>"; };
		C9A9F1A00E8A42DF009A06A3 /* ElysiumDocument.m */ = {isa = PBXFileReference; fileEncoding = 4; lastKnownFileType = sourcecode.c.objc; path = ElysiumDocument.m; sourceTree = "<group>"; };
		C9A9F1A10E8A42DF009A06A3 /* ELXmlData.h */ = {isa = PBXFileReference; fileEncoding = 4; lastKnownFileType = sourcecode.c.h; name = ELXmlData.h; path = src/ELXmlData.h; sourceTree = "<group>"; };
		C9A9F1A20E8A42DF009A06A3 /* Elysium.h */ = {isa = PBXFileReference; fileEncoding = 4; lastKnownFileType = sourcecode.c.h; name = Elysium.h; path = src/Elysium.h; sourceTree = "<group>"; };
		C9A9F1A40E8A42DF009A06A3 /* ELOscillatorDesignerController.h */ = {isa = PBXFileReference; fileEncoding = 4; lastKnownFileType = sourcecode.c.h; path = ELOscillatorDesignerController.h; sourceTree = "<group>"; };
		C9A9F1A50E8A42DF009A06A3 /* ELOscillatorDesignerController.m */ = {isa = PBXFileReference; fileEncoding = 4; lastKnownFileType = sourcecode.c.objc; path = ELOscillatorDesignerController.m; sourceTree = "<group>"; };
		C9A9F1AA0E8A42DF009A06A3 /* ELHexInspectorController.h */ = {isa = PBXFileReference; fileEncoding = 4; lastKnownFileType = sourcecode.c.h; path = ELHexInspectorController.h; sourceTree = "<group>"; };
		C9A9F1AB0E8A42DF009A06A3 /* ELHexInspectorController.m */ = {isa = PBXFileReference; fileEncoding = 4; lastKnownFileType = sourcecode.c.objc; path = ELHexInspectorController.m; sourceTree = "<group>"; };
		C9A9F1AD0E8A42DF009A06A3 /* ELLayerInspectorController.h */ = {isa = PBXFileReference; fileEncoding = 4; lastKnownFileType = sourcecode.c.h; path = ELLayerInspectorController.h; sourceTree = "<group>"; };
		C9A9F1AE0E8A42DF009A06A3 /* ELLayerInspectorController.m */ = {isa = PBXFileReference; fileEncoding = 4; lastKnownFileType = sourcecode.c.objc; path = ELLayerInspectorController.m; sourceTree = "<group>"; };
		C9A9F1B00E8A42DF009A06A3 /* ELPlayerInspectorController.h */ = {isa = PBXFileReference; fileEncoding = 4; lastKnownFileType = sourcecode.c.h; path = ELPlayerInspectorController.h; sourceTree = "<group>"; };
		C9A9F1B10E8A42DF009A06A3 /* ELPlayerInspectorController.m */ = {isa = PBXFileReference; fileEncoding = 4; lastKnownFileType = sourcecode.c.objc; path = ELPlayerInspectorController.m; sourceTree = "<group>"; };
		C9A9F1B30E8A42DF009A06A3 /* ELBooleanKnob.h */ = {isa = PBXFileReference; fileEncoding = 4; lastKnownFileType = sourcecode.c.h; path = ELBooleanKnob.h; sourceTree = "<group>"; };
		C9A9F1B40E8A42DF009A06A3 /* ELBooleanKnob.m */ = {isa = PBXFileReference; fileEncoding = 4; lastKnownFileType = sourcecode.c.objc; path = ELBooleanKnob.m; sourceTree = "<group>"; };
		C9A9F1B50E8A42DF009A06A3 /* ELFloatKnob.h */ = {isa = PBXFileReference; fileEncoding = 4; lastKnownFileType = sourcecode.c.h; path = ELFloatKnob.h; sourceTree = "<group>"; };
		C9A9F1B60E8A42DF009A06A3 /* ELFloatKnob.m */ = {isa = PBXFileReference; fileEncoding = 4; lastKnownFileType = sourcecode.c.objc; path = ELFloatKnob.m; sourceTree = "<group>"; };
		C9A9F1B70E8A42DF009A06A3 /* ELIntegerKnob.h */ = {isa = PBXFileReference; fileEncoding = 4; lastKnownFileType = sourcecode.c.h; path = ELIntegerKnob.h; sourceTree = "<group>"; };
		C9A9F1B80E8A42DF009A06A3 /* ELIntegerKnob.m */ = {isa = PBXFileReference; fileEncoding = 4; lastKnownFileType = sourcecode.c.objc; path = ELIntegerKnob.m; sourceTree = "<group>"; };
		C9A9F1B90E8A42DF009A06A3 /* ELKnob.h */ = {isa = PBXFileReference; fileEncoding = 4; lastKnownFileType = sourcecode.c.h; path = ELKnob.h; sourceTree = "<group>"; };
		C9A9F1BA0E8A42DF009A06A3 /* ELKnob.m */ = {isa = PBXFileReference; fileEncoding = 4; lastKnownFileType = sourcecode.c.objc; path = ELKnob.m; sourceTree = "<group>"; };
		C9A9F1BC0E8A42DF009A06A3 /* ELLayerManagerWindowController.h */ = {isa = PBXFileReference; fileEncoding = 4; lastKnownFileType = sourcecode.c.h; path = ELLayerManagerWindowController.h; sourceTree = "<group>"; };
		C9A9F1BD0E8A42DF009A06A3 /* ELLayerManagerWindowController.m */ = {isa = PBXFileReference; fileEncoding = 4; lastKnownFileType = sourcecode.c.objc; path = ELLayerManagerWindowController.m; sourceTree = "<group>"; };
		C9A9F1BF0E8A42DF009A06A3 /* ELLayerWindowController.h */ = {isa = PBXFileReference; fileEncoding = 4; lastKnownFileType = sourcecode.c.h; path = ELLayerWindowController.h; sourceTree = "<group>"; };
		C9A9F1C00E8A42DF009A06A3 /* ELLayerWindowController.m */ = {isa = PBXFileReference; fileEncoding = 4; lastKnownFileType = sourcecode.c.objc; path = ELLayerWindowController.m; sourceTree = "<group>"; };
		C9A9F1C10E8A42DF009A06A3 /* ELSurfaceView.h */ = {isa = PBXFileReference; fileEncoding = 4; lastKnownFileType = sourcecode.c.h; path = ELSurfaceView.h; sourceTree = "<group>"; };
		C9A9F1C20E8A42DF009A06A3 /* ELSurfaceView.m */ = {isa = PBXFileReference; fileEncoding = 4; lastKnownFileType = sourcecode.c.objc; path = ELSurfaceView.m; sourceTree = "<group>"; };
		C9A9F1C30E8A42DF009A06A3 /* ElysiumController.h */ = {isa = PBXFileReference; fileEncoding = 4; lastKnownFileType = sourcecode.c.h; path = ElysiumController.h; sourceTree = "<group>"; };
		C9A9F1C40E8A42DF009A06A3 /* ElysiumController.m */ = {isa = PBXFileReference; fileEncoding = 4; lastKnownFileType = sourcecode.c.objc; path = ElysiumController.m; sourceTree = "<group>"; };
		C9A9F1C60E8A42DF009A06A3 /* ELMIDIController.h */ = {isa = PBXFileReference; fileEncoding = 4; lastKnownFileType = sourcecode.c.h; path = ELMIDIController.h; sourceTree = "<group>"; };
		C9A9F1C70E8A42DF009A06A3 /* ELMIDIController.m */ = {isa = PBXFileReference; fileEncoding = 4; lastKnownFileType = sourcecode.c.objc; path = ELMIDIController.m; sourceTree = "<group>"; };
		C9A9F1C80E8A42DF009A06A3 /* ELMIDIMessage.h */ = {isa = PBXFileReference; fileEncoding = 4; lastKnownFileType = sourcecode.c.h; path = ELMIDIMessage.h; sourceTree = "<group>"; };
		C9A9F1C90E8A42DF009A06A3 /* ELMIDIMessage.m */ = {isa = PBXFileReference; fileEncoding = 4; lastKnownFileType = sourcecode.c.objc; path = ELMIDIMessage.m; sourceTree = "<group>"; };
		C9A9F1CA0E8A42DF009A06A3 /* ELTimer.h */ = {isa = PBXFileReference; fileEncoding = 4; lastKnownFileType = sourcecode.c.h; path = ELTimer.h; sourceTree = "<group>"; };
		C9A9F1CB0E8A42DF009A06A3 /* ELTimer.m */ = {isa = PBXFileReference; fileEncoding = 4; lastKnownFileType = sourcecode.c.objc; path = ELTimer.m; sourceTree = "<group>"; };
		C9A9F1CD0E8A42DF009A06A3 /* ELPaletteController.h */ = {isa = PBXFileReference; fileEncoding = 4; lastKnownFileType = sourcecode.c.h; path = ELPaletteController.h; sourceTree = "<group>"; };
		C9A9F1CE0E8A42DF009A06A3 /* ELPaletteController.m */ = {isa = PBXFileReference; fileEncoding = 4; lastKnownFileType = sourcecode.c.objc; path = ELPaletteController.m; sourceTree = "<group>"; };
		C9A9F1CF0E8A42DF009A06A3 /* ELToolView.h */ = {isa = PBXFileReference; fileEncoding = 4; lastKnownFileType = sourcecode.c.h; path = ELToolView.h; sourceTree = "<group>"; };
		C9A9F1D00E8A42DF009A06A3 /* ELToolView.m */ = {isa = PBXFileReference; fileEncoding = 4; lastKnownFileType = sourcecode.c.objc; path = ELToolView.m; sourceTree = "<group>"; };
		C9A9F1D20E8A42DF009A06A3 /* ELAbsorbTool.h */ = {isa = PBXFileReference; fileEncoding = 4; lastKnownFileType = sourcecode.c.h; path = ELAbsorbTool.h; sourceTree = "<group>"; };
		C9A9F1D30E8A42DF009A06A3 /* ELAbsorbTool.m */ = {isa = PBXFileReference; fileEncoding = 4; lastKnownFileType = sourcecode.c.objc; path = ELAbsorbTool.m; sourceTree = "<group>"; };
		C9A9F1D40E8A42DF009A06A3 /* ELGenerateTool.h */ = {isa = PBXFileReference; fileEncoding = 4; lastKnownFileType = sourcecode.c.h; path = ELGenerateTool.h; sourceTree = "<group>"; };
		C9A9F1D50E8A42DF009A06A3 /* ELGenerateTool.m */ = {isa = PBXFileReference; fileEncoding = 4; lastKnownFileType = sourcecode.c.objc; path = ELGenerateTool.m; sourceTree = "<group>"; };
		C9A9F1D60E8A42DF009A06A3 /* ELNoteTool.h */ = {isa = PBXFileReference; fileEncoding = 4; lastKnownFileType = sourcecode.c.h; path = ELNoteTool.h; sourceTree = "<group>"; };
		C9A9F1D70E8A42DF009A06A3 /* ELNoteTool.m */ = {isa = PBXFileReference; fileEncoding = 4; lastKnownFileType = sourcecode.c.objc; path = ELNoteTool.m; sourceTree = "<group>"; };
		C9A9F1D80E8A42DF009A06A3 /* ELReboundTool.h */ = {isa = PBXFileReference; fileEncoding = 4; lastKnownFileType = sourcecode.c.h; path = ELReboundTool.h; sourceTree = "<group>"; };
		C9A9F1D90E8A42DF009A06A3 /* ELReboundTool.m */ = {isa = PBXFileReference; fileEncoding = 4; lastKnownFileType = sourcecode.c.objc; path = ELReboundTool.m; sourceTree = "<group>"; };
		C9A9F1DA0E8A42DF009A06A3 /* ELSpinTool.h */ = {isa = PBXFileReference; fileEncoding = 4; lastKnownFileType = sourcecode.c.h; path = ELSpinTool.h; sourceTree = "<group>"; };
		C9A9F1DB0E8A42DF009A06A3 /* ELSpinTool.m */ = {isa = PBXFileReference; fileEncoding = 4; lastKnownFileType = sourcecode.c.objc; path = ELSpinTool.m; sourceTree = "<group>"; };
		C9A9F1DC0E8A42DF009A06A3 /* ELSplitTool.h */ = {isa = PBXFileReference; fileEncoding = 4; lastKnownFileType = sourcecode.c.h; path = ELSplitTool.h; sourceTree = "<group>"; };
		C9A9F1DD0E8A42DF009A06A3 /* ELSplitTool.m */ = {isa = PBXFileReference; fileEncoding = 4; lastKnownFileType = sourcecode.c.objc; path = ELSplitTool.m; sourceTree = "<group>"; };
		C9A9F1DE0E8A42DF009A06A3 /* ELTool.h */ = {isa = PBXFileReference; fileEncoding = 4; lastKnownFileType = sourcecode.c.h; path = ELTool.h; sourceTree = "<group>"; };
		C9A9F1DF0E8A42DF009A06A3 /* ELTool.m */ = {isa = PBXFileReference; fileEncoding = 4; lastKnownFileType = sourcecode.c.objc; path = ELTool.m; sourceTree = "<group>"; };
		C9A9F20D0E8A43F7009A06A3 /* ELOscillator.h */ = {isa = PBXFileReference; fileEncoding = 4; lastKnownFileType = sourcecode.c.h; path = ELOscillator.h; sourceTree = "<group>"; };
		C9A9F20E0E8A43F7009A06A3 /* ELOscillator.m */ = {isa = PBXFileReference; fileEncoding = 4; lastKnownFileType = sourcecode.c.objc; path = ELOscillator.m; sourceTree = "<group>"; };
		C9B1F38F0E9C0C1D0017092F /* ScriptInspector.xib */ = {isa = PBXFileReference; lastKnownFileType = file.xib; name = ScriptInspector.xib; path = src/scripting/ScriptInspector.xib; sourceTree = "<group>"; };
		C9B1F3920E9C0FE30017092F /* ScriptInspectorController.h */ = {isa = PBXFileReference; fileEncoding = 4; lastKnownFileType = sourcecode.c.h; path = ScriptInspectorController.h; sourceTree = "<group>"; };
		C9B1F3930E9C0FE30017092F /* ScriptInspectorController.m */ = {isa = PBXFileReference; fileEncoding = 4; lastKnownFileType = sourcecode.c.objc; path = ScriptInspectorController.m; sourceTree = "<group>"; };
		C9B641FD0EAD1495006AA089 /* ELSineOscillator.h */ = {isa = PBXFileReference; fileEncoding = 4; lastKnownFileType = sourcecode.c.h; path = ELSineOscillator.h; sourceTree = "<group>"; };
		C9B641FE0EAD1495006AA089 /* ELSineOscillator.m */ = {isa = PBXFileReference; fileEncoding = 4; lastKnownFileType = sourcecode.c.objc; path = ELSineOscillator.m; sourceTree = "<group>"; };
		C9B642000EAD1504006AA089 /* ELSquareOscillator.h */ = {isa = PBXFileReference; fileEncoding = 4; lastKnownFileType = sourcecode.c.h; path = ELSquareOscillator.h; sourceTree = "<group>"; };
		C9B642010EAD1504006AA089 /* ELSquareOscillator.m */ = {isa = PBXFileReference; fileEncoding = 4; lastKnownFileType = sourcecode.c.objc; path = ELSquareOscillator.m; sourceTree = "<group>"; };
		C9B642030EAD153B006AA089 /* ELSawOscillator.h */ = {isa = PBXFileReference; fileEncoding = 4; lastKnownFileType = sourcecode.c.h; path = ELSawOscillator.h; sourceTree = "<group>"; };
		C9B642040EAD153B006AA089 /* ELSawOscillator.m */ = {isa = PBXFileReference; fileEncoding = 4; lastKnownFileType = sourcecode.c.objc; path = ELSawOscillator.m; sourceTree = "<group>"; };
		C9B88E410E64A60C00FA411E /* start.pdf */ = {isa = PBXFileReference; lastKnownFileType = image.pdf; path = start.pdf; sourceTree = "<group>"; };
		C9C931600EB12DA1009528C6 /* ELRangedKnob.h */ = {isa = PBXFileReference; fileEncoding = 4; lastKnownFileType = sourcecode.c.h; path = ELRangedKnob.h; sourceTree = "<group>"; };
		C9C931610EB12DA1009528C6 /* ELRangedKnob.m */ = {isa = PBXFileReference; fileEncoding = 4; lastKnownFileType = sourcecode.c.objc; path = ELRangedKnob.m; sourceTree = "<group>"; };
		C9D6B1590EBCE83300CA98DC /* control_play_blue.png */ = {isa = PBXFileReference; lastKnownFileType = image.png; path = control_play_blue.png; sourceTree = "<group>"; };
		C9D6B15B0EBCE83D00CA98DC /* control_stop_blue.png */ = {isa = PBXFileReference; lastKnownFileType = image.png; path = control_stop_blue.png; sourceTree = "<group>"; };
		C9DA148F0EA730780087EDD3 /* Elysium.icns */ = {isa = PBXFileReference; lastKnownFileType = image.icns; path = Elysium.icns; sourceTree = "<group>"; };
		C9DA150D0EA7F05D0087EDD3 /* ActivityViewer.xib */ = {isa = PBXFileReference; lastKnownFileType = file.xib; name = ActivityViewer.xib; path = English.lproj/ActivityViewer.xib; sourceTree = "<group>"; };
		C9DA15100EA7F14A0087EDD3 /* ELActivityViewerController.h */ = {isa = PBXFileReference; fileEncoding = 4; lastKnownFileType = sourcecode.c.h; path = ELActivityViewerController.h; sourceTree = "<group>"; };
		C9DA15110EA7F14A0087EDD3 /* ELActivityViewerController.m */ = {isa = PBXFileReference; fileEncoding = 4; lastKnownFileType = sourcecode.c.objc; path = ELActivityViewerController.m; sourceTree = "<group>"; };
		C9E43D5C0E33C1A900C4D343 /* CoreMIDI.framework */ = {isa = PBXFileReference; lastKnownFileType = wrapper.framework; name = CoreMIDI.framework; path = /System/Library/Frameworks/CoreMIDI.framework; sourceTree = "<absolute>"; };
		C9E8D9360E68B8AF005AD9B7 /* play.pdf */ = {isa = PBXFileReference; lastKnownFileType = image.pdf; path = play.pdf; sourceTree = "<group>"; };
		C9E8D9370E68B8AF005AD9B7 /* ricochet.pdf */ = {isa = PBXFileReference; lastKnownFileType = image.pdf; path = ricochet.pdf; sourceTree = "<group>"; };
		C9E8D9380E68B8AF005AD9B7 /* rotor.pdf */ = {isa = PBXFileReference; lastKnownFileType = image.pdf; path = rotor.pdf; sourceTree = "<group>"; };
		C9E8D9390E68B8AF005AD9B7 /* sink.pdf */ = {isa = PBXFileReference; lastKnownFileType = image.pdf; path = sink.pdf; sourceTree = "<group>"; };
		C9E8D93E0E68B95D005AD9B7 /* splitter.pdf */ = {isa = PBXFileReference; lastKnownFileType = image.pdf; path = splitter.pdf; sourceTree = "<group>"; };
		C9F450610EBDD1B7002C3637 /* ELScriptPackageController.h */ = {isa = PBXFileReference; fileEncoding = 4; lastKnownFileType = sourcecode.c.h; path = ELScriptPackageController.h; sourceTree = "<group>"; };
		C9F450620EBDD1B7002C3637 /* ELScriptPackageController.m */ = {isa = PBXFileReference; fileEncoding = 4; lastKnownFileType = sourcecode.c.objc; path = ELScriptPackageController.m; sourceTree = "<group>"; };
		C9F450640EBDD1BF002C3637 /* ScriptPackageInspector.xib */ = {isa = PBXFileReference; lastKnownFileType = file.xib; name = ScriptPackageInspector.xib; path = English.lproj/ScriptPackageInspector.xib; sourceTree = "<group>"; };
		C9F4506A0EBDE3F3002C3637 /* ELScriptPackage.h */ = {isa = PBXFileReference; fileEncoding = 4; lastKnownFileType = sourcecode.c.h; path = ELScriptPackage.h; sourceTree = "<group>"; };
		C9F4506B0EBDE3F3002C3637 /* ELScriptPackage.m */ = {isa = PBXFileReference; fileEncoding = 4; lastKnownFileType = sourcecode.c.objc; path = ELScriptPackage.m; sourceTree = "<group>"; };
		C9FE0E010EBA506400A59130 /* ELMIDIControlMessage.h */ = {isa = PBXFileReference; fileEncoding = 4; lastKnownFileType = sourcecode.c.h; path = ELMIDIControlMessage.h; sourceTree = "<group>"; };
		C9FE0E020EBA506400A59130 /* ELMIDIControlMessage.m */ = {isa = PBXFileReference; fileEncoding = 4; lastKnownFileType = sourcecode.c.objc; path = ELMIDIControlMessage.m; sourceTree = "<group>"; };
		C9FE0E4B0EBA6B9400A59130 /* ELMIDITriggerArrayController.h */ = {isa = PBXFileReference; fileEncoding = 4; lastKnownFileType = sourcecode.c.h; path = ELMIDITriggerArrayController.h; sourceTree = "<group>"; };
		C9FE0E4C0EBA6B9400A59130 /* ELMIDITriggerArrayController.m */ = {isa = PBXFileReference; fileEncoding = 4; lastKnownFileType = sourcecode.c.objc; path = ELMIDITriggerArrayController.m; sourceTree = "<group>"; };
/* End PBXFileReference section */

/* Begin PBXFrameworksBuildPhase section */
		8D15AC330486D014006FF6A4 /* Frameworks */ = {
			isa = PBXFrameworksBuildPhase;
			buildActionMask = 2147483647;
			files = (
				8D15AC340486D014006FF6A4 /* Cocoa.framework in Frameworks */,
				C9E43D5D0E33C1A900C4D343 /* CoreMIDI.framework in Frameworks */,
				C92EDDB60E353EDD00017DFE /* CoreAudio.framework in Frameworks */,
				C97581070F1823FF00DB8E93 /* JavaScriptCore.framework in Frameworks */,
				C970F0F90F23948900ABAC2E /* HoneycombView.framework in Frameworks */,
				C970F0FB0F23948900ABAC2E /* Sparkle.framework in Frameworks */,
				C970F0FC0F23948900ABAC2E /* StackedListView.framework in Frameworks */,
				C970F11E0F23955900ABAC2E /* PYMIDI.framework in Frameworks */,
				C970F1770F23976500ABAC2E /* JSCocoa.framework in Frameworks */,
				C970F1CD0F23B42800ABAC2E /* LMDial.framework in Frameworks */,
				C94BAE680F263F0300CCC933 /* BWToolkitFramework.framework in Frameworks */,
			);
			runOnlyForDeploymentPostprocessing = 0;
		};
/* End PBXFrameworksBuildPhase section */

/* Begin PBXGroup section */
		1058C7A6FEA54F5311CA2CBB /* Linked Frameworks */ = {
			isa = PBXGroup;
			children = (
				C94BAE670F263F0300CCC933 /* BWToolkitFramework.framework */,
				C970F1CC0F23B42800ABAC2E /* LMDial.framework */,
				C970F1760F23976500ABAC2E /* JSCocoa.framework */,
				C970F11D0F23955900ABAC2E /* PYMIDI.framework */,
				C970F0F50F23948900ABAC2E /* HoneycombView.framework */,
				C970F0F70F23948900ABAC2E /* Sparkle.framework */,
				C970F0F80F23948900ABAC2E /* StackedListView.framework */,
				C97581060F1823FF00DB8E93 /* JavaScriptCore.framework */,
				C92EDDB50E353EDD00017DFE /* CoreAudio.framework */,
				C9E43D5C0E33C1A900C4D343 /* CoreMIDI.framework */,
				1058C7A7FEA54F5311CA2CBB /* Cocoa.framework */,
			);
			name = "Linked Frameworks";
			sourceTree = "<group>";
		};
		1058C7A8FEA54F5311CA2CBB /* Other Frameworks */ = {
			isa = PBXGroup;
			children = (
				2A37F4C4FDCFA73011CA2CEA /* AppKit.framework */,
				13E42FBA07B3F13500E4EEF1 /* CoreData.framework */,
				2A37F4C5FDCFA73011CA2CEA /* Foundation.framework */,
			);
			name = "Other Frameworks";
			sourceTree = "<group>";
		};
		19C28FB0FE9D524F11CA2CBB /* Products */ = {
			isa = PBXGroup;
			children = (
				8D15AC370486D014006FF6A4 /* Elysium.app */,
			);
			name = Products;
			sourceTree = "<group>";
		};
		2A37F4AAFDCFA73011CA2CEA /* Elysium */ = {
			isa = PBXGroup;
			children = (
				C9A9F1900E8A42D0009A06A3 /* Sources */,
				2A37F4AFFDCFA73011CA2CEA /* Other Sources */,
				2A37F4B8FDCFA73011CA2CEA /* Resources */,
				2A37F4C3FDCFA73011CA2CEA /* Frameworks */,
				19C28FB0FE9D524F11CA2CBB /* Products */,
			);
			name = Elysium;
			sourceTree = "<group>";
		};
		2A37F4AFFDCFA73011CA2CEA /* Other Sources */ = {
			isa = PBXGroup;
			children = (
				32DBCF750370BD2300C91783 /* Elysium_Prefix.pch */,
				2A37F4B0FDCFA73011CA2CEA /* main.m */,
			);
			name = "Other Sources";
			sourceTree = "<group>";
		};
		2A37F4B8FDCFA73011CA2CEA /* Resources */ = {
			isa = PBXGroup;
			children = (
				C90410640F268AB9009CD2B9 /* PreferencesWindow.xib */,
				C97871380F1FF76B00C4160A /* output */,
				C9F450640EBDD1BF002C3637 /* ScriptPackageInspector.xib */,
				C99FA9E30EB8F6A9002305EF /* MIDIConfig.xib */,
				C9B1F38F0E9C0C1D0017092F /* ScriptInspector.xib */,
				C9DA150D0EA7F05D0087EDD3 /* ActivityViewer.xib */,
				C9A9F1610E8A41DC009A06A3 /* OscillatorDesigner.xib */,
				C9A9F1630E8A41DC009A06A3 /* HexInspector.xib */,
				C9A9F1650E8A41DC009A06A3 /* LayerInspector.xib */,
				C9A9F1670E8A41DC009A06A3 /* LayerManager.xib */,
				C9A9F1690E8A41DC009A06A3 /* LayerWindow.xib */,
				C9A9F16B0E8A41DC009A06A3 /* Palette.xib */,
				C9A9F16D0E8A41DC009A06A3 /* PlayerInspector.xib */,
				C9B88E400E64A5E400FA411E /* images */,
				2A37F4B9FDCFA73011CA2CEA /* Credits.rtf */,
				8D15AC360486D014006FF6A4 /* Info.plist */,
				1DDD58280DA1D0D100B32029 /* ElysiumDocument.xib */,
				089C165FFE840EACC02AAC07 /* InfoPlist.strings */,
				1DDD582A0DA1D0D100B32029 /* MainMenu.xib */,
				C930C9FF0EBBC3A000DE0817 /* Elysium.bridgesupport */,
			);
			name = Resources;
			sourceTree = "<group>";
		};
		2A37F4C3FDCFA73011CA2CEA /* Frameworks */ = {
			isa = PBXGroup;
			children = (
				1058C7A6FEA54F5311CA2CBB /* Linked Frameworks */,
				1058C7A8FEA54F5311CA2CBB /* Other Frameworks */,
			);
			name = Frameworks;
			sourceTree = "<group>";
		};
		C90410430F266057009CD2B9 /* preferences */ = {
			isa = PBXGroup;
			children = (
				C904104A0F2660A5009CD2B9 /* ELPreferencesController.h */,
				C904104B0F2660A5009CD2B9 /* ELPreferencesController.m */,
			);
			name = preferences;
			path = src/preferences;
			sourceTree = "<group>";
		};
		C930CA150EBBD4F800DE0817 /* line_number_view */ = {
			isa = PBXGroup;
			children = (
				C930CA210EBBD66D00DE0817 /* NoodleLineNumberMarker.h */,
				C930CA220EBBD66D00DE0817 /* NoodleLineNumberMarker.m */,
				C930CA170EBBD54300DE0817 /* NoodleLineNumberView.h */,
				C930CA180EBBD54300DE0817 /* NoodleLineNumberView.m */,
			);
			name = line_number_view;
			path = src/line_number_view;
			sourceTree = "<group>";
		};
		C9A9F1900E8A42D0009A06A3 /* Sources */ = {
			isa = PBXGroup;
			children = (
				C90410430F266057009CD2B9 /* preferences */,
				C930CA150EBBD4F800DE0817 /* line_number_view */,
				C9DA150C0EA7F02C0087EDD3 /* activity_viewer */,
				C9B1F36B0E9BF6BF0017092F /* scripting */,
				C9A9F1910E8A42DF009A06A3 /* datamodel */,
				C9A9F1A10E8A42DF009A06A3 /* ELXmlData.h */,
				C9A9F1A20E8A42DF009A06A3 /* Elysium.h */,
				C9A9F1A30E8A42DF009A06A3 /* oscillator */,
				C9A9F1A80E8A42DF009A06A3 /* inspector */,
				C9A9F1B20E8A42DF009A06A3 /* knobs */,
				C9A9F1BB0E8A42DF009A06A3 /* layer_manager */,
				C9A9F1BE0E8A42DF009A06A3 /* mainview */,
				C9A9F1C50E8A42DF009A06A3 /* midi */,
				C9A9F1CC0E8A42DF009A06A3 /* palette */,
				C9A9F1D10E8A42DF009A06A3 /* tools */,
			);
			name = Sources;
			sourceTree = "<group>";
		};
		C9A9F1910E8A42DF009A06A3 /* datamodel */ = {
			isa = PBXGroup;
			children = (
				C9A9F1920E8A42DF009A06A3 /* ELData.h */,
				C9A9F1930E8A42DF009A06A3 /* ELHarmonicTable.h */,
				C9A9F1940E8A42DF009A06A3 /* ELHarmonicTable.m */,
				C9A9F1950E8A42DF009A06A3 /* ELHex.h */,
				C9A9F1960E8A42DF009A06A3 /* ELHex.m */,
				C9A9F1970E8A42DF009A06A3 /* ELLayer.h */,
				C9A9F1980E8A42DF009A06A3 /* ELLayer.m */,
				C9A9F1990E8A42DF009A06A3 /* ELNote.h */,
				C9A9F19A0E8A42DF009A06A3 /* ELNote.m */,
				C9A9F19B0E8A42DF009A06A3 /* ELPlayer.h */,
				C9A9F19C0E8A42DF009A06A3 /* ELPlayer.m */,
				C9A9F19D0E8A42DF009A06A3 /* ELPlayhead.h */,
				C9A9F19E0E8A42DF009A06A3 /* ELPlayhead.m */,
				C9A9F19F0E8A42DF009A06A3 /* ElysiumDocument.h */,
				C9A9F1A00E8A42DF009A06A3 /* ElysiumDocument.m */,
				C94F55740EA6A73900320BF5 /* ELKey.h */,
				C94F55750EA6A73900320BF5 /* ELKey.m */,
				C9104A570EAA1AB800B78267 /* ELPlayable.h */,
				C9104A580EAA1B0300B78267 /* ELNoteGroup.h */,
				C9104A590EAA1B0300B78267 /* ELNoteGroup.m */,
				C9104AA60EAA2D9600B78267 /* ELPlayable.h */,
				C9104AA70EAA2D9600B78267 /* ELPlayable.m */,
				C90BDFC00EC072040003B0CD /* NSXML+Helpers.h */,
				C90BDFC10EC072040003B0CD /* NSXML+Helpers.m */,
			);
			name = datamodel;
			path = src/datamodel;
			sourceTree = "<group>";
		};
		C9A9F1A30E8A42DF009A06A3 /* oscillator */ = {
			isa = PBXGroup;
			children = (
				C9A9F20D0E8A43F7009A06A3 /* ELOscillator.h */,
				C9A9F20E0E8A43F7009A06A3 /* ELOscillator.m */,
				C9A9F1A40E8A42DF009A06A3 /* ELOscillatorDesignerController.h */,
				C9A9F1A50E8A42DF009A06A3 /* ELOscillatorDesignerController.m */,
				C9B641FD0EAD1495006AA089 /* ELSineOscillator.h */,
				C9B641FE0EAD1495006AA089 /* ELSineOscillator.m */,
				C9B642000EAD1504006AA089 /* ELSquareOscillator.h */,
				C9B642010EAD1504006AA089 /* ELSquareOscillator.m */,
				C9B642030EAD153B006AA089 /* ELSawOscillator.h */,
				C9B642040EAD153B006AA089 /* ELSawOscillator.m */,
				C9599AE60EAE5D9000310D3D /* ELRandomOscillator.h */,
				C9599AE70EAE5D9000310D3D /* ELRandomOscillator.m */,
				C9599AE90EAE5DA500310D3D /* ELSequenceOscillator.h */,
				C9599AEA0EAE5DA500310D3D /* ELSequenceOscillator.m */,
				C9599AED0EAE7C1E00310D3D /* ELRangedOscillator.h */,
				C9599AEE0EAE7C1E00310D3D /* ELRangedOscillator.m */,
			);
			name = oscillator;
			path = src/oscillator;
			sourceTree = "<group>";
		};
		C9A9F1A80E8A42DF009A06A3 /* inspector */ = {
			isa = PBXGroup;
			children = (
				C9A9F1A90E8A42DF009A06A3 /* hex */,
				C9A9F1AC0E8A42DF009A06A3 /* layer */,
				C9A9F1AF0E8A42DF009A06A3 /* player */,
			);
			name = inspector;
			path = src/inspector;
			sourceTree = "<group>";
		};
		C9A9F1A90E8A42DF009A06A3 /* hex */ = {
			isa = PBXGroup;
			children = (
				C9A9F1AA0E8A42DF009A06A3 /* ELHexInspectorController.h */,
				C9A9F1AB0E8A42DF009A06A3 /* ELHexInspectorController.m */,
			);
			path = hex;
			sourceTree = "<group>";
		};
		C9A9F1AC0E8A42DF009A06A3 /* layer */ = {
			isa = PBXGroup;
			children = (
				C9A9F1AD0E8A42DF009A06A3 /* ELLayerInspectorController.h */,
				C9A9F1AE0E8A42DF009A06A3 /* ELLayerInspectorController.m */,
			);
			path = layer;
			sourceTree = "<group>";
		};
		C9A9F1AF0E8A42DF009A06A3 /* player */ = {
			isa = PBXGroup;
			children = (
				C9A9F1B00E8A42DF009A06A3 /* ELPlayerInspectorController.h */,
				C9A9F1B10E8A42DF009A06A3 /* ELPlayerInspectorController.m */,
			);
			path = player;
			sourceTree = "<group>";
		};
		C9A9F1B20E8A42DF009A06A3 /* knobs */ = {
			isa = PBXGroup;
			children = (
				C9A9F1B30E8A42DF009A06A3 /* ELBooleanKnob.h */,
				C9A9F1B40E8A42DF009A06A3 /* ELBooleanKnob.m */,
				C9A9F1B50E8A42DF009A06A3 /* ELFloatKnob.h */,
				C9A9F1B60E8A42DF009A06A3 /* ELFloatKnob.m */,
				C9A9F1B70E8A42DF009A06A3 /* ELIntegerKnob.h */,
				C9A9F1B80E8A42DF009A06A3 /* ELIntegerKnob.m */,
				C9A9F1B90E8A42DF009A06A3 /* ELKnob.h */,
				C9A9F1BA0E8A42DF009A06A3 /* ELKnob.m */,
				C9C931600EB12DA1009528C6 /* ELRangedKnob.h */,
				C9C931610EB12DA1009528C6 /* ELRangedKnob.m */,
			);
			name = knobs;
			path = src/knobs;
			sourceTree = "<group>";
		};
		C9A9F1BB0E8A42DF009A06A3 /* layer_manager */ = {
			isa = PBXGroup;
			children = (
				C9A9F1BC0E8A42DF009A06A3 /* ELLayerManagerWindowController.h */,
				C9A9F1BD0E8A42DF009A06A3 /* ELLayerManagerWindowController.m */,
			);
			name = layer_manager;
			path = src/layer_manager;
			sourceTree = "<group>";
		};
		C9A9F1BE0E8A42DF009A06A3 /* mainview */ = {
			isa = PBXGroup;
			children = (
				C9A9F1BF0E8A42DF009A06A3 /* ELLayerWindowController.h */,
				C9A9F1C00E8A42DF009A06A3 /* ELLayerWindowController.m */,
				C9A9F1C10E8A42DF009A06A3 /* ELSurfaceView.h */,
				C9A9F1C20E8A42DF009A06A3 /* ELSurfaceView.m */,
				C9A9F1C30E8A42DF009A06A3 /* ElysiumController.h */,
				C9A9F1C40E8A42DF009A06A3 /* ElysiumController.m */,
			);
			name = mainview;
			path = src/mainview;
			sourceTree = "<group>";
		};
		C9A9F1C50E8A42DF009A06A3 /* midi */ = {
			isa = PBXGroup;
			children = (
				C9A9F1C60E8A42DF009A06A3 /* ELMIDIController.h */,
				C9A9F1C70E8A42DF009A06A3 /* ELMIDIController.m */,
				C9A9F1C80E8A42DF009A06A3 /* ELMIDIMessage.h */,
				C9A9F1C90E8A42DF009A06A3 /* ELMIDIMessage.m */,
				C9A9F1CA0E8A42DF009A06A3 /* ELTimer.h */,
				C9A9F1CB0E8A42DF009A06A3 /* ELTimer.m */,
				C99FA9E00EB8F69E002305EF /* ELMIDIConfigController.h */,
				C99FA9E10EB8F69E002305EF /* ELMIDIConfigController.m */,
				C90A940C0EB9FEDB004AA5BE /* ELMIDITrigger.h */,
				C90A940D0EB9FEDB004AA5BE /* ELMIDITrigger.m */,
				C9FE0E010EBA506400A59130 /* ELMIDIControlMessage.h */,
				C9FE0E020EBA506400A59130 /* ELMIDIControlMessage.m */,
				C9FE0E4B0EBA6B9400A59130 /* ELMIDITriggerArrayController.h */,
				C9FE0E4C0EBA6B9400A59130 /* ELMIDITriggerArrayController.m */,
			);
			name = midi;
			path = src/midi;
			sourceTree = "<group>";
		};
		C9A9F1CC0E8A42DF009A06A3 /* palette */ = {
			isa = PBXGroup;
			children = (
				C9A9F1CD0E8A42DF009A06A3 /* ELPaletteController.h */,
				C9A9F1CE0E8A42DF009A06A3 /* ELPaletteController.m */,
				C9A9F1CF0E8A42DF009A06A3 /* ELToolView.h */,
				C9A9F1D00E8A42DF009A06A3 /* ELToolView.m */,
			);
			name = palette;
			path = src/palette;
			sourceTree = "<group>";
		};
		C9A9F1D10E8A42DF009A06A3 /* tools */ = {
			isa = PBXGroup;
			children = (
				C9A9F1D20E8A42DF009A06A3 /* ELAbsorbTool.h */,
				C9A9F1D30E8A42DF009A06A3 /* ELAbsorbTool.m */,
				C9A9F1D40E8A42DF009A06A3 /* ELGenerateTool.h */,
				C9A9F1D50E8A42DF009A06A3 /* ELGenerateTool.m */,
				C9A9F1D60E8A42DF009A06A3 /* ELNoteTool.h */,
				C9A9F1D70E8A42DF009A06A3 /* ELNoteTool.m */,
				C9A9F1D80E8A42DF009A06A3 /* ELReboundTool.h */,
				C9A9F1D90E8A42DF009A06A3 /* ELReboundTool.m */,
				C9A9F1DA0E8A42DF009A06A3 /* ELSpinTool.h */,
				C9A9F1DB0E8A42DF009A06A3 /* ELSpinTool.m */,
				C9A9F1DC0E8A42DF009A06A3 /* ELSplitTool.h */,
				C9A9F1DD0E8A42DF009A06A3 /* ELSplitTool.m */,
				C9A9F1DE0E8A42DF009A06A3 /* ELTool.h */,
				C9A9F1DF0E8A42DF009A06A3 /* ELTool.m */,
			);
			name = tools;
			path = src/tools;
			sourceTree = "<group>";
		};
		C9B1F36B0E9BF6BF0017092F /* scripting */ = {
			isa = PBXGroup;
			children = (
				C9B1F3920E9C0FE30017092F /* ScriptInspectorController.h */,
				C9B1F3930E9C0FE30017092F /* ScriptInspectorController.m */,
				C9F450610EBDD1B7002C3637 /* ELScriptPackageController.h */,
				C9F450620EBDD1B7002C3637 /* ELScriptPackageController.m */,
				C9F4506A0EBDE3F3002C3637 /* ELScriptPackage.h */,
				C9F4506B0EBDE3F3002C3637 /* ELScriptPackage.m */,
				C94957C90EBE365D00AC42AD /* ELTimerCallback.h */,
				C94957CA0EBE365D00AC42AD /* ELTimerCallback.m */,
				C97580C60F180EA200DB8E93 /* ELTaggable.h */,
				C97580CA0F18174D00DB8E93 /* JavascriptCallback.h */,
				C97580CB0F18174D00DB8E93 /* JavascriptCallback.m */,
				C97580E60F181F5D00DB8E93 /* ELScript.h */,
				C97580E70F181F5D00DB8E93 /* ELScript.m */,
				C957DDE40F1905A900798819 /* String+AsJavascriptFunction.h */,
				C957DDE50F1905A900798819 /* String+AsJavascriptFunction.m */,
			);
			name = scripting;
			path = src/scripting;
			sourceTree = "<group>";
		};
		C9B88E400E64A5E400FA411E /* images */ = {
			isa = PBXGroup;
			children = (
				C9D6B15B0EBCE83D00CA98DC /* control_stop_blue.png */,
				C9D6B1590EBCE83300CA98DC /* control_play_blue.png */,
				C9DA148F0EA730780087EDD3 /* Elysium.icns */,
				C91600A20E98FF3C0052DB9F /* triad0.tif */,
				C91600A30E98FF3C0052DB9F /* triad4.tif */,
				C91600A40E98FF3C0052DB9F /* triad5.tif */,
				C91600A50E98FF3C0052DB9F /* triad6.tif */,
				C916007F0E989EB20052DB9F /* triad3.tif */,
				C916007D0E9830530052DB9F /* triad2.tif */,
				C91600710E982D990052DB9F /* triad1.tif */,
				C98DB8370E8907B6009C699E /* sectionheader.gif */,
				C905E00D0E733C2A00C39302 /* hexdrag.pdf */,
				C9E8D93E0E68B95D005AD9B7 /* splitter.pdf */,
				C9E8D9360E68B8AF005AD9B7 /* play.pdf */,
				C9E8D9370E68B8AF005AD9B7 /* ricochet.pdf */,
				C9E8D9380E68B8AF005AD9B7 /* rotor.pdf */,
				C9E8D9390E68B8AF005AD9B7 /* sink.pdf */,
				C9B88E410E64A60C00FA411E /* start.pdf */,
			);
			path = images;
			sourceTree = "<group>";
		};
		C9DA150C0EA7F02C0087EDD3 /* activity_viewer */ = {
			isa = PBXGroup;
			children = (
				C9DA15100EA7F14A0087EDD3 /* ELActivityViewerController.h */,
				C9DA15110EA7F14A0087EDD3 /* ELActivityViewerController.m */,
			);
			name = activity_viewer;
			path = src/activity_viewer;
			sourceTree = "<group>";
		};
/* End PBXGroup section */

/* Begin PBXNativeTarget section */
		8D15AC270486D014006FF6A4 /* Elysium */ = {
			isa = PBXNativeTarget;
			buildConfigurationList = C05733C708A9546B00998B17 /* Build configuration list for PBXNativeTarget "Elysium" */;
			buildPhases = (
				8D15AC2B0486D014006FF6A4 /* Resources */,
				8D15AC300486D014006FF6A4 /* Sources */,
				8D15AC330486D014006FF6A4 /* Frameworks */,
				C9E43D630E33C29F00C4D343 /* Copy Frameworks */,
				C905DF9F0E72FD5100C39302 /* Package Binaries */,
			);
			buildRules = (
			);
			dependencies = (
			);
			name = Elysium;
			productInstallPath = "$(HOME)/Applications";
			productName = Elysium;
			productReference = 8D15AC370486D014006FF6A4 /* Elysium.app */;
			productType = "com.apple.product-type.application";
		};
/* End PBXNativeTarget section */

/* Begin PBXProject section */
		2A37F4A9FDCFA73011CA2CEA /* Project object */ = {
			isa = PBXProject;
			buildConfigurationList = C05733CB08A9546B00998B17 /* Build configuration list for PBXProject "Elysium" */;
			compatibilityVersion = "Xcode 3.1";
			hasScannedForEncodings = 1;
			mainGroup = 2A37F4AAFDCFA73011CA2CEA /* Elysium */;
			projectDirPath = "";
			projectRoot = "";
			targets = (
				8D15AC270486D014006FF6A4 /* Elysium */,
			);
		};
/* End PBXProject section */

/* Begin PBXResourcesBuildPhase section */
		8D15AC2B0486D014006FF6A4 /* Resources */ = {
			isa = PBXResourcesBuildPhase;
			buildActionMask = 2147483647;
			files = (
				8D15AC2C0486D014006FF6A4 /* Credits.rtf in Resources */,
				8D15AC2F0486D014006FF6A4 /* InfoPlist.strings in Resources */,
				1DDD582C0DA1D0D100B32029 /* ElysiumDocument.xib in Resources */,
				1DDD582D0DA1D0D100B32029 /* MainMenu.xib in Resources */,
				C9B88E420E64A60C00FA411E /* start.pdf in Resources */,
				C9E8D93A0E68B8AF005AD9B7 /* play.pdf in Resources */,
				C9E8D93B0E68B8AF005AD9B7 /* ricochet.pdf in Resources */,
				C9E8D93C0E68B8AF005AD9B7 /* rotor.pdf in Resources */,
				C9E8D93D0E68B8AF005AD9B7 /* sink.pdf in Resources */,
				C9E8D93F0E68B95D005AD9B7 /* splitter.pdf in Resources */,
				C905E00E0E733C2A00C39302 /* hexdrag.pdf in Resources */,
				C98DB8380E8907B6009C699E /* sectionheader.gif in Resources */,
				C9A9F16F0E8A41DC009A06A3 /* OscillatorDesigner.xib in Resources */,
				C9A9F1700E8A41DC009A06A3 /* HexInspector.xib in Resources */,
				C9A9F1710E8A41DC009A06A3 /* LayerInspector.xib in Resources */,
				C9A9F1720E8A41DC009A06A3 /* LayerManager.xib in Resources */,
				C9A9F1730E8A41DC009A06A3 /* LayerWindow.xib in Resources */,
				C9A9F1740E8A41DC009A06A3 /* Palette.xib in Resources */,
				C9A9F1750E8A41DC009A06A3 /* PlayerInspector.xib in Resources */,
				C91600720E982D990052DB9F /* triad1.tif in Resources */,
				C916007E0E9830530052DB9F /* triad2.tif in Resources */,
				C91600800E989EB20052DB9F /* triad3.tif in Resources */,
				C91600A60E98FF3C0052DB9F /* triad0.tif in Resources */,
				C91600A70E98FF3C0052DB9F /* triad4.tif in Resources */,
				C91600A80E98FF3C0052DB9F /* triad5.tif in Resources */,
				C91600A90E98FF3C0052DB9F /* triad6.tif in Resources */,
				C9B1F3900E9C0C1D0017092F /* ScriptInspector.xib in Resources */,
				C9DA14900EA730780087EDD3 /* Elysium.icns in Resources */,
				C9DA150E0EA7F05D0087EDD3 /* ActivityViewer.xib in Resources */,
				C99FA9E40EB8F6A9002305EF /* MIDIConfig.xib in Resources */,
				C930CA000EBBC3A000DE0817 /* Elysium.bridgesupport in Resources */,
				C9D6B15A0EBCE83300CA98DC /* control_play_blue.png in Resources */,
				C9D6B15C0EBCE83D00CA98DC /* control_stop_blue.png in Resources */,
				C9F450650EBDD1BF002C3637 /* ScriptPackageInspector.xib in Resources */,
				C978717F0F1FF76B00C4160A /* output in Resources */,
				C90410660F268AB9009CD2B9 /* PreferencesWindow.xib in Resources */,
			);
			runOnlyForDeploymentPostprocessing = 0;
		};
/* End PBXResourcesBuildPhase section */

/* Begin PBXShellScriptBuildPhase section */
		C905DF9F0E72FD5100C39302 /* Package Binaries */ = {
			isa = PBXShellScriptBuildPhase;
			buildActionMask = 2147483647;
			files = (
			);
			inputPaths = (
				"$(TARGET_BUILD_DIR)/$(TARGET_NAME).app",
			);
			name = "Package Binaries";
			outputPaths = (
				"$(TARGET_BUILD_DIR)/$(TARGET_NAME).tgz",
			);
			runOnlyForDeploymentPostprocessing = 0;
			shellPath = /usr/bin/ruby;
			shellScript = "APP_NAME = ENV['TARGET_NAME']\nBUILD_DIR = ENV['TARGET_BUILD_DIR']\n\ndef tarzip( tar_name, app_path )\n\tsystem( \"tar czf #{tar_name} #{app_path}\" )\nend\n\nDir.chdir( BUILD_DIR  ) do\n\ttarzip( \"#{APP_NAME}.tgz\", \"#{APP_NAME}.app\" )\n\n\tplist_path = File.join( File.expand_path( \"#{APP_NAME}.app\" ), 'Contents', 'Info' )\n\tversion=`defaults read #{plist_path} CFBundleVersion`.chomp\n\ttarzip( \"#{APP_NAME}_#{version}.tgz\", \"#{APP_NAME}.app\" )\nend";
		};
/* End PBXShellScriptBuildPhase section */

/* Begin PBXSourcesBuildPhase section */
		8D15AC300486D014006FF6A4 /* Sources */ = {
			isa = PBXSourcesBuildPhase;
			buildActionMask = 2147483647;
			files = (
				8D15AC320486D014006FF6A4 /* main.m in Sources */,
				C9A9F1E00E8A42DF009A06A3 /* ELHarmonicTable.m in Sources */,
				C9A9F1E10E8A42DF009A06A3 /* ELHex.m in Sources */,
				C9A9F1E20E8A42DF009A06A3 /* ELLayer.m in Sources */,
				C9A9F1E30E8A42DF009A06A3 /* ELNote.m in Sources */,
				C9A9F1E40E8A42DF009A06A3 /* ELPlayer.m in Sources */,
				C9A9F1E50E8A42DF009A06A3 /* ELPlayhead.m in Sources */,
				C9A9F1E60E8A42DF009A06A3 /* ElysiumDocument.m in Sources */,
				C9A9F1E70E8A42DF009A06A3 /* ELOscillatorDesignerController.m in Sources */,
				C9A9F1E90E8A42DF009A06A3 /* ELHexInspectorController.m in Sources */,
				C9A9F1EA0E8A42DF009A06A3 /* ELLayerInspectorController.m in Sources */,
				C9A9F1EB0E8A42DF009A06A3 /* ELPlayerInspectorController.m in Sources */,
				C9A9F1EC0E8A42DF009A06A3 /* ELBooleanKnob.m in Sources */,
				C9A9F1ED0E8A42DF009A06A3 /* ELFloatKnob.m in Sources */,
				C9A9F1EE0E8A42DF009A06A3 /* ELIntegerKnob.m in Sources */,
				C9A9F1EF0E8A42DF009A06A3 /* ELKnob.m in Sources */,
				C9A9F1F00E8A42DF009A06A3 /* ELLayerManagerWindowController.m in Sources */,
				C9A9F1F10E8A42DF009A06A3 /* ELLayerWindowController.m in Sources */,
				C9A9F1F20E8A42DF009A06A3 /* ELSurfaceView.m in Sources */,
				C9A9F1F30E8A42DF009A06A3 /* ElysiumController.m in Sources */,
				C9A9F1F40E8A42DF009A06A3 /* ELMIDIController.m in Sources */,
				C9A9F1F50E8A42DF009A06A3 /* ELMIDIMessage.m in Sources */,
				C9A9F1F60E8A42DF009A06A3 /* ELTimer.m in Sources */,
				C9A9F1F70E8A42DF009A06A3 /* ELPaletteController.m in Sources */,
				C9A9F1F80E8A42DF009A06A3 /* ELToolView.m in Sources */,
				C9A9F1F90E8A42DF009A06A3 /* ELAbsorbTool.m in Sources */,
				C9A9F1FA0E8A42DF009A06A3 /* ELGenerateTool.m in Sources */,
				C9A9F1FB0E8A42DF009A06A3 /* ELNoteTool.m in Sources */,
				C9A9F1FC0E8A42DF009A06A3 /* ELReboundTool.m in Sources */,
				C9A9F1FD0E8A42DF009A06A3 /* ELSpinTool.m in Sources */,
				C9A9F1FE0E8A42DF009A06A3 /* ELSplitTool.m in Sources */,
				C9A9F1FF0E8A42DF009A06A3 /* ELTool.m in Sources */,
				C9A9F20F0E8A43F7009A06A3 /* ELOscillator.m in Sources */,
				C9B1F3940E9C0FE30017092F /* ScriptInspectorController.m in Sources */,
				C94F55760EA6A73900320BF5 /* ELKey.m in Sources */,
				C9DA15120EA7F14A0087EDD3 /* ELActivityViewerController.m in Sources */,
				C9104A5A0EAA1B0300B78267 /* ELNoteGroup.m in Sources */,
				C9104AA80EAA2D9600B78267 /* ELPlayable.m in Sources */,
				C9B641FF0EAD1495006AA089 /* ELSineOscillator.m in Sources */,
				C9B642020EAD1504006AA089 /* ELSquareOscillator.m in Sources */,
				C9B642050EAD153B006AA089 /* ELSawOscillator.m in Sources */,
				C9599AE80EAE5D9000310D3D /* ELRandomOscillator.m in Sources */,
				C9599AEB0EAE5DA500310D3D /* ELSequenceOscillator.m in Sources */,
				C9599AEF0EAE7C1E00310D3D /* ELRangedOscillator.m in Sources */,
				C9C931620EB12DA1009528C6 /* ELRangedKnob.m in Sources */,
				C99FA9E20EB8F69E002305EF /* ELMIDIConfigController.m in Sources */,
				C90A940E0EB9FEDB004AA5BE /* ELMIDITrigger.m in Sources */,
				C9FE0E030EBA506400A59130 /* ELMIDIControlMessage.m in Sources */,
				C9FE0E4D0EBA6B9400A59130 /* ELMIDITriggerArrayController.m in Sources */,
				C930CA190EBBD54300DE0817 /* NoodleLineNumberView.m in Sources */,
				C930CA230EBBD66D00DE0817 /* NoodleLineNumberMarker.m in Sources */,
				C9F450630EBDD1B7002C3637 /* ELScriptPackageController.m in Sources */,
				C9F4506C0EBDE3F3002C3637 /* ELScriptPackage.m in Sources */,
				C94957CB0EBE365D00AC42AD /* ELTimerCallback.m in Sources */,
				C90BDFC20EC072040003B0CD /* NSXML+Helpers.m in Sources */,
				C97580CC0F18174D00DB8E93 /* JavascriptCallback.m in Sources */,
				C97580E80F181F5D00DB8E93 /* ELScript.m in Sources */,
				C957DDE60F1905A900798819 /* String+AsJavascriptFunction.m in Sources */,
				C904104C0F2660A5009CD2B9 /* ELPreferencesController.m in Sources */,
			);
			runOnlyForDeploymentPostprocessing = 0;
		};
/* End PBXSourcesBuildPhase section */

/* Begin PBXVariantGroup section */
		089C165FFE840EACC02AAC07 /* InfoPlist.strings */ = {
			isa = PBXVariantGroup;
			children = (
				089C1660FE840EACC02AAC07 /* English */,
			);
			name = InfoPlist.strings;
			sourceTree = "<group>";
		};
		1DDD58280DA1D0D100B32029 /* ElysiumDocument.xib */ = {
			isa = PBXVariantGroup;
			children = (
				1DDD58290DA1D0D100B32029 /* English */,
			);
			name = ElysiumDocument.xib;
			sourceTree = "<group>";
		};
		1DDD582A0DA1D0D100B32029 /* MainMenu.xib */ = {
			isa = PBXVariantGroup;
			children = (
				1DDD582B0DA1D0D100B32029 /* English */,
			);
			name = MainMenu.xib;
			sourceTree = "<group>";
		};
		2A37F4B9FDCFA73011CA2CEA /* Credits.rtf */ = {
			isa = PBXVariantGroup;
			children = (
				2A37F4BAFDCFA73011CA2CEA /* English */,
			);
			name = Credits.rtf;
			sourceTree = "<group>";
		};
		C90410640F268AB9009CD2B9 /* PreferencesWindow.xib */ = {
			isa = PBXVariantGroup;
			children = (
				C90410650F268AB9009CD2B9 /* English */,
			);
			name = PreferencesWindow.xib;
			sourceTree = "<group>";
		};
		C9A9F1610E8A41DC009A06A3 /* OscillatorDesigner.xib */ = {
			isa = PBXVariantGroup;
			children = (
				C9A9F1620E8A41DC009A06A3 /* English */,
			);
			name = OscillatorDesigner.xib;
			sourceTree = "<group>";
		};
		C9A9F1630E8A41DC009A06A3 /* HexInspector.xib */ = {
			isa = PBXVariantGroup;
			children = (
				C9A9F1640E8A41DC009A06A3 /* English */,
			);
			name = HexInspector.xib;
			sourceTree = "<group>";
		};
		C9A9F1650E8A41DC009A06A3 /* LayerInspector.xib */ = {
			isa = PBXVariantGroup;
			children = (
				C9A9F1660E8A41DC009A06A3 /* English */,
			);
			name = LayerInspector.xib;
			sourceTree = "<group>";
		};
		C9A9F1670E8A41DC009A06A3 /* LayerManager.xib */ = {
			isa = PBXVariantGroup;
			children = (
				C9A9F1680E8A41DC009A06A3 /* English */,
			);
			name = LayerManager.xib;
			sourceTree = "<group>";
		};
		C9A9F1690E8A41DC009A06A3 /* LayerWindow.xib */ = {
			isa = PBXVariantGroup;
			children = (
				C9A9F16A0E8A41DC009A06A3 /* English */,
			);
			name = LayerWindow.xib;
			sourceTree = "<group>";
		};
		C9A9F16B0E8A41DC009A06A3 /* Palette.xib */ = {
			isa = PBXVariantGroup;
			children = (
				C9A9F16C0E8A41DC009A06A3 /* English */,
			);
			name = Palette.xib;
			sourceTree = "<group>";
		};
		C9A9F16D0E8A41DC009A06A3 /* PlayerInspector.xib */ = {
			isa = PBXVariantGroup;
			children = (
				C9A9F16E0E8A41DC009A06A3 /* English */,
			);
			name = PlayerInspector.xib;
			sourceTree = "<group>";
		};
/* End PBXVariantGroup section */

/* Begin XCBuildConfiguration section */
		C05733C808A9546B00998B17 /* Debug */ = {
			isa = XCBuildConfiguration;
			buildSettings = {
				ALWAYS_SEARCH_USER_PATHS = NO;
				COPY_PHASE_STRIP = NO;
				FRAMEWORK_SEARCH_PATHS = (
					"$(inherited)",
					"\"$(SRCROOT)\"",
					"\"$(SRCROOT)/frameworks\"",
				);
				GCC_DYNAMIC_NO_PIC = NO;
				GCC_ENABLE_FIX_AND_CONTINUE = YES;
				GCC_MODEL_TUNING = G5;
				GCC_OPTIMIZATION_LEVEL = 0;
				GCC_PRECOMPILE_PREFIX_HEADER = YES;
				GCC_PREFIX_HEADER = Elysium_Prefix.pch;
				INFOPLIST_FILE = Info.plist;
				INSTALL_PATH = "$(HOME)/Applications";
				ONLY_ACTIVE_ARCH = YES;
				PRODUCT_NAME = Elysium;
				SYMROOT = build;
				WARNING_CFLAGS = "-Wall";
			};
			name = Debug;
		};
		C05733C908A9546B00998B17 /* Release */ = {
			isa = XCBuildConfiguration;
			buildSettings = {
				ALWAYS_SEARCH_USER_PATHS = NO;
				DEBUG_INFORMATION_FORMAT = "dwarf-with-dsym";
				FRAMEWORK_SEARCH_PATHS = (
					"$(inherited)",
					"\"$(SRCROOT)\"",
					"\"$(SRCROOT)/frameworks\"",
				);
				GCC_MODEL_TUNING = G5;
				GCC_OPTIMIZATION_LEVEL = 3;
				GCC_PRECOMPILE_PREFIX_HEADER = YES;
				GCC_PREFIX_HEADER = Elysium_Prefix.pch;
				GCC_UNROLL_LOOPS = YES;
				INFOPLIST_FILE = Info.plist;
				INSTALL_PATH = "$(HOME)/Applications";
				ONLY_ACTIVE_ARCH = NO;
				PRODUCT_NAME = Elysium;
				SYMROOT = build;
				WARNING_CFLAGS = "-Wall";
			};
			name = Release;
		};
		C05733CC08A9546B00998B17 /* Debug */ = {
			isa = XCBuildConfiguration;
			buildSettings = {
				ARCHS = "$(ARCHS_STANDARD_32_BIT)";
				GCC_C_LANGUAGE_STANDARD = c99;
				GCC_ENABLE_OBJC_GC = required;
				GCC_OPTIMIZATION_LEVEL = 0;
				GCC_TREAT_WARNINGS_AS_ERRORS = YES;
				GCC_WARN_ABOUT_RETURN_TYPE = YES;
				GCC_WARN_CHECK_SWITCH_STATEMENTS = YES;
				GCC_WARN_UNUSED_VARIABLE = YES;
				ONLY_ACTIVE_ARCH = YES;
				PREBINDING = NO;
				SDKROOT = macosx10.5;
			};
			name = Debug;
		};
		C05733CD08A9546B00998B17 /* Release */ = {
			isa = XCBuildConfiguration;
			buildSettings = {
				ARCHS = "$(ARCHS_STANDARD_32_BIT)";
				GCC_C_LANGUAGE_STANDARD = c99;
				GCC_ENABLE_OBJC_GC = required;
				GCC_TREAT_WARNINGS_AS_ERRORS = YES;
				GCC_WARN_ABOUT_RETURN_TYPE = YES;
				GCC_WARN_CHECK_SWITCH_STATEMENTS = YES;
				GCC_WARN_UNUSED_VARIABLE = YES;
				ONLY_ACTIVE_ARCH = YES;
				PREBINDING = NO;
				SDKROOT = macosx10.5;
			};
			name = Release;
		};
/* End XCBuildConfiguration section */

/* Begin XCConfigurationList section */
		C05733C708A9546B00998B17 /* Build configuration list for PBXNativeTarget "Elysium" */ = {
			isa = XCConfigurationList;
			buildConfigurations = (
				C05733C808A9546B00998B17 /* Debug */,
				C05733C908A9546B00998B17 /* Release */,
			);
			defaultConfigurationIsVisible = 0;
			defaultConfigurationName = Release;
		};
		C05733CB08A9546B00998B17 /* Build configuration list for PBXProject "Elysium" */ = {
			isa = XCConfigurationList;
			buildConfigurations = (
				C05733CC08A9546B00998B17 /* Debug */,
				C05733CD08A9546B00998B17 /* Release */,
			);
			defaultConfigurationIsVisible = 0;
			defaultConfigurationName = Release;
		};
/* End XCConfigurationList section */
	};
	rootObject = 2A37F4A9FDCFA73011CA2CEA /* Project object */;
}
