// !$*UTF8*$!
{
	archiveVersion = 1;
	classes = {
	};
	objectVersion = 45;
	objects = {

/* Begin PBXBuildFile section */
		1DDD582C0DA1D0D100B32029 /* ElysiumDocument.xib in Resources */ = {isa = PBXBuildFile; fileRef = 1DDD58280DA1D0D100B32029 /* ElysiumDocument.xib */; };
		1DDD582D0DA1D0D100B32029 /* MainMenu.xib in Resources */ = {isa = PBXBuildFile; fileRef = 1DDD582A0DA1D0D100B32029 /* MainMenu.xib */; };
		8D15AC2C0486D014006FF6A4 /* Credits.rtf in Resources */ = {isa = PBXBuildFile; fileRef = 2A37F4B9FDCFA73011CA2CEA /* Credits.rtf */; };
		8D15AC2F0486D014006FF6A4 /* InfoPlist.strings in Resources */ = {isa = PBXBuildFile; fileRef = 089C165FFE840EACC02AAC07 /* InfoPlist.strings */; };
		8D15AC310486D014006FF6A4 /* ElysiumDocument.m in Sources */ = {isa = PBXBuildFile; fileRef = 2A37F4ACFDCFA73011CA2CEA /* ElysiumDocument.m */; settings = {ATTRIBUTES = (); }; };
		8D15AC320486D014006FF6A4 /* main.m in Sources */ = {isa = PBXBuildFile; fileRef = 2A37F4B0FDCFA73011CA2CEA /* main.m */; settings = {ATTRIBUTES = (); }; };
		8D15AC340486D014006FF6A4 /* Cocoa.framework in Frameworks */ = {isa = PBXBuildFile; fileRef = 1058C7A7FEA54F5311CA2CBB /* Cocoa.framework */; };
		C9E43C540E334DB900C4D343 /* ELNote.m in Sources */ = {isa = PBXBuildFile; fileRef = C9E43C530E334DB900C4D343 /* ELNote.m */; };
		C9E43C730E334E3B00C4D343 /* ELHarmonicTable.m in Sources */ = {isa = PBXBuildFile; fileRef = C9E43C720E334E3B00C4D343 /* ELHarmonicTable.m */; };
		C9E43C880E334F3400C4D343 /* ELLayer.m in Sources */ = {isa = PBXBuildFile; fileRef = C9E43C870E334F3400C4D343 /* ELLayer.m */; };
		C9E43C920E33518A00C4D343 /* ELHex.m in Sources */ = {isa = PBXBuildFile; fileRef = C9E43C910E33518A00C4D343 /* ELHex.m */; };
		C9E43CA90E33721300C4D343 /* ELPlayer.m in Sources */ = {isa = PBXBuildFile; fileRef = C9E43CA80E33721300C4D343 /* ELPlayer.m */; };
		C9E43CAC0E33736400C4D343 /* ELPlayhead.m in Sources */ = {isa = PBXBuildFile; fileRef = C9E43CAB0E33736400C4D343 /* ELPlayhead.m */; };
		C9E43CDF0E3385CB00C4D343 /* ELTool.m in Sources */ = {isa = PBXBuildFile; fileRef = C9E43CDE0E3385CB00C4D343 /* ELTool.m */; };
		C9E43D0A0E33922700C4D343 /* ELStartTool.m in Sources */ = {isa = PBXBuildFile; fileRef = C9E43D090E33922700C4D343 /* ELStartTool.m */; };
		C9E43D110E33AFB200C4D343 /* ELBeatTool.m in Sources */ = {isa = PBXBuildFile; fileRef = C9E43D100E33AFB200C4D343 /* ELBeatTool.m */; };
		C9E43D1D0E33B4BD00C4D343 /* ElysiumController.m in Sources */ = {isa = PBXBuildFile; fileRef = C9E43D1C0E33B4BD00C4D343 /* ElysiumController.m */; };
		C9E43D320E33BA0500C4D343 /* ELConfig.m in Sources */ = {isa = PBXBuildFile; fileRef = C9E43D310E33BA0500C4D343 /* ELConfig.m */; };
		C9E43D410E33BE9F00C4D343 /* ELLayerView.m in Sources */ = {isa = PBXBuildFile; fileRef = C9E43D400E33BE9F00C4D343 /* ELLayerView.m */; };
		C9E43D5D0E33C1A900C4D343 /* CoreMIDI.framework in Frameworks */ = {isa = PBXBuildFile; fileRef = C9E43D5C0E33C1A900C4D343 /* CoreMIDI.framework */; };
		C9E43D5F0E33C27100C4D343 /* Sparkle.framework in Frameworks */ = {isa = PBXBuildFile; fileRef = C9E43D5E0E33C27100C4D343 /* Sparkle.framework */; };
		C9E43D660E33C2C300C4D343 /* Sparkle.framework in CopyFiles */ = {isa = PBXBuildFile; fileRef = C9E43D5E0E33C27100C4D343 /* Sparkle.framework */; };
		C9E43D740E33C5C600C4D343 /* ELMIDIController.m in Sources */ = {isa = PBXBuildFile; fileRef = C9E43D730E33C5C600C4D343 /* ELMIDIController.m */; };
/* End PBXBuildFile section */

/* Begin PBXCopyFilesBuildPhase section */
		C9E43D630E33C29F00C4D343 /* CopyFiles */ = {
			isa = PBXCopyFilesBuildPhase;
			buildActionMask = 2147483647;
			dstPath = "";
			dstSubfolderSpec = 10;
			files = (
				C9E43D660E33C2C300C4D343 /* Sparkle.framework in CopyFiles */,
			);
			runOnlyForDeploymentPostprocessing = 0;
		};
/* End PBXCopyFilesBuildPhase section */

/* Begin PBXFileReference section */
		089C1660FE840EACC02AAC07 /* English */ = {isa = PBXFileReference; fileEncoding = 10; lastKnownFileType = text.plist.strings; name = English; path = English.lproj/InfoPlist.strings; sourceTree = "<group>"; };
		1058C7A7FEA54F5311CA2CBB /* Cocoa.framework */ = {isa = PBXFileReference; lastKnownFileType = wrapper.framework; name = Cocoa.framework; path = /System/Library/Frameworks/Cocoa.framework; sourceTree = "<absolute>"; };
		13E42FBA07B3F13500E4EEF1 /* CoreData.framework */ = {isa = PBXFileReference; lastKnownFileType = wrapper.framework; name = CoreData.framework; path = /System/Library/Frameworks/CoreData.framework; sourceTree = "<absolute>"; };
		1DDD58290DA1D0D100B32029 /* English */ = {isa = PBXFileReference; lastKnownFileType = file.xib; name = English; path = English.lproj/ElysiumDocument.xib; sourceTree = "<group>"; };
		1DDD582B0DA1D0D100B32029 /* English */ = {isa = PBXFileReference; lastKnownFileType = file.xib; name = English; path = English.lproj/MainMenu.xib; sourceTree = "<group>"; };
		2A37F4ACFDCFA73011CA2CEA /* ElysiumDocument.m */ = {isa = PBXFileReference; fileEncoding = 4; lastKnownFileType = sourcecode.c.objc; path = ElysiumDocument.m; sourceTree = "<group>"; };
		2A37F4AEFDCFA73011CA2CEA /* ElysiumDocument.h */ = {isa = PBXFileReference; fileEncoding = 4; lastKnownFileType = sourcecode.c.h; path = ElysiumDocument.h; sourceTree = "<group>"; };
		2A37F4B0FDCFA73011CA2CEA /* main.m */ = {isa = PBXFileReference; fileEncoding = 4; lastKnownFileType = sourcecode.c.objc; path = main.m; sourceTree = "<group>"; };
		2A37F4BAFDCFA73011CA2CEA /* English */ = {isa = PBXFileReference; lastKnownFileType = text.rtf; name = English; path = English.lproj/Credits.rtf; sourceTree = "<group>"; };
		2A37F4C4FDCFA73011CA2CEA /* AppKit.framework */ = {isa = PBXFileReference; lastKnownFileType = wrapper.framework; name = AppKit.framework; path = /System/Library/Frameworks/AppKit.framework; sourceTree = "<absolute>"; };
		2A37F4C5FDCFA73011CA2CEA /* Foundation.framework */ = {isa = PBXFileReference; lastKnownFileType = wrapper.framework; name = Foundation.framework; path = /System/Library/Frameworks/Foundation.framework; sourceTree = "<absolute>"; };
		32DBCF750370BD2300C91783 /* Elysium_Prefix.pch */ = {isa = PBXFileReference; fileEncoding = 4; lastKnownFileType = sourcecode.c.h; path = Elysium_Prefix.pch; sourceTree = "<group>"; };
		8D15AC360486D014006FF6A4 /* Info.plist */ = {isa = PBXFileReference; fileEncoding = 4; lastKnownFileType = text.plist.xml; path = Info.plist; sourceTree = "<group>"; };
		8D15AC370486D014006FF6A4 /* Elysium.app */ = {isa = PBXFileReference; explicitFileType = wrapper.application; includeInIndex = 0; path = Elysium.app; sourceTree = BUILT_PRODUCTS_DIR; };
		C9E43C520E334DB900C4D343 /* ELNote.h */ = {isa = PBXFileReference; fileEncoding = 4; lastKnownFileType = sourcecode.c.h; path = ELNote.h; sourceTree = "<group>"; };
		C9E43C530E334DB900C4D343 /* ELNote.m */ = {isa = PBXFileReference; fileEncoding = 4; lastKnownFileType = sourcecode.c.objc; path = ELNote.m; sourceTree = "<group>"; };
		C9E43C710E334E3B00C4D343 /* ELHarmonicTable.h */ = {isa = PBXFileReference; fileEncoding = 4; lastKnownFileType = sourcecode.c.h; path = ELHarmonicTable.h; sourceTree = "<group>"; };
		C9E43C720E334E3B00C4D343 /* ELHarmonicTable.m */ = {isa = PBXFileReference; fileEncoding = 4; lastKnownFileType = sourcecode.c.objc; path = ELHarmonicTable.m; sourceTree = "<group>"; };
		C9E43C860E334F3400C4D343 /* ELLayer.h */ = {isa = PBXFileReference; fileEncoding = 4; lastKnownFileType = sourcecode.c.h; path = ELLayer.h; sourceTree = "<group>"; };
		C9E43C870E334F3400C4D343 /* ELLayer.m */ = {isa = PBXFileReference; fileEncoding = 4; lastKnownFileType = sourcecode.c.objc; path = ELLayer.m; sourceTree = "<group>"; };
		C9E43C900E33518A00C4D343 /* ELHex.h */ = {isa = PBXFileReference; fileEncoding = 4; lastKnownFileType = sourcecode.c.h; path = ELHex.h; sourceTree = "<group>"; };
		C9E43C910E33518A00C4D343 /* ELHex.m */ = {isa = PBXFileReference; fileEncoding = 4; lastKnownFileType = sourcecode.c.objc; path = ELHex.m; sourceTree = "<group>"; };
		C9E43C930E335E1B00C4D343 /* Elysium.h */ = {isa = PBXFileReference; fileEncoding = 4; lastKnownFileType = sourcecode.c.h; path = Elysium.h; sourceTree = "<group>"; };
		C9E43CA70E33721300C4D343 /* ELPlayer.h */ = {isa = PBXFileReference; fileEncoding = 4; lastKnownFileType = sourcecode.c.h; path = ELPlayer.h; sourceTree = "<group>"; };
		C9E43CA80E33721300C4D343 /* ELPlayer.m */ = {isa = PBXFileReference; fileEncoding = 4; lastKnownFileType = sourcecode.c.objc; path = ELPlayer.m; sourceTree = "<group>"; };
		C9E43CAA0E33736400C4D343 /* ELPlayhead.h */ = {isa = PBXFileReference; fileEncoding = 4; lastKnownFileType = sourcecode.c.h; path = ELPlayhead.h; sourceTree = "<group>"; };
		C9E43CAB0E33736400C4D343 /* ELPlayhead.m */ = {isa = PBXFileReference; fileEncoding = 4; lastKnownFileType = sourcecode.c.objc; path = ELPlayhead.m; sourceTree = "<group>"; };
		C9E43CDD0E3385CB00C4D343 /* ELTool.h */ = {isa = PBXFileReference; fileEncoding = 4; lastKnownFileType = sourcecode.c.h; path = ELTool.h; sourceTree = "<group>"; };
		C9E43CDE0E3385CB00C4D343 /* ELTool.m */ = {isa = PBXFileReference; fileEncoding = 4; lastKnownFileType = sourcecode.c.objc; path = ELTool.m; sourceTree = "<group>"; };
		C9E43D080E33922700C4D343 /* ELStartTool.h */ = {isa = PBXFileReference; fileEncoding = 4; lastKnownFileType = sourcecode.c.h; path = ELStartTool.h; sourceTree = "<group>"; };
		C9E43D090E33922700C4D343 /* ELStartTool.m */ = {isa = PBXFileReference; fileEncoding = 4; lastKnownFileType = sourcecode.c.objc; path = ELStartTool.m; sourceTree = "<group>"; };
		C9E43D0F0E33AFB200C4D343 /* ELBeatTool.h */ = {isa = PBXFileReference; fileEncoding = 4; lastKnownFileType = sourcecode.c.h; path = ELBeatTool.h; sourceTree = "<group>"; };
		C9E43D100E33AFB200C4D343 /* ELBeatTool.m */ = {isa = PBXFileReference; fileEncoding = 4; lastKnownFileType = sourcecode.c.objc; path = ELBeatTool.m; sourceTree = "<group>"; };
		C9E43D1B0E33B4BD00C4D343 /* ElysiumController.h */ = {isa = PBXFileReference; fileEncoding = 4; lastKnownFileType = sourcecode.c.h; path = ElysiumController.h; sourceTree = "<group>"; };
		C9E43D1C0E33B4BD00C4D343 /* ElysiumController.m */ = {isa = PBXFileReference; fileEncoding = 4; lastKnownFileType = sourcecode.c.objc; path = ElysiumController.m; sourceTree = "<group>"; };
		C9E43D2F0E33B98700C4D343 /* ELConfig.h */ = {isa = PBXFileReference; fileEncoding = 4; lastKnownFileType = sourcecode.c.h; path = ELConfig.h; sourceTree = "<group>"; };
		C9E43D300E33BA0500C4D343 /* ELConfig.h */ = {isa = PBXFileReference; fileEncoding = 4; lastKnownFileType = sourcecode.c.h; path = ELConfig.h; sourceTree = "<group>"; };
		C9E43D310E33BA0500C4D343 /* ELConfig.m */ = {isa = PBXFileReference; fileEncoding = 4; lastKnownFileType = sourcecode.c.objc; path = ELConfig.m; sourceTree = "<group>"; };
		C9E43D3F0E33BE9F00C4D343 /* ELLayerView.h */ = {isa = PBXFileReference; fileEncoding = 4; lastKnownFileType = sourcecode.c.h; path = ELLayerView.h; sourceTree = "<group>"; };
		C9E43D400E33BE9F00C4D343 /* ELLayerView.m */ = {isa = PBXFileReference; fileEncoding = 4; lastKnownFileType = sourcecode.c.objc; path = ELLayerView.m; sourceTree = "<group>"; };
		C9E43D5C0E33C1A900C4D343 /* CoreMIDI.framework */ = {isa = PBXFileReference; lastKnownFileType = wrapper.framework; name = CoreMIDI.framework; path = /System/Library/Frameworks/CoreMIDI.framework; sourceTree = "<absolute>"; };
		C9E43D5E0E33C27100C4D343 /* Sparkle.framework */ = {isa = PBXFileReference; lastKnownFileType = wrapper.framework; path = Sparkle.framework; sourceTree = "<group>"; };
		C9E43D720E33C5C600C4D343 /* ELMIDIController.h */ = {isa = PBXFileReference; fileEncoding = 4; lastKnownFileType = sourcecode.c.h; path = ELMIDIController.h; sourceTree = "<group>"; };
		C9E43D730E33C5C600C4D343 /* ELMIDIController.m */ = {isa = PBXFileReference; fileEncoding = 4; lastKnownFileType = sourcecode.c.objc; path = ELMIDIController.m; sourceTree = "<group>"; };
/* End PBXFileReference section */

/* Begin PBXFrameworksBuildPhase section */
		8D15AC330486D014006FF6A4 /* Frameworks */ = {
			isa = PBXFrameworksBuildPhase;
			buildActionMask = 2147483647;
			files = (
				8D15AC340486D014006FF6A4 /* Cocoa.framework in Frameworks */,
				C9E43D5D0E33C1A900C4D343 /* CoreMIDI.framework in Frameworks */,
				C9E43D5F0E33C27100C4D343 /* Sparkle.framework in Frameworks */,
			);
			runOnlyForDeploymentPostprocessing = 0;
		};
/* End PBXFrameworksBuildPhase section */

/* Begin PBXGroup section */
		1058C7A6FEA54F5311CA2CBB /* Linked Frameworks */ = {
			isa = PBXGroup;
			children = (
				C9E43D5E0E33C27100C4D343 /* Sparkle.framework */,
				C9E43D5C0E33C1A900C4D343 /* CoreMIDI.framework */,
				1058C7A7FEA54F5311CA2CBB /* Cocoa.framework */,
			);
			name = "Linked Frameworks";
			sourceTree = "<group>";
		};
		1058C7A8FEA54F5311CA2CBB /* Other Frameworks */ = {
			isa = PBXGroup;
			children = (
				2A37F4C4FDCFA73011CA2CEA /* AppKit.framework */,
				13E42FBA07B3F13500E4EEF1 /* CoreData.framework */,
				2A37F4C5FDCFA73011CA2CEA /* Foundation.framework */,
			);
			name = "Other Frameworks";
			sourceTree = "<group>";
		};
		19C28FB0FE9D524F11CA2CBB /* Products */ = {
			isa = PBXGroup;
			children = (
				8D15AC370486D014006FF6A4 /* Elysium.app */,
			);
			name = Products;
			sourceTree = "<group>";
		};
		2A37F4AAFDCFA73011CA2CEA /* Elysium */ = {
			isa = PBXGroup;
			children = (
				2A37F4ABFDCFA73011CA2CEA /* src */,
				2A37F4AFFDCFA73011CA2CEA /* Other Sources */,
				2A37F4B8FDCFA73011CA2CEA /* Resources */,
				2A37F4C3FDCFA73011CA2CEA /* Frameworks */,
				19C28FB0FE9D524F11CA2CBB /* Products */,
			);
			name = Elysium;
			sourceTree = "<group>";
		};
		2A37F4ABFDCFA73011CA2CEA /* src */ = {
			isa = PBXGroup;
			children = (
				C9E43D3B0E33BE8300C4D343 /* Views */,
				C9E43D1E0E33B4C800C4D343 /* Player */,
				2A37F4AEFDCFA73011CA2CEA /* ElysiumDocument.h */,
				2A37F4ACFDCFA73011CA2CEA /* ElysiumDocument.m */,
				C9E43D1B0E33B4BD00C4D343 /* ElysiumController.h */,
				C9E43D1C0E33B4BD00C4D343 /* ElysiumController.m */,
				C9E43D2F0E33B98700C4D343 /* ELConfig.h */,
				C9E43D300E33BA0500C4D343 /* ELConfig.h */,
				C9E43D310E33BA0500C4D343 /* ELConfig.m */,
				C9E43D720E33C5C600C4D343 /* ELMIDIController.h */,
				C9E43D730E33C5C600C4D343 /* ELMIDIController.m */,
			);
			path = src;
			sourceTree = "<group>";
		};
		2A37F4AFFDCFA73011CA2CEA /* Other Sources */ = {
			isa = PBXGroup;
			children = (
				32DBCF750370BD2300C91783 /* Elysium_Prefix.pch */,
				2A37F4B0FDCFA73011CA2CEA /* main.m */,
			);
			name = "Other Sources";
			sourceTree = "<group>";
		};
		2A37F4B8FDCFA73011CA2CEA /* Resources */ = {
			isa = PBXGroup;
			children = (
				2A37F4B9FDCFA73011CA2CEA /* Credits.rtf */,
				8D15AC360486D014006FF6A4 /* Info.plist */,
				089C165FFE840EACC02AAC07 /* InfoPlist.strings */,
				1DDD58280DA1D0D100B32029 /* ElysiumDocument.xib */,
				1DDD582A0DA1D0D100B32029 /* MainMenu.xib */,
			);
			name = Resources;
			sourceTree = "<group>";
		};
		2A37F4C3FDCFA73011CA2CEA /* Frameworks */ = {
			isa = PBXGroup;
			children = (
				1058C7A6FEA54F5311CA2CBB /* Linked Frameworks */,
				1058C7A8FEA54F5311CA2CBB /* Other Frameworks */,
			);
			name = Frameworks;
			sourceTree = "<group>";
		};
		C9E43D070E33921D00C4D343 /* Tools */ = {
			isa = PBXGroup;
			children = (
				C9E43D080E33922700C4D343 /* ELStartTool.h */,
				C9E43D090E33922700C4D343 /* ELStartTool.m */,
				C9E43D0F0E33AFB200C4D343 /* ELBeatTool.h */,
				C9E43D100E33AFB200C4D343 /* ELBeatTool.m */,
			);
			name = Tools;
			sourceTree = "<group>";
		};
		C9E43D1E0E33B4C800C4D343 /* Player */ = {
			isa = PBXGroup;
			children = (
				C9E43D070E33921D00C4D343 /* Tools */,
				C9E43C710E334E3B00C4D343 /* ELHarmonicTable.h */,
				C9E43C720E334E3B00C4D343 /* ELHarmonicTable.m */,
				C9E43C520E334DB900C4D343 /* ELNote.h */,
				C9E43C530E334DB900C4D343 /* ELNote.m */,
				C9E43C860E334F3400C4D343 /* ELLayer.h */,
				C9E43C870E334F3400C4D343 /* ELLayer.m */,
				C9E43C900E33518A00C4D343 /* ELHex.h */,
				C9E43C910E33518A00C4D343 /* ELHex.m */,
				C9E43C930E335E1B00C4D343 /* Elysium.h */,
				C9E43CA70E33721300C4D343 /* ELPlayer.h */,
				C9E43CA80E33721300C4D343 /* ELPlayer.m */,
				C9E43CAA0E33736400C4D343 /* ELPlayhead.h */,
				C9E43CAB0E33736400C4D343 /* ELPlayhead.m */,
				C9E43CDD0E3385CB00C4D343 /* ELTool.h */,
				C9E43CDE0E3385CB00C4D343 /* ELTool.m */,
			);
			name = Player;
			sourceTree = "<group>";
		};
		C9E43D3B0E33BE8300C4D343 /* Views */ = {
			isa = PBXGroup;
			children = (
				C9E43D3F0E33BE9F00C4D343 /* ELLayerView.h */,
				C9E43D400E33BE9F00C4D343 /* ELLayerView.m */,
			);
			name = Views;
			sourceTree = "<group>";
		};
/* End PBXGroup section */

/* Begin PBXNativeTarget section */
		8D15AC270486D014006FF6A4 /* Elysium */ = {
			isa = PBXNativeTarget;
			buildConfigurationList = C05733C708A9546B00998B17 /* Build configuration list for PBXNativeTarget "Elysium" */;
			buildPhases = (
				8D15AC2B0486D014006FF6A4 /* Resources */,
				8D15AC300486D014006FF6A4 /* Sources */,
				8D15AC330486D014006FF6A4 /* Frameworks */,
				C9E43D630E33C29F00C4D343 /* CopyFiles */,
			);
			buildRules = (
			);
			dependencies = (
			);
			name = Elysium;
			productInstallPath = "$(HOME)/Applications";
			productName = Elysium;
			productReference = 8D15AC370486D014006FF6A4 /* Elysium.app */;
			productType = "com.apple.product-type.application";
		};
/* End PBXNativeTarget section */

/* Begin PBXProject section */
		2A37F4A9FDCFA73011CA2CEA /* Project object */ = {
			isa = PBXProject;
			buildConfigurationList = C05733CB08A9546B00998B17 /* Build configuration list for PBXProject "Elysium" */;
			compatibilityVersion = "Xcode 3.1";
			hasScannedForEncodings = 1;
			mainGroup = 2A37F4AAFDCFA73011CA2CEA /* Elysium */;
			projectDirPath = "";
			projectRoot = "";
			targets = (
				8D15AC270486D014006FF6A4 /* Elysium */,
			);
		};
/* End PBXProject section */

/* Begin PBXResourcesBuildPhase section */
		8D15AC2B0486D014006FF6A4 /* Resources */ = {
			isa = PBXResourcesBuildPhase;
			buildActionMask = 2147483647;
			files = (
				8D15AC2C0486D014006FF6A4 /* Credits.rtf in Resources */,
				8D15AC2F0486D014006FF6A4 /* InfoPlist.strings in Resources */,
				1DDD582C0DA1D0D100B32029 /* ElysiumDocument.xib in Resources */,
				1DDD582D0DA1D0D100B32029 /* MainMenu.xib in Resources */,
			);
			runOnlyForDeploymentPostprocessing = 0;
		};
/* End PBXResourcesBuildPhase section */

/* Begin PBXSourcesBuildPhase section */
		8D15AC300486D014006FF6A4 /* Sources */ = {
			isa = PBXSourcesBuildPhase;
			buildActionMask = 2147483647;
			files = (
				8D15AC310486D014006FF6A4 /* ElysiumDocument.m in Sources */,
				8D15AC320486D014006FF6A4 /* main.m in Sources */,
				C9E43C540E334DB900C4D343 /* ELNote.m in Sources */,
				C9E43C730E334E3B00C4D343 /* ELHarmonicTable.m in Sources */,
				C9E43C880E334F3400C4D343 /* ELLayer.m in Sources */,
				C9E43C920E33518A00C4D343 /* ELHex.m in Sources */,
				C9E43CA90E33721300C4D343 /* ELPlayer.m in Sources */,
				C9E43CAC0E33736400C4D343 /* ELPlayhead.m in Sources */,
				C9E43CDF0E3385CB00C4D343 /* ELTool.m in Sources */,
				C9E43D0A0E33922700C4D343 /* ELStartTool.m in Sources */,
				C9E43D110E33AFB200C4D343 /* ELBeatTool.m in Sources */,
				C9E43D1D0E33B4BD00C4D343 /* ElysiumController.m in Sources */,
				C9E43D320E33BA0500C4D343 /* ELConfig.m in Sources */,
				C9E43D410E33BE9F00C4D343 /* ELLayerView.m in Sources */,
				C9E43D740E33C5C600C4D343 /* ELMIDIController.m in Sources */,
			);
			runOnlyForDeploymentPostprocessing = 0;
		};
/* End PBXSourcesBuildPhase section */

/* Begin PBXVariantGroup section */
		089C165FFE840EACC02AAC07 /* InfoPlist.strings */ = {
			isa = PBXVariantGroup;
			children = (
				089C1660FE840EACC02AAC07 /* English */,
			);
			name = InfoPlist.strings;
			sourceTree = "<group>";
		};
		1DDD58280DA1D0D100B32029 /* ElysiumDocument.xib */ = {
			isa = PBXVariantGroup;
			children = (
				1DDD58290DA1D0D100B32029 /* English */,
			);
			name = ElysiumDocument.xib;
			sourceTree = "<group>";
		};
		1DDD582A0DA1D0D100B32029 /* MainMenu.xib */ = {
			isa = PBXVariantGroup;
			children = (
				1DDD582B0DA1D0D100B32029 /* English */,
			);
			name = MainMenu.xib;
			sourceTree = "<group>";
		};
		2A37F4B9FDCFA73011CA2CEA /* Credits.rtf */ = {
			isa = PBXVariantGroup;
			children = (
				2A37F4BAFDCFA73011CA2CEA /* English */,
			);
			name = Credits.rtf;
			sourceTree = "<group>";
		};
/* End PBXVariantGroup section */

/* Begin XCBuildConfiguration section */
		C05733C808A9546B00998B17 /* Debug */ = {
			isa = XCBuildConfiguration;
			buildSettings = {
				ALWAYS_SEARCH_USER_PATHS = NO;
				COPY_PHASE_STRIP = NO;
				FRAMEWORK_SEARCH_PATHS = (
					"$(inherited)",
					"\"$(SRCROOT)\"",
				);
				GCC_DYNAMIC_NO_PIC = NO;
				GCC_ENABLE_FIX_AND_CONTINUE = YES;
				GCC_MODEL_TUNING = G5;
				GCC_OPTIMIZATION_LEVEL = 0;
				GCC_PRECOMPILE_PREFIX_HEADER = YES;
				GCC_PREFIX_HEADER = Elysium_Prefix.pch;
				INFOPLIST_FILE = Info.plist;
				INSTALL_PATH = "$(HOME)/Applications";
				PRODUCT_NAME = Elysium;
			};
			name = Debug;
		};
		C05733C908A9546B00998B17 /* Release */ = {
			isa = XCBuildConfiguration;
			buildSettings = {
				ALWAYS_SEARCH_USER_PATHS = NO;
				DEBUG_INFORMATION_FORMAT = "dwarf-with-dsym";
				FRAMEWORK_SEARCH_PATHS = (
					"$(inherited)",
					"\"$(SRCROOT)\"",
				);
				GCC_MODEL_TUNING = G5;
				GCC_PRECOMPILE_PREFIX_HEADER = YES;
				GCC_PREFIX_HEADER = Elysium_Prefix.pch;
				INFOPLIST_FILE = Info.plist;
				INSTALL_PATH = "$(HOME)/Applications";
				PRODUCT_NAME = Elysium;
			};
			name = Release;
		};
		C05733CC08A9546B00998B17 /* Debug */ = {
			isa = XCBuildConfiguration;
			buildSettings = {
				ARCHS = "$(ARCHS_STANDARD_32_BIT)";
				GCC_C_LANGUAGE_STANDARD = c99;
				GCC_ENABLE_OBJC_GC = required;
				GCC_OPTIMIZATION_LEVEL = 0;
				GCC_WARN_ABOUT_RETURN_TYPE = YES;
				GCC_WARN_CHECK_SWITCH_STATEMENTS = YES;
				GCC_WARN_UNUSED_VARIABLE = YES;
				ONLY_ACTIVE_ARCH = YES;
				PREBINDING = NO;
				SDKROOT = macosx10.5;
			};
			name = Debug;
		};
		C05733CD08A9546B00998B17 /* Release */ = {
			isa = XCBuildConfiguration;
			buildSettings = {
				ARCHS = "$(ARCHS_STANDARD_32_BIT)";
				GCC_C_LANGUAGE_STANDARD = c99;
				GCC_ENABLE_OBJC_GC = required;
				GCC_WARN_ABOUT_RETURN_TYPE = YES;
				GCC_WARN_CHECK_SWITCH_STATEMENTS = YES;
				GCC_WARN_UNUSED_VARIABLE = YES;
				PREBINDING = NO;
				SDKROOT = macosx10.5;
			};
			name = Release;
		};
/* End XCBuildConfiguration section */

/* Begin XCConfigurationList section */
		C05733C708A9546B00998B17 /* Build configuration list for PBXNativeTarget "Elysium" */ = {
			isa = XCConfigurationList;
			buildConfigurations = (
				C05733C808A9546B00998B17 /* Debug */,
				C05733C908A9546B00998B17 /* Release */,
			);
			defaultConfigurationIsVisible = 0;
			defaultConfigurationName = Release;
		};
		C05733CB08A9546B00998B17 /* Build configuration list for PBXProject "Elysium" */ = {
			isa = XCConfigurationList;
			buildConfigurations = (
				C05733CC08A9546B00998B17 /* Debug */,
				C05733CD08A9546B00998B17 /* Release */,
			);
			defaultConfigurationIsVisible = 0;
			defaultConfigurationName = Release;
		};
/* End XCConfigurationList section */
	};
	rootObject = 2A37F4A9FDCFA73011CA2CEA /* Project object */;
}
