// !$*UTF8*$!
{
	archiveVersion = 1;
	classes = {
	};
	objectVersion = 45;
	objects = {

/* Begin PBXBuildFile section */
		1DDD582C0DA1D0D100B32029 /* ElysiumDocument.xib in Resources */ = {isa = PBXBuildFile; fileRef = 1DDD58280DA1D0D100B32029 /* ElysiumDocument.xib */; };
		1DDD582D0DA1D0D100B32029 /* MainMenu.xib in Resources */ = {isa = PBXBuildFile; fileRef = 1DDD582A0DA1D0D100B32029 /* MainMenu.xib */; };
		8D15AC2C0486D014006FF6A4 /* Credits.rtf in Resources */ = {isa = PBXBuildFile; fileRef = 2A37F4B9FDCFA73011CA2CEA /* Credits.rtf */; };
		8D15AC2F0486D014006FF6A4 /* InfoPlist.strings in Resources */ = {isa = PBXBuildFile; fileRef = 089C165FFE840EACC02AAC07 /* InfoPlist.strings */; };
		8D15AC320486D014006FF6A4 /* main.m in Sources */ = {isa = PBXBuildFile; fileRef = 2A37F4B0FDCFA73011CA2CEA /* main.m */; settings = {ATTRIBUTES = (); }; };
		8D15AC340486D014006FF6A4 /* Cocoa.framework in Frameworks */ = {isa = PBXBuildFile; fileRef = 1058C7A7FEA54F5311CA2CBB /* Cocoa.framework */; };
		C905E00E0E733C2A00C39302 /* hexdrag.pdf in Resources */ = {isa = PBXBuildFile; fileRef = C905E00D0E733C2A00C39302 /* hexdrag.pdf */; };
		C9095EB50E743C7800D68496 /* ELMIDIMessage.m in Sources */ = {isa = PBXBuildFile; fileRef = C9095EB40E743C7800D68496 /* ELMIDIMessage.m */; };
		C92128BB0E7296E100D4D096 /* LayerManager.xib in Resources */ = {isa = PBXBuildFile; fileRef = C92128BA0E7296E100D4D096 /* LayerManager.xib */; };
		C92128BF0E7298C800D4D096 /* ELLayerManagerWindowController.m in Sources */ = {isa = PBXBuildFile; fileRef = C92128BE0E7298C800D4D096 /* ELLayerManagerWindowController.m */; };
		C92ACD6A0E3892F5009CF61B /* Inspector.xib in Resources */ = {isa = PBXBuildFile; fileRef = C92ACD690E3892F5009CF61B /* Inspector.xib */; };
		C92EDDB60E353EDD00017DFE /* CoreAudio.framework in Frameworks */ = {isa = PBXBuildFile; fileRef = C92EDDB50E353EDD00017DFE /* CoreAudio.framework */; };
		C93D54AE0E61F1250077C448 /* PYMIDI.h in Headers */ = {isa = PBXBuildFile; fileRef = C93D54970E61F1250077C448 /* PYMIDI.h */; settings = {ATTRIBUTES = (Public, ); }; };
		C93D54AF0E61F1250077C448 /* PYMIDIEndpoint.h in Headers */ = {isa = PBXBuildFile; fileRef = C93D54980E61F1250077C448 /* PYMIDIEndpoint.h */; settings = {ATTRIBUTES = (Public, ); }; };
		C93D54B00E61F1250077C448 /* PYMIDIEndpoint.m in Sources */ = {isa = PBXBuildFile; fileRef = C93D54990E61F1250077C448 /* PYMIDIEndpoint.m */; };
		C93D54B10E61F1250077C448 /* PYMIDIEndpointDescriptor.h in Headers */ = {isa = PBXBuildFile; fileRef = C93D549A0E61F1250077C448 /* PYMIDIEndpointDescriptor.h */; settings = {ATTRIBUTES = (Public, ); }; };
		C93D54B20E61F1250077C448 /* PYMIDIEndpointDescriptor.m in Sources */ = {isa = PBXBuildFile; fileRef = C93D549B0E61F1250077C448 /* PYMIDIEndpointDescriptor.m */; };
		C93D54B30E61F1250077C448 /* PYMIDIEndpointSet.h in Headers */ = {isa = PBXBuildFile; fileRef = C93D549C0E61F1250077C448 /* PYMIDIEndpointSet.h */; settings = {ATTRIBUTES = (Public, ); }; };
		C93D54B40E61F1250077C448 /* PYMIDIEndpointSet.m in Sources */ = {isa = PBXBuildFile; fileRef = C93D549D0E61F1250077C448 /* PYMIDIEndpointSet.m */; };
		C93D54B50E61F1250077C448 /* PYMIDIManager.h in Headers */ = {isa = PBXBuildFile; fileRef = C93D549E0E61F1250077C448 /* PYMIDIManager.h */; settings = {ATTRIBUTES = (Public, ); }; };
		C93D54B60E61F1250077C448 /* PYMIDIManager.m in Sources */ = {isa = PBXBuildFile; fileRef = C93D549F0E61F1250077C448 /* PYMIDIManager.m */; };
		C93D54B70E61F1250077C448 /* PYMIDIRealDestination.h in Headers */ = {isa = PBXBuildFile; fileRef = C93D54A00E61F1250077C448 /* PYMIDIRealDestination.h */; settings = {ATTRIBUTES = (Public, ); }; };
		C93D54B80E61F1250077C448 /* PYMIDIRealDestination.m in Sources */ = {isa = PBXBuildFile; fileRef = C93D54A10E61F1250077C448 /* PYMIDIRealDestination.m */; };
		C93D54B90E61F1250077C448 /* PYMIDIRealEndpoint.h in Headers */ = {isa = PBXBuildFile; fileRef = C93D54A20E61F1250077C448 /* PYMIDIRealEndpoint.h */; settings = {ATTRIBUTES = (Public, ); }; };
		C93D54BA0E61F1250077C448 /* PYMIDIRealEndpoint.m in Sources */ = {isa = PBXBuildFile; fileRef = C93D54A30E61F1250077C448 /* PYMIDIRealEndpoint.m */; };
		C93D54BB0E61F1250077C448 /* PYMIDIRealSource.h in Headers */ = {isa = PBXBuildFile; fileRef = C93D54A40E61F1250077C448 /* PYMIDIRealSource.h */; settings = {ATTRIBUTES = (Public, ); }; };
		C93D54BC0E61F1250077C448 /* PYMIDIRealSource.m in Sources */ = {isa = PBXBuildFile; fileRef = C93D54A50E61F1250077C448 /* PYMIDIRealSource.m */; };
		C93D54BD0E61F1250077C448 /* PYMIDIUtils.h in Headers */ = {isa = PBXBuildFile; fileRef = C93D54A60E61F1250077C448 /* PYMIDIUtils.h */; settings = {ATTRIBUTES = (Public, ); }; };
		C93D54BE0E61F1250077C448 /* PYMIDIUtils.m in Sources */ = {isa = PBXBuildFile; fileRef = C93D54A70E61F1250077C448 /* PYMIDIUtils.m */; };
		C93D54BF0E61F1250077C448 /* PYMIDIVirtualDestination.h in Headers */ = {isa = PBXBuildFile; fileRef = C93D54A80E61F1250077C448 /* PYMIDIVirtualDestination.h */; settings = {ATTRIBUTES = (Public, ); }; };
		C93D54C00E61F1250077C448 /* PYMIDIVirtualDestination.m in Sources */ = {isa = PBXBuildFile; fileRef = C93D54A90E61F1250077C448 /* PYMIDIVirtualDestination.m */; };
		C93D54C10E61F1250077C448 /* PYMIDIVirtualEndpoint.h in Headers */ = {isa = PBXBuildFile; fileRef = C93D54AA0E61F1250077C448 /* PYMIDIVirtualEndpoint.h */; settings = {ATTRIBUTES = (Public, ); }; };
		C93D54C20E61F1250077C448 /* PYMIDIVirtualEndpoint.m in Sources */ = {isa = PBXBuildFile; fileRef = C93D54AB0E61F1250077C448 /* PYMIDIVirtualEndpoint.m */; };
		C93D54C30E61F1250077C448 /* PYMIDIVirtualSource.h in Headers */ = {isa = PBXBuildFile; fileRef = C93D54AC0E61F1250077C448 /* PYMIDIVirtualSource.h */; settings = {ATTRIBUTES = (Public, ); }; };
		C93D54C40E61F1250077C448 /* PYMIDIVirtualSource.m in Sources */ = {isa = PBXBuildFile; fileRef = C93D54AD0E61F1250077C448 /* PYMIDIVirtualSource.m */; };
		C93D54D40E61F1880077C448 /* PYMIDI.framework in CopyFiles */ = {isa = PBXBuildFile; fileRef = C93D54910E61F0E80077C448 /* PYMIDI.framework */; };
		C93D54EF0E620AFF0077C448 /* CoreMIDI.framework in Frameworks */ = {isa = PBXBuildFile; fileRef = C9E43D5C0E33C1A900C4D343 /* CoreMIDI.framework */; };
		C93D55010E6212D00077C448 /* PYMIDI.framework in Frameworks */ = {isa = PBXBuildFile; fileRef = C93D54910E61F0E80077C448 /* PYMIDI.framework */; };
		C93D553F0E62CC170077C448 /* ELData.h in Headers */ = {isa = PBXBuildFile; fileRef = C93D553E0E62CC170077C448 /* ELData.h */; };
		C93D55FA0E6411590077C448 /* Palette.xib in Resources */ = {isa = PBXBuildFile; fileRef = C93D55F80E6411520077C448 /* Palette.xib */; };
		C93D56000E64118E0077C448 /* ELPaletteController.m in Sources */ = {isa = PBXBuildFile; fileRef = C93D55FD0E64117C0077C448 /* ELPaletteController.m */; };
		C94610AB0E7C156F001CA9B0 /* ELKnob.m in Sources */ = {isa = PBXBuildFile; fileRef = C94610AA0E7C156F001CA9B0 /* ELKnob.m */; };
		C94610AE0E7C157A001CA9B0 /* ELFloatKnob.m in Sources */ = {isa = PBXBuildFile; fileRef = C94610AD0E7C157A001CA9B0 /* ELFloatKnob.m */; };
		C94610B10E7C1584001CA9B0 /* ELIntegerKnob.m in Sources */ = {isa = PBXBuildFile; fileRef = C94610B00E7C1584001CA9B0 /* ELIntegerKnob.m */; };
		C94610B40E7C158B001CA9B0 /* ELBooleanKnob.m in Sources */ = {isa = PBXBuildFile; fileRef = C94610B30E7C158B001CA9B0 /* ELBooleanKnob.m */; };
		C95A630A0E50E7F900CBF555 /* HexStartInspector.xib in Resources */ = {isa = PBXBuildFile; fileRef = C95A63090E50E7F900CBF555 /* HexStartInspector.xib */; };
		C95A63350E50F5A700CBF555 /* ELHexStartInspectorPlugin.m in Sources */ = {isa = PBXBuildFile; fileRef = C95A63340E50F5A700CBF555 /* ELHexStartInspectorPlugin.m */; };
		C96311610E5057CD008BF9AB /* StackedListView.framework in CopyFiles */ = {isa = PBXBuildFile; fileRef = C97FEC860E4F5FB2008F309B /* StackedListView.framework */; };
		C96A679D0E6B32F800A7C237 /* ELSurfaceView.m in Sources */ = {isa = PBXBuildFile; fileRef = C96A679A0E6B32F800A7C237 /* ELSurfaceView.m */; };
		C96A679E0E6B32F800A7C237 /* ElysiumController.m in Sources */ = {isa = PBXBuildFile; fileRef = C96A679C0E6B32F800A7C237 /* ElysiumController.m */; };
		C97FEB380E4E0D0B008F309B /* ELBeatTool.m in Sources */ = {isa = PBXBuildFile; fileRef = C97FEB040E4E0490008F309B /* ELBeatTool.m */; };
		C97FEB390E4E0D0B008F309B /* ELRicochetTool.m in Sources */ = {isa = PBXBuildFile; fileRef = C97FEB060E4E0490008F309B /* ELRicochetTool.m */; };
		C97FEB3A0E4E0D0B008F309B /* ELSplitterTool.m in Sources */ = {isa = PBXBuildFile; fileRef = C97FEB080E4E0490008F309B /* ELSplitterTool.m */; };
		C97FEB3B0E4E0D0B008F309B /* ELStartTool.m in Sources */ = {isa = PBXBuildFile; fileRef = C97FEB0A0E4E0490008F309B /* ELStartTool.m */; };
		C97FEB3C0E4E0D0B008F309B /* ELTool.m in Sources */ = {isa = PBXBuildFile; fileRef = C97FEB0C0E4E0490008F309B /* ELTool.m */; };
		C97FEB3D0E4E0D0B008F309B /* ELSinkTool.m in Sources */ = {isa = PBXBuildFile; fileRef = C97FEB180E4E04BB008F309B /* ELSinkTool.m */; };
		C97FEB3E0E4E0D0B008F309B /* ELRotorTool.m in Sources */ = {isa = PBXBuildFile; fileRef = C97FEB1C0E4E04C6008F309B /* ELRotorTool.m */; };
		C97FEBD60E4F071E008F309B /* ELMIDIController.m in Sources */ = {isa = PBXBuildFile; fileRef = C97FEBD30E4F071E008F309B /* ELMIDIController.m */; };
		C97FEBDB0E4F0754008F309B /* ELInspectorController.m in Sources */ = {isa = PBXBuildFile; fileRef = C97FEBDA0E4F0754008F309B /* ELInspectorController.m */; };
		C97FEBEB0E4F07A0008F309B /* ELHarmonicTable.m in Sources */ = {isa = PBXBuildFile; fileRef = C97FEBDE0E4F07A0008F309B /* ELHarmonicTable.m */; };
		C97FEBEC0E4F07A0008F309B /* ELHex.m in Sources */ = {isa = PBXBuildFile; fileRef = C97FEBE00E4F07A0008F309B /* ELHex.m */; };
		C97FEBED0E4F07A0008F309B /* ELLayer.m in Sources */ = {isa = PBXBuildFile; fileRef = C97FEBE20E4F07A0008F309B /* ELLayer.m */; };
		C97FEBEE0E4F07A0008F309B /* ELNote.m in Sources */ = {isa = PBXBuildFile; fileRef = C97FEBE40E4F07A0008F309B /* ELNote.m */; };
		C97FEBEF0E4F07A0008F309B /* ELPlayer.m in Sources */ = {isa = PBXBuildFile; fileRef = C97FEBE60E4F07A0008F309B /* ELPlayer.m */; };
		C97FEBF00E4F07A0008F309B /* ELPlayhead.m in Sources */ = {isa = PBXBuildFile; fileRef = C97FEBE80E4F07A0008F309B /* ELPlayhead.m */; };
		C97FEBF10E4F07A0008F309B /* ElysiumDocument.m in Sources */ = {isa = PBXBuildFile; fileRef = C97FEBEA0E4F07A0008F309B /* ElysiumDocument.m */; };
		C97FEC010E4F0B51008F309B /* ELHexInfoInspectorPlugin.m in Sources */ = {isa = PBXBuildFile; fileRef = C97FEC000E4F0B51008F309B /* ELHexInfoInspectorPlugin.m */; };
		C97FEC080E4F2870008F309B /* HexInfoInspector.xib in Resources */ = {isa = PBXBuildFile; fileRef = C97FEC070E4F2870008F309B /* HexInfoInspector.xib */; };
		C97FEC5D0E4F2DEE008F309B /* ELInspectorPane.m in Sources */ = {isa = PBXBuildFile; fileRef = C97FEC5C0E4F2DEE008F309B /* ELInspectorPane.m */; };
		C97FEC950E4F6042008F309B /* sectionheader.gif in Resources */ = {isa = PBXBuildFile; fileRef = C97FEC8C0E4F6042008F309B /* sectionheader.gif */; };
		C97FEC960E4F6042008F309B /* PACollapsibleSectionBox.h in Headers */ = {isa = PBXBuildFile; fileRef = C97FEC8D0E4F6042008F309B /* PACollapsibleSectionBox.h */; settings = {ATTRIBUTES = (Public, ); }; };
		C97FEC970E4F6042008F309B /* PACollapsibleSectionBox.m in Sources */ = {isa = PBXBuildFile; fileRef = C97FEC8E0E4F6042008F309B /* PACollapsibleSectionBox.m */; };
		C97FEC980E4F6042008F309B /* PAFunkyBox.h in Headers */ = {isa = PBXBuildFile; fileRef = C97FEC8F0E4F6042008F309B /* PAFunkyBox.h */; settings = {ATTRIBUTES = (Public, ); }; };
		C97FEC990E4F6042008F309B /* PAFunkyBox.m in Sources */ = {isa = PBXBuildFile; fileRef = C97FEC900E4F6042008F309B /* PAFunkyBox.m */; };
		C97FEC9A0E4F6042008F309B /* PASectionHeaderView.h in Headers */ = {isa = PBXBuildFile; fileRef = C97FEC910E4F6042008F309B /* PASectionHeaderView.h */; settings = {ATTRIBUTES = (Public, ); }; };
		C97FEC9B0E4F6042008F309B /* PASectionHeaderView.m in Sources */ = {isa = PBXBuildFile; fileRef = C97FEC920E4F6042008F309B /* PASectionHeaderView.m */; };
		C97FEC9C0E4F6042008F309B /* PAStackedListView.h in Headers */ = {isa = PBXBuildFile; fileRef = C97FEC930E4F6042008F309B /* PAStackedListView.h */; settings = {ATTRIBUTES = (Public, ); }; };
		C97FEC9D0E4F6042008F309B /* PAStackedListView.m in Sources */ = {isa = PBXBuildFile; fileRef = C97FEC940E4F6042008F309B /* PAStackedListView.m */; };
		C97FEC9F0E4F6060008F309B /* StackedListView.framework in Frameworks */ = {isa = PBXBuildFile; fileRef = C97FEC860E4F5FB2008F309B /* StackedListView.framework */; };
		C9874C0A0E429F6B0068E7BF /* HoneycombView.framework in Frameworks */ = {isa = PBXBuildFile; fileRef = C9874BFA0E429EF90068E7BF /* HoneycombView.framework */; };
		C9874C280E42A1A10068E7BF /* HoneycombView.h in Headers */ = {isa = PBXBuildFile; fileRef = C9874C200E42A1A10068E7BF /* HoneycombView.h */; settings = {ATTRIBUTES = (Public, ); }; };
		C9874C290E42A1A10068E7BF /* LMHexCell.h in Headers */ = {isa = PBXBuildFile; fileRef = C9874C210E42A1A10068E7BF /* LMHexCell.h */; settings = {ATTRIBUTES = (Public, ); }; };
		C9874C2A0E42A1A10068E7BF /* LMHexCell.m in Sources */ = {isa = PBXBuildFile; fileRef = C9874C220E42A1A10068E7BF /* LMHexCell.m */; };
		C9874C2B0E42A1A10068E7BF /* LMHoneycombMatrix.h in Headers */ = {isa = PBXBuildFile; fileRef = C9874C230E42A1A10068E7BF /* LMHoneycombMatrix.h */; settings = {ATTRIBUTES = (Public, ); }; };
		C9874C2C0E42A1A10068E7BF /* LMHoneycombView.h in Headers */ = {isa = PBXBuildFile; fileRef = C9874C240E42A1A10068E7BF /* LMHoneycombView.h */; settings = {ATTRIBUTES = (Public, ); }; };
		C9874C2D0E42A1A10068E7BF /* LMHoneycombView.m in Sources */ = {isa = PBXBuildFile; fileRef = C9874C250E42A1A10068E7BF /* LMHoneycombView.m */; };
		C9874C2E0E42A1A10068E7BF /* LMRegularPolygon.h in Headers */ = {isa = PBXBuildFile; fileRef = C9874C260E42A1A10068E7BF /* LMRegularPolygon.h */; settings = {ATTRIBUTES = (); }; };
		C9874C2F0E42A1A10068E7BF /* LMRegularPolygon.m in Sources */ = {isa = PBXBuildFile; fileRef = C9874C270E42A1A10068E7BF /* LMRegularPolygon.m */; };
		C9874C3B0E42A2280068E7BF /* HoneycombView.framework in CopyFiles */ = {isa = PBXBuildFile; fileRef = C9874BFA0E429EF90068E7BF /* HoneycombView.framework */; };
		C9A528490E7864BB0040E203 /* ELOscillator.m in Sources */ = {isa = PBXBuildFile; fileRef = C9A528460E7864BB0040E203 /* ELOscillator.m */; };
		C9A5284A0E7864BB0040E203 /* ELSinusoidalOscillator.m in Sources */ = {isa = PBXBuildFile; fileRef = C9A528480E7864BB0040E203 /* ELSinusoidalOscillator.m */; };
		C9B88E420E64A60C00FA411E /* start.pdf in Resources */ = {isa = PBXBuildFile; fileRef = C9B88E410E64A60C00FA411E /* start.pdf */; };
		C9BB9DDA0E71E4D60088561D /* ELLayerWindowController.m in Sources */ = {isa = PBXBuildFile; fileRef = C9BB9DD90E71E4D60088561D /* ELLayerWindowController.m */; };
		C9BB9DEA0E71EC3D0088561D /* LayerWindow.xib in Resources */ = {isa = PBXBuildFile; fileRef = C9BB9DE90E71EC3D0088561D /* LayerWindow.xib */; };
		C9D036090E7082B8005AC915 /* LayerInspector.xib in Resources */ = {isa = PBXBuildFile; fileRef = C9D036080E7082B8005AC915 /* LayerInspector.xib */; };
		C9D0360C0E7082C5005AC915 /* ELLayerInspectorPane.m in Sources */ = {isa = PBXBuildFile; fileRef = C9D0360B0E7082C5005AC915 /* ELLayerInspectorPane.m */; };
		C9D036340E708EDD005AC915 /* HexSinkInspector.xib in Resources */ = {isa = PBXBuildFile; fileRef = C9D036330E708EDD005AC915 /* HexSinkInspector.xib */; };
		C9D036360E708EE8005AC915 /* HexSplitterInspector.xib in Resources */ = {isa = PBXBuildFile; fileRef = C9D036350E708EE8005AC915 /* HexSplitterInspector.xib */; };
		C9D036380E708EF2005AC915 /* HexRotorInspector.xib in Resources */ = {isa = PBXBuildFile; fileRef = C9D036370E708EF2005AC915 /* HexRotorInspector.xib */; };
		C9D0363B0E708F04005AC915 /* ELHexRotorInspectorPane.m in Sources */ = {isa = PBXBuildFile; fileRef = C9D0363A0E708F04005AC915 /* ELHexRotorInspectorPane.m */; };
		C9D0363E0E708F11005AC915 /* ELHexSplitterInspectorPane.m in Sources */ = {isa = PBXBuildFile; fileRef = C9D0363D0E708F11005AC915 /* ELHexSplitterInspectorPane.m */; };
		C9D036410E708F1E005AC915 /* ELHexSinkInspectorPane.m in Sources */ = {isa = PBXBuildFile; fileRef = C9D036400E708F1E005AC915 /* ELHexSinkInspectorPane.m */; };
		C9D075560E6F350C00B91F7D /* ELPlayerInspectorPane.m in Sources */ = {isa = PBXBuildFile; fileRef = C9D075550E6F350C00B91F7D /* ELPlayerInspectorPane.m */; };
		C9D075590E6F355F00B91F7D /* PlayerInspector.xib in Resources */ = {isa = PBXBuildFile; fileRef = C9D075580E6F355F00B91F7D /* PlayerInspector.xib */; };
		C9E43D5D0E33C1A900C4D343 /* CoreMIDI.framework in Frameworks */ = {isa = PBXBuildFile; fileRef = C9E43D5C0E33C1A900C4D343 /* CoreMIDI.framework */; };
		C9E43D5F0E33C27100C4D343 /* Sparkle.framework in Frameworks */ = {isa = PBXBuildFile; fileRef = C9E43D5E0E33C27100C4D343 /* Sparkle.framework */; };
		C9E43D660E33C2C300C4D343 /* Sparkle.framework in CopyFiles */ = {isa = PBXBuildFile; fileRef = C9E43D5E0E33C27100C4D343 /* Sparkle.framework */; };
		C9E8D8F70E687F2A005AD9B7 /* ELToolView.m in Sources */ = {isa = PBXBuildFile; fileRef = C9E8D8F60E687F2A005AD9B7 /* ELToolView.m */; };
		C9E8D93A0E68B8AF005AD9B7 /* play.pdf in Resources */ = {isa = PBXBuildFile; fileRef = C9E8D9360E68B8AF005AD9B7 /* play.pdf */; };
		C9E8D93B0E68B8AF005AD9B7 /* ricochet.pdf in Resources */ = {isa = PBXBuildFile; fileRef = C9E8D9370E68B8AF005AD9B7 /* ricochet.pdf */; };
		C9E8D93C0E68B8AF005AD9B7 /* rotor.pdf in Resources */ = {isa = PBXBuildFile; fileRef = C9E8D9380E68B8AF005AD9B7 /* rotor.pdf */; };
		C9E8D93D0E68B8AF005AD9B7 /* sink.pdf in Resources */ = {isa = PBXBuildFile; fileRef = C9E8D9390E68B8AF005AD9B7 /* sink.pdf */; };
		C9E8D93F0E68B95D005AD9B7 /* splitter.pdf in Resources */ = {isa = PBXBuildFile; fileRef = C9E8D93E0E68B95D005AD9B7 /* splitter.pdf */; };
		C9E8D9600E693A88005AD9B7 /* README.markdown in Resources */ = {isa = PBXBuildFile; fileRef = C9E8D95F0E693A88005AD9B7 /* README.markdown */; };
		C9E8D9620E693BA5005AD9B7 /* INSTALL.markdown in Resources */ = {isa = PBXBuildFile; fileRef = C9E8D9610E693BA5005AD9B7 /* INSTALL.markdown */; };
		C9E8D9CC0E699834005AD9B7 /* HexBeatInspector.xib in Resources */ = {isa = PBXBuildFile; fileRef = C9E8D9CB0E699834005AD9B7 /* HexBeatInspector.xib */; };
		C9E8D9D10E699A0F005AD9B7 /* ELHexBeatInspectorPane.m in Sources */ = {isa = PBXBuildFile; fileRef = C9E8D9D00E699A0F005AD9B7 /* ELHexBeatInspectorPane.m */; };
		C9E8DA010E69A0BD005AD9B7 /* HexRicochetInspector.xib in Resources */ = {isa = PBXBuildFile; fileRef = C9E8DA000E69A0BD005AD9B7 /* HexRicochetInspector.xib */; };
		C9E8DA040E69A0C9005AD9B7 /* ELHexRicochetInspectorPane.m in Sources */ = {isa = PBXBuildFile; fileRef = C9E8DA030E69A0C9005AD9B7 /* ELHexRicochetInspectorPane.m */; };
/* End PBXBuildFile section */

/* Begin PBXContainerItemProxy section */
		C93D54D60E61F1970077C448 /* PBXContainerItemProxy */ = {
			isa = PBXContainerItemProxy;
			containerPortal = 2A37F4A9FDCFA73011CA2CEA /* Project object */;
			proxyType = 1;
			remoteGlobalIDString = C93D54900E61F0E80077C448;
			remoteInfo = PYMIDI;
		};
		C963116F0E50587A008BF9AB /* PBXContainerItemProxy */ = {
			isa = PBXContainerItemProxy;
			containerPortal = 2A37F4A9FDCFA73011CA2CEA /* Project object */;
			proxyType = 1;
			remoteGlobalIDString = C97FEC850E4F5FB2008F309B;
			remoteInfo = StackedListView;
		};
		C9874C3C0E42A2460068E7BF /* PBXContainerItemProxy */ = {
			isa = PBXContainerItemProxy;
			containerPortal = 2A37F4A9FDCFA73011CA2CEA /* Project object */;
			proxyType = 1;
			remoteGlobalIDString = C9874BF90E429EF90068E7BF;
			remoteInfo = HoneycombView;
		};
/* End PBXContainerItemProxy section */

/* Begin PBXCopyFilesBuildPhase section */
		C9E43D630E33C29F00C4D343 /* CopyFiles */ = {
			isa = PBXCopyFilesBuildPhase;
			buildActionMask = 2147483647;
			dstPath = "";
			dstSubfolderSpec = 10;
			files = (
				C93D54D40E61F1880077C448 /* PYMIDI.framework in CopyFiles */,
				C96311610E5057CD008BF9AB /* StackedListView.framework in CopyFiles */,
				C9874C3B0E42A2280068E7BF /* HoneycombView.framework in CopyFiles */,
				C9E43D660E33C2C300C4D343 /* Sparkle.framework in CopyFiles */,
			);
			runOnlyForDeploymentPostprocessing = 0;
		};
/* End PBXCopyFilesBuildPhase section */

/* Begin PBXFileReference section */
		089C1660FE840EACC02AAC07 /* English */ = {isa = PBXFileReference; fileEncoding = 10; lastKnownFileType = text.plist.strings; name = English; path = English.lproj/InfoPlist.strings; sourceTree = "<group>"; };
		1058C7A7FEA54F5311CA2CBB /* Cocoa.framework */ = {isa = PBXFileReference; lastKnownFileType = wrapper.framework; name = Cocoa.framework; path = /System/Library/Frameworks/Cocoa.framework; sourceTree = "<absolute>"; };
		13E42FBA07B3F13500E4EEF1 /* CoreData.framework */ = {isa = PBXFileReference; lastKnownFileType = wrapper.framework; name = CoreData.framework; path = /System/Library/Frameworks/CoreData.framework; sourceTree = "<absolute>"; };
		1DDD58290DA1D0D100B32029 /* English */ = {isa = PBXFileReference; lastKnownFileType = file.xib; name = English; path = English.lproj/ElysiumDocument.xib; sourceTree = "<group>"; };
		1DDD582B0DA1D0D100B32029 /* English */ = {isa = PBXFileReference; lastKnownFileType = file.xib; name = English; path = English.lproj/MainMenu.xib; sourceTree = "<group>"; };
		2A37F4B0FDCFA73011CA2CEA /* main.m */ = {isa = PBXFileReference; fileEncoding = 4; lastKnownFileType = sourcecode.c.objc; path = main.m; sourceTree = "<group>"; };
		2A37F4BAFDCFA73011CA2CEA /* English */ = {isa = PBXFileReference; lastKnownFileType = text.rtf; name = English; path = English.lproj/Credits.rtf; sourceTree = "<group>"; };
		2A37F4C4FDCFA73011CA2CEA /* AppKit.framework */ = {isa = PBXFileReference; lastKnownFileType = wrapper.framework; name = AppKit.framework; path = /System/Library/Frameworks/AppKit.framework; sourceTree = "<absolute>"; };
		2A37F4C5FDCFA73011CA2CEA /* Foundation.framework */ = {isa = PBXFileReference; lastKnownFileType = wrapper.framework; name = Foundation.framework; path = /System/Library/Frameworks/Foundation.framework; sourceTree = "<absolute>"; };
		32DBCF750370BD2300C91783 /* Elysium_Prefix.pch */ = {isa = PBXFileReference; fileEncoding = 4; lastKnownFileType = sourcecode.c.h; path = Elysium_Prefix.pch; sourceTree = "<group>"; };
		8D15AC360486D014006FF6A4 /* Info.plist */ = {isa = PBXFileReference; fileEncoding = 4; lastKnownFileType = text.plist.xml; path = Info.plist; sourceTree = "<group>"; };
		8D15AC370486D014006FF6A4 /* Elysium.app */ = {isa = PBXFileReference; explicitFileType = wrapper.application; includeInIndex = 0; path = Elysium.app; sourceTree = BUILT_PRODUCTS_DIR; };
		C905E00D0E733C2A00C39302 /* hexdrag.pdf */ = {isa = PBXFileReference; lastKnownFileType = image.pdf; path = hexdrag.pdf; sourceTree = "<group>"; };
		C9095EB30E743C7800D68496 /* ELMIDIMessage.h */ = {isa = PBXFileReference; fileEncoding = 4; lastKnownFileType = sourcecode.c.h; path = ELMIDIMessage.h; sourceTree = "<group>"; };
		C9095EB40E743C7800D68496 /* ELMIDIMessage.m */ = {isa = PBXFileReference; fileEncoding = 4; lastKnownFileType = sourcecode.c.objc; path = ELMIDIMessage.m; sourceTree = "<group>"; };
		C91C77A80E7E7AA000C4F78A /* ELXmlData.h */ = {isa = PBXFileReference; fileEncoding = 4; lastKnownFileType = sourcecode.c.h; path = ELXmlData.h; sourceTree = "<group>"; };
		C92128BA0E7296E100D4D096 /* LayerManager.xib */ = {isa = PBXFileReference; lastKnownFileType = file.xib; path = LayerManager.xib; sourceTree = "<group>"; };
		C92128BD0E7298C800D4D096 /* ELLayerManagerWindowController.h */ = {isa = PBXFileReference; fileEncoding = 4; lastKnownFileType = sourcecode.c.h; path = ELLayerManagerWindowController.h; sourceTree = "<group>"; };
		C92128BE0E7298C800D4D096 /* ELLayerManagerWindowController.m */ = {isa = PBXFileReference; fileEncoding = 4; lastKnownFileType = sourcecode.c.objc; path = ELLayerManagerWindowController.m; sourceTree = "<group>"; };
		C92ACD690E3892F5009CF61B /* Inspector.xib */ = {isa = PBXFileReference; lastKnownFileType = file.xib; name = Inspector.xib; path = ../../Inspector.xib; sourceTree = "<group>"; };
		C92EDDB50E353EDD00017DFE /* CoreAudio.framework */ = {isa = PBXFileReference; lastKnownFileType = wrapper.framework; name = CoreAudio.framework; path = /System/Library/Frameworks/CoreAudio.framework; sourceTree = "<absolute>"; };
		C93D54910E61F0E80077C448 /* PYMIDI.framework */ = {isa = PBXFileReference; explicitFileType = wrapper.framework; includeInIndex = 0; path = PYMIDI.framework; sourceTree = BUILT_PRODUCTS_DIR; };
		C93D54920E61F0E80077C448 /* PYMIDI-Info.plist */ = {isa = PBXFileReference; lastKnownFileType = text.plist.xml; path = "PYMIDI-Info.plist"; sourceTree = "<group>"; };
		C93D54970E61F1250077C448 /* PYMIDI.h */ = {isa = PBXFileReference; fileEncoding = 4; lastKnownFileType = sourcecode.c.h; path = PYMIDI.h; sourceTree = "<group>"; };
		C93D54980E61F1250077C448 /* PYMIDIEndpoint.h */ = {isa = PBXFileReference; fileEncoding = 4; lastKnownFileType = sourcecode.c.h; path = PYMIDIEndpoint.h; sourceTree = "<group>"; };
		C93D54990E61F1250077C448 /* PYMIDIEndpoint.m */ = {isa = PBXFileReference; fileEncoding = 4; lastKnownFileType = sourcecode.c.objc; path = PYMIDIEndpoint.m; sourceTree = "<group>"; };
		C93D549A0E61F1250077C448 /* PYMIDIEndpointDescriptor.h */ = {isa = PBXFileReference; fileEncoding = 4; lastKnownFileType = sourcecode.c.h; path = PYMIDIEndpointDescriptor.h; sourceTree = "<group>"; };
		C93D549B0E61F1250077C448 /* PYMIDIEndpointDescriptor.m */ = {isa = PBXFileReference; fileEncoding = 4; lastKnownFileType = sourcecode.c.objc; path = PYMIDIEndpointDescriptor.m; sourceTree = "<group>"; };
		C93D549C0E61F1250077C448 /* PYMIDIEndpointSet.h */ = {isa = PBXFileReference; fileEncoding = 4; lastKnownFileType = sourcecode.c.h; path = PYMIDIEndpointSet.h; sourceTree = "<group>"; };
		C93D549D0E61F1250077C448 /* PYMIDIEndpointSet.m */ = {isa = PBXFileReference; fileEncoding = 4; lastKnownFileType = sourcecode.c.objc; path = PYMIDIEndpointSet.m; sourceTree = "<group>"; };
		C93D549E0E61F1250077C448 /* PYMIDIManager.h */ = {isa = PBXFileReference; fileEncoding = 4; lastKnownFileType = sourcecode.c.h; path = PYMIDIManager.h; sourceTree = "<group>"; };
		C93D549F0E61F1250077C448 /* PYMIDIManager.m */ = {isa = PBXFileReference; fileEncoding = 4; lastKnownFileType = sourcecode.c.objc; path = PYMIDIManager.m; sourceTree = "<group>"; };
		C93D54A00E61F1250077C448 /* PYMIDIRealDestination.h */ = {isa = PBXFileReference; fileEncoding = 4; lastKnownFileType = sourcecode.c.h; path = PYMIDIRealDestination.h; sourceTree = "<group>"; };
		C93D54A10E61F1250077C448 /* PYMIDIRealDestination.m */ = {isa = PBXFileReference; fileEncoding = 4; lastKnownFileType = sourcecode.c.objc; path = PYMIDIRealDestination.m; sourceTree = "<group>"; };
		C93D54A20E61F1250077C448 /* PYMIDIRealEndpoint.h */ = {isa = PBXFileReference; fileEncoding = 4; lastKnownFileType = sourcecode.c.h; path = PYMIDIRealEndpoint.h; sourceTree = "<group>"; };
		C93D54A30E61F1250077C448 /* PYMIDIRealEndpoint.m */ = {isa = PBXFileReference; fileEncoding = 4; lastKnownFileType = sourcecode.c.objc; path = PYMIDIRealEndpoint.m; sourceTree = "<group>"; };
		C93D54A40E61F1250077C448 /* PYMIDIRealSource.h */ = {isa = PBXFileReference; fileEncoding = 4; lastKnownFileType = sourcecode.c.h; path = PYMIDIRealSource.h; sourceTree = "<group>"; };
		C93D54A50E61F1250077C448 /* PYMIDIRealSource.m */ = {isa = PBXFileReference; fileEncoding = 4; lastKnownFileType = sourcecode.c.objc; path = PYMIDIRealSource.m; sourceTree = "<group>"; };
		C93D54A60E61F1250077C448 /* PYMIDIUtils.h */ = {isa = PBXFileReference; fileEncoding = 4; lastKnownFileType = sourcecode.c.h; path = PYMIDIUtils.h; sourceTree = "<group>"; };
		C93D54A70E61F1250077C448 /* PYMIDIUtils.m */ = {isa = PBXFileReference; fileEncoding = 4; lastKnownFileType = sourcecode.c.objc; path = PYMIDIUtils.m; sourceTree = "<group>"; };
		C93D54A80E61F1250077C448 /* PYMIDIVirtualDestination.h */ = {isa = PBXFileReference; fileEncoding = 4; lastKnownFileType = sourcecode.c.h; path = PYMIDIVirtualDestination.h; sourceTree = "<group>"; };
		C93D54A90E61F1250077C448 /* PYMIDIVirtualDestination.m */ = {isa = PBXFileReference; fileEncoding = 4; lastKnownFileType = sourcecode.c.objc; path = PYMIDIVirtualDestination.m; sourceTree = "<group>"; };
		C93D54AA0E61F1250077C448 /* PYMIDIVirtualEndpoint.h */ = {isa = PBXFileReference; fileEncoding = 4; lastKnownFileType = sourcecode.c.h; path = PYMIDIVirtualEndpoint.h; sourceTree = "<group>"; };
		C93D54AB0E61F1250077C448 /* PYMIDIVirtualEndpoint.m */ = {isa = PBXFileReference; fileEncoding = 4; lastKnownFileType = sourcecode.c.objc; path = PYMIDIVirtualEndpoint.m; sourceTree = "<group>"; };
		C93D54AC0E61F1250077C448 /* PYMIDIVirtualSource.h */ = {isa = PBXFileReference; fileEncoding = 4; lastKnownFileType = sourcecode.c.h; path = PYMIDIVirtualSource.h; sourceTree = "<group>"; };
		C93D54AD0E61F1250077C448 /* PYMIDIVirtualSource.m */ = {isa = PBXFileReference; fileEncoding = 4; lastKnownFileType = sourcecode.c.objc; path = PYMIDIVirtualSource.m; sourceTree = "<group>"; };
		C93D553E0E62CC170077C448 /* ELData.h */ = {isa = PBXFileReference; fileEncoding = 4; lastKnownFileType = sourcecode.c.h; path = ELData.h; sourceTree = "<group>"; };
		C93D55F80E6411520077C448 /* Palette.xib */ = {isa = PBXFileReference; lastKnownFileType = file.xib; path = Palette.xib; sourceTree = "<group>"; };
		C93D55FC0E64117C0077C448 /* ELPaletteController.h */ = {isa = PBXFileReference; fileEncoding = 4; lastKnownFileType = sourcecode.c.h; path = ELPaletteController.h; sourceTree = "<group>"; };
		C93D55FD0E64117C0077C448 /* ELPaletteController.m */ = {isa = PBXFileReference; fileEncoding = 4; lastKnownFileType = sourcecode.c.objc; path = ELPaletteController.m; sourceTree = "<group>"; };
		C94610A90E7C156F001CA9B0 /* ELKnob.h */ = {isa = PBXFileReference; fileEncoding = 4; lastKnownFileType = sourcecode.c.h; path = ELKnob.h; sourceTree = "<group>"; };
		C94610AA0E7C156F001CA9B0 /* ELKnob.m */ = {isa = PBXFileReference; fileEncoding = 4; lastKnownFileType = sourcecode.c.objc; path = ELKnob.m; sourceTree = "<group>"; };
		C94610AC0E7C157A001CA9B0 /* ELFloatKnob.h */ = {isa = PBXFileReference; fileEncoding = 4; lastKnownFileType = sourcecode.c.h; path = ELFloatKnob.h; sourceTree = "<group>"; };
		C94610AD0E7C157A001CA9B0 /* ELFloatKnob.m */ = {isa = PBXFileReference; fileEncoding = 4; lastKnownFileType = sourcecode.c.objc; path = ELFloatKnob.m; sourceTree = "<group>"; };
		C94610AF0E7C1584001CA9B0 /* ELIntegerKnob.h */ = {isa = PBXFileReference; fileEncoding = 4; lastKnownFileType = sourcecode.c.h; path = ELIntegerKnob.h; sourceTree = "<group>"; };
		C94610B00E7C1584001CA9B0 /* ELIntegerKnob.m */ = {isa = PBXFileReference; fileEncoding = 4; lastKnownFileType = sourcecode.c.objc; path = ELIntegerKnob.m; sourceTree = "<group>"; };
		C94610B20E7C158B001CA9B0 /* ELBooleanKnob.h */ = {isa = PBXFileReference; fileEncoding = 4; lastKnownFileType = sourcecode.c.h; path = ELBooleanKnob.h; sourceTree = "<group>"; };
		C94610B30E7C158B001CA9B0 /* ELBooleanKnob.m */ = {isa = PBXFileReference; fileEncoding = 4; lastKnownFileType = sourcecode.c.objc; path = ELBooleanKnob.m; sourceTree = "<group>"; };
		C95A63090E50E7F900CBF555 /* HexStartInspector.xib */ = {isa = PBXFileReference; lastKnownFileType = file.xib; path = HexStartInspector.xib; sourceTree = "<group>"; };
		C95A63330E50F5A700CBF555 /* ELHexStartInspectorPlugin.h */ = {isa = PBXFileReference; fileEncoding = 4; lastKnownFileType = sourcecode.c.h; path = ELHexStartInspectorPlugin.h; sourceTree = "<group>"; };
		C95A63340E50F5A700CBF555 /* ELHexStartInspectorPlugin.m */ = {isa = PBXFileReference; fileEncoding = 4; lastKnownFileType = sourcecode.c.objc; path = ELHexStartInspectorPlugin.m; sourceTree = "<group>"; };
		C96A67990E6B32F800A7C237 /* ELSurfaceView.h */ = {isa = PBXFileReference; fileEncoding = 4; lastKnownFileType = sourcecode.c.h; path = ELSurfaceView.h; sourceTree = "<group>"; };
		C96A679A0E6B32F800A7C237 /* ELSurfaceView.m */ = {isa = PBXFileReference; fileEncoding = 4; lastKnownFileType = sourcecode.c.objc; path = ELSurfaceView.m; sourceTree = "<group>"; };
		C96A679B0E6B32F800A7C237 /* ElysiumController.h */ = {isa = PBXFileReference; fileEncoding = 4; lastKnownFileType = sourcecode.c.h; path = ElysiumController.h; sourceTree = "<group>"; };
		C96A679C0E6B32F800A7C237 /* ElysiumController.m */ = {isa = PBXFileReference; fileEncoding = 4; lastKnownFileType = sourcecode.c.objc; path = ElysiumController.m; sourceTree = "<group>"; };
		C97FEB030E4E0490008F309B /* ELBeatTool.h */ = {isa = PBXFileReference; fileEncoding = 4; lastKnownFileType = sourcecode.c.h; path = ELBeatTool.h; sourceTree = "<group>"; };
		C97FEB040E4E0490008F309B /* ELBeatTool.m */ = {isa = PBXFileReference; fileEncoding = 4; lastKnownFileType = sourcecode.c.objc; path = ELBeatTool.m; sourceTree = "<group>"; };
		C97FEB050E4E0490008F309B /* ELRicochetTool.h */ = {isa = PBXFileReference; fileEncoding = 4; lastKnownFileType = sourcecode.c.h; path = ELRicochetTool.h; sourceTree = "<group>"; };
		C97FEB060E4E0490008F309B /* ELRicochetTool.m */ = {isa = PBXFileReference; fileEncoding = 4; lastKnownFileType = sourcecode.c.objc; path = ELRicochetTool.m; sourceTree = "<group>"; };
		C97FEB070E4E0490008F309B /* ELSplitterTool.h */ = {isa = PBXFileReference; fileEncoding = 4; lastKnownFileType = sourcecode.c.h; path = ELSplitterTool.h; sourceTree = "<group>"; };
		C97FEB080E4E0490008F309B /* ELSplitterTool.m */ = {isa = PBXFileReference; fileEncoding = 4; lastKnownFileType = sourcecode.c.objc; path = ELSplitterTool.m; sourceTree = "<group>"; };
		C97FEB090E4E0490008F309B /* ELStartTool.h */ = {isa = PBXFileReference; fileEncoding = 4; lastKnownFileType = sourcecode.c.h; path = ELStartTool.h; sourceTree = "<group>"; };
		C97FEB0A0E4E0490008F309B /* ELStartTool.m */ = {isa = PBXFileReference; fileEncoding = 4; lastKnownFileType = sourcecode.c.objc; path = ELStartTool.m; sourceTree = "<group>"; };
		C97FEB0B0E4E0490008F309B /* ELTool.h */ = {isa = PBXFileReference; fileEncoding = 4; lastKnownFileType = sourcecode.c.h; path = ELTool.h; sourceTree = "<group>"; };
		C97FEB0C0E4E0490008F309B /* ELTool.m */ = {isa = PBXFileReference; fileEncoding = 4; lastKnownFileType = sourcecode.c.objc; path = ELTool.m; sourceTree = "<group>"; };
		C97FEB170E4E04BB008F309B /* ELSinkTool.h */ = {isa = PBXFileReference; fileEncoding = 4; lastKnownFileType = sourcecode.c.h; path = ELSinkTool.h; sourceTree = "<group>"; };
		C97FEB180E4E04BB008F309B /* ELSinkTool.m */ = {isa = PBXFileReference; fileEncoding = 4; lastKnownFileType = sourcecode.c.objc; path = ELSinkTool.m; sourceTree = "<group>"; };
		C97FEB1B0E4E04C6008F309B /* ELRotorTool.h */ = {isa = PBXFileReference; fileEncoding = 4; lastKnownFileType = sourcecode.c.h; path = ELRotorTool.h; sourceTree = "<group>"; };
		C97FEB1C0E4E04C6008F309B /* ELRotorTool.m */ = {isa = PBXFileReference; fileEncoding = 4; lastKnownFileType = sourcecode.c.objc; path = ELRotorTool.m; sourceTree = "<group>"; };
		C97FEBD20E4F071E008F309B /* ELMIDIController.h */ = {isa = PBXFileReference; fileEncoding = 4; lastKnownFileType = sourcecode.c.h; path = ELMIDIController.h; sourceTree = "<group>"; };
		C97FEBD30E4F071E008F309B /* ELMIDIController.m */ = {isa = PBXFileReference; fileEncoding = 4; lastKnownFileType = sourcecode.c.objc; path = ELMIDIController.m; sourceTree = "<group>"; };
		C97FEBD90E4F0754008F309B /* ELInspectorController.h */ = {isa = PBXFileReference; fileEncoding = 4; lastKnownFileType = sourcecode.c.h; path = ELInspectorController.h; sourceTree = "<group>"; };
		C97FEBDA0E4F0754008F309B /* ELInspectorController.m */ = {isa = PBXFileReference; fileEncoding = 4; lastKnownFileType = sourcecode.c.objc; path = ELInspectorController.m; sourceTree = "<group>"; };
		C97FEBDD0E4F07A0008F309B /* ELHarmonicTable.h */ = {isa = PBXFileReference; fileEncoding = 4; lastKnownFileType = sourcecode.c.h; path = ELHarmonicTable.h; sourceTree = "<group>"; };
		C97FEBDE0E4F07A0008F309B /* ELHarmonicTable.m */ = {isa = PBXFileReference; fileEncoding = 4; lastKnownFileType = sourcecode.c.objc; path = ELHarmonicTable.m; sourceTree = "<group>"; };
		C97FEBDF0E4F07A0008F309B /* ELHex.h */ = {isa = PBXFileReference; fileEncoding = 4; lastKnownFileType = sourcecode.c.h; path = ELHex.h; sourceTree = "<group>"; };
		C97FEBE00E4F07A0008F309B /* ELHex.m */ = {isa = PBXFileReference; fileEncoding = 4; lastKnownFileType = sourcecode.c.objc; path = ELHex.m; sourceTree = "<group>"; };
		C97FEBE10E4F07A0008F309B /* ELLayer.h */ = {isa = PBXFileReference; fileEncoding = 4; lastKnownFileType = sourcecode.c.h; path = ELLayer.h; sourceTree = "<group>"; };
		C97FEBE20E4F07A0008F309B /* ELLayer.m */ = {isa = PBXFileReference; fileEncoding = 4; lastKnownFileType = sourcecode.c.objc; path = ELLayer.m; sourceTree = "<group>"; };
		C97FEBE30E4F07A0008F309B /* ELNote.h */ = {isa = PBXFileReference; fileEncoding = 4; lastKnownFileType = sourcecode.c.h; path = ELNote.h; sourceTree = "<group>"; };
		C97FEBE40E4F07A0008F309B /* ELNote.m */ = {isa = PBXFileReference; fileEncoding = 4; lastKnownFileType = sourcecode.c.objc; path = ELNote.m; sourceTree = "<group>"; };
		C97FEBE50E4F07A0008F309B /* ELPlayer.h */ = {isa = PBXFileReference; fileEncoding = 4; lastKnownFileType = sourcecode.c.h; path = ELPlayer.h; sourceTree = "<group>"; };
		C97FEBE60E4F07A0008F309B /* ELPlayer.m */ = {isa = PBXFileReference; fileEncoding = 4; lastKnownFileType = sourcecode.c.objc; path = ELPlayer.m; sourceTree = "<group>"; };
		C97FEBE70E4F07A0008F309B /* ELPlayhead.h */ = {isa = PBXFileReference; fileEncoding = 4; lastKnownFileType = sourcecode.c.h; path = ELPlayhead.h; sourceTree = "<group>"; };
		C97FEBE80E4F07A0008F309B /* ELPlayhead.m */ = {isa = PBXFileReference; fileEncoding = 4; lastKnownFileType = sourcecode.c.objc; path = ELPlayhead.m; sourceTree = "<group>"; };
		C97FEBE90E4F07A0008F309B /* ElysiumDocument.h */ = {isa = PBXFileReference; fileEncoding = 4; lastKnownFileType = sourcecode.c.h; path = ElysiumDocument.h; sourceTree = "<group>"; };
		C97FEBEA0E4F07A0008F309B /* ElysiumDocument.m */ = {isa = PBXFileReference; fileEncoding = 4; lastKnownFileType = sourcecode.c.objc; path = ElysiumDocument.m; sourceTree = "<group>"; };
		C97FEBFF0E4F0B51008F309B /* ELHexInfoInspectorPlugin.h */ = {isa = PBXFileReference; fileEncoding = 4; lastKnownFileType = sourcecode.c.h; path = ELHexInfoInspectorPlugin.h; sourceTree = "<group>"; };
		C97FEC000E4F0B51008F309B /* ELHexInfoInspectorPlugin.m */ = {isa = PBXFileReference; fileEncoding = 4; lastKnownFileType = sourcecode.c.objc; path = ELHexInfoInspectorPlugin.m; sourceTree = "<group>"; };
		C97FEC070E4F2870008F309B /* HexInfoInspector.xib */ = {isa = PBXFileReference; lastKnownFileType = file.xib; path = HexInfoInspector.xib; sourceTree = "<group>"; };
		C97FEC5B0E4F2DEE008F309B /* ELInspectorPane.h */ = {isa = PBXFileReference; fileEncoding = 4; lastKnownFileType = sourcecode.c.h; path = ELInspectorPane.h; sourceTree = "<group>"; };
		C97FEC5C0E4F2DEE008F309B /* ELInspectorPane.m */ = {isa = PBXFileReference; fileEncoding = 4; lastKnownFileType = sourcecode.c.objc; path = ELInspectorPane.m; sourceTree = "<group>"; };
		C97FEC860E4F5FB2008F309B /* StackedListView.framework */ = {isa = PBXFileReference; explicitFileType = wrapper.framework; includeInIndex = 0; path = StackedListView.framework; sourceTree = BUILT_PRODUCTS_DIR; };
		C97FEC870E4F5FB2008F309B /* StackedListView-Info.plist */ = {isa = PBXFileReference; lastKnownFileType = text.plist.xml; path = "StackedListView-Info.plist"; sourceTree = "<group>"; };
		C97FEC8C0E4F6042008F309B /* sectionheader.gif */ = {isa = PBXFileReference; lastKnownFileType = image.gif; path = sectionheader.gif; sourceTree = "<group>"; };
		C97FEC8D0E4F6042008F309B /* PACollapsibleSectionBox.h */ = {isa = PBXFileReference; fileEncoding = 4; lastKnownFileType = sourcecode.c.h; path = PACollapsibleSectionBox.h; sourceTree = "<group>"; };
		C97FEC8E0E4F6042008F309B /* PACollapsibleSectionBox.m */ = {isa = PBXFileReference; fileEncoding = 4; lastKnownFileType = sourcecode.c.objc; path = PACollapsibleSectionBox.m; sourceTree = "<group>"; };
		C97FEC8F0E4F6042008F309B /* PAFunkyBox.h */ = {isa = PBXFileReference; fileEncoding = 4; lastKnownFileType = sourcecode.c.h; path = PAFunkyBox.h; sourceTree = "<group>"; };
		C97FEC900E4F6042008F309B /* PAFunkyBox.m */ = {isa = PBXFileReference; fileEncoding = 4; lastKnownFileType = sourcecode.c.objc; path = PAFunkyBox.m; sourceTree = "<group>"; };
		C97FEC910E4F6042008F309B /* PASectionHeaderView.h */ = {isa = PBXFileReference; fileEncoding = 4; lastKnownFileType = sourcecode.c.h; path = PASectionHeaderView.h; sourceTree = "<group>"; };
		C97FEC920E4F6042008F309B /* PASectionHeaderView.m */ = {isa = PBXFileReference; fileEncoding = 4; lastKnownFileType = sourcecode.c.objc; path = PASectionHeaderView.m; sourceTree = "<group>"; };
		C97FEC930E4F6042008F309B /* PAStackedListView.h */ = {isa = PBXFileReference; fileEncoding = 4; lastKnownFileType = sourcecode.c.h; path = PAStackedListView.h; sourceTree = "<group>"; };
		C97FEC940E4F6042008F309B /* PAStackedListView.m */ = {isa = PBXFileReference; fileEncoding = 4; lastKnownFileType = sourcecode.c.objc; path = PAStackedListView.m; sourceTree = "<group>"; };
		C9874BFA0E429EF90068E7BF /* HoneycombView.framework */ = {isa = PBXFileReference; explicitFileType = wrapper.framework; includeInIndex = 0; path = HoneycombView.framework; sourceTree = BUILT_PRODUCTS_DIR; };
		C9874BFB0E429EF90068E7BF /* HoneycombView-Info.plist */ = {isa = PBXFileReference; lastKnownFileType = text.plist.xml; path = "HoneycombView-Info.plist"; sourceTree = "<group>"; };
		C9874C200E42A1A10068E7BF /* HoneycombView.h */ = {isa = PBXFileReference; fileEncoding = 4; lastKnownFileType = sourcecode.c.h; name = HoneycombView.h; path = ../Honeycomb/view/HoneycombView.h; sourceTree = SOURCE_ROOT; };
		C9874C210E42A1A10068E7BF /* LMHexCell.h */ = {isa = PBXFileReference; fileEncoding = 4; lastKnownFileType = sourcecode.c.h; name = LMHexCell.h; path = ../Honeycomb/view/LMHexCell.h; sourceTree = SOURCE_ROOT; };
		C9874C220E42A1A10068E7BF /* LMHexCell.m */ = {isa = PBXFileReference; fileEncoding = 4; lastKnownFileType = sourcecode.c.objc; name = LMHexCell.m; path = ../Honeycomb/view/LMHexCell.m; sourceTree = SOURCE_ROOT; };
		C9874C230E42A1A10068E7BF /* LMHoneycombMatrix.h */ = {isa = PBXFileReference; fileEncoding = 4; lastKnownFileType = sourcecode.c.h; name = LMHoneycombMatrix.h; path = ../Honeycomb/view/LMHoneycombMatrix.h; sourceTree = SOURCE_ROOT; };
		C9874C240E42A1A10068E7BF /* LMHoneycombView.h */ = {isa = PBXFileReference; fileEncoding = 4; lastKnownFileType = sourcecode.c.h; name = LMHoneycombView.h; path = ../Honeycomb/view/LMHoneycombView.h; sourceTree = SOURCE_ROOT; };
		C9874C250E42A1A10068E7BF /* LMHoneycombView.m */ = {isa = PBXFileReference; fileEncoding = 4; lastKnownFileType = sourcecode.c.objc; name = LMHoneycombView.m; path = ../Honeycomb/view/LMHoneycombView.m; sourceTree = SOURCE_ROOT; };
		C9874C260E42A1A10068E7BF /* LMRegularPolygon.h */ = {isa = PBXFileReference; fileEncoding = 4; lastKnownFileType = sourcecode.c.h; name = LMRegularPolygon.h; path = ../Honeycomb/view/LMRegularPolygon.h; sourceTree = SOURCE_ROOT; };
		C9874C270E42A1A10068E7BF /* LMRegularPolygon.m */ = {isa = PBXFileReference; fileEncoding = 4; lastKnownFileType = sourcecode.c.objc; name = LMRegularPolygon.m; path = ../Honeycomb/view/LMRegularPolygon.m; sourceTree = SOURCE_ROOT; };
		C99B91830E6C7DB3004BE67A /* TODO.markdown */ = {isa = PBXFileReference; fileEncoding = 4; lastKnownFileType = text; path = TODO.markdown; sourceTree = "<group>"; };
		C9A528450E7864BB0040E203 /* ELOscillator.h */ = {isa = PBXFileReference; fileEncoding = 4; lastKnownFileType = sourcecode.c.h; path = ELOscillator.h; sourceTree = "<group>"; };
		C9A528460E7864BB0040E203 /* ELOscillator.m */ = {isa = PBXFileReference; fileEncoding = 4; lastKnownFileType = sourcecode.c.objc; path = ELOscillator.m; sourceTree = "<group>"; };
		C9A528470E7864BB0040E203 /* ELSinusoidalOscillator.h */ = {isa = PBXFileReference; fileEncoding = 4; lastKnownFileType = sourcecode.c.h; path = ELSinusoidalOscillator.h; sourceTree = "<group>"; };
		C9A528480E7864BB0040E203 /* ELSinusoidalOscillator.m */ = {isa = PBXFileReference; fileEncoding = 4; lastKnownFileType = sourcecode.c.objc; path = ELSinusoidalOscillator.m; sourceTree = "<group>"; };
		C9A5286D0E7866BC0040E203 /* UnitTests.octest */ = {isa = PBXFileReference; explicitFileType = wrapper.cfbundle; includeInIndex = 0; path = UnitTests.octest; sourceTree = BUILT_PRODUCTS_DIR; };
		C9A5286E0E7866BC0040E203 /* UnitTests-Info.plist */ = {isa = PBXFileReference; lastKnownFileType = text.plist.xml; path = "UnitTests-Info.plist"; sourceTree = "<group>"; };
		C9B88E410E64A60C00FA411E /* start.pdf */ = {isa = PBXFileReference; lastKnownFileType = image.pdf; path = start.pdf; sourceTree = "<group>"; };
		C9BB9DD80E71E4D60088561D /* ELLayerWindowController.h */ = {isa = PBXFileReference; fileEncoding = 4; lastKnownFileType = sourcecode.c.h; path = ELLayerWindowController.h; sourceTree = "<group>"; };
		C9BB9DD90E71E4D60088561D /* ELLayerWindowController.m */ = {isa = PBXFileReference; fileEncoding = 4; lastKnownFileType = sourcecode.c.objc; path = ELLayerWindowController.m; sourceTree = "<group>"; };
		C9BB9DE90E71EC3D0088561D /* LayerWindow.xib */ = {isa = PBXFileReference; lastKnownFileType = file.xib; path = LayerWindow.xib; sourceTree = "<group>"; };
		C9D036080E7082B8005AC915 /* LayerInspector.xib */ = {isa = PBXFileReference; lastKnownFileType = file.xib; path = LayerInspector.xib; sourceTree = "<group>"; };
		C9D0360A0E7082C5005AC915 /* ELLayerInspectorPane.h */ = {isa = PBXFileReference; fileEncoding = 4; lastKnownFileType = sourcecode.c.h; path = ELLayerInspectorPane.h; sourceTree = "<group>"; };
		C9D0360B0E7082C5005AC915 /* ELLayerInspectorPane.m */ = {isa = PBXFileReference; fileEncoding = 4; lastKnownFileType = sourcecode.c.objc; path = ELLayerInspectorPane.m; sourceTree = "<group>"; };
		C9D036330E708EDD005AC915 /* HexSinkInspector.xib */ = {isa = PBXFileReference; lastKnownFileType = file.xib; path = HexSinkInspector.xib; sourceTree = "<group>"; };
		C9D036350E708EE8005AC915 /* HexSplitterInspector.xib */ = {isa = PBXFileReference; lastKnownFileType = file.xib; path = HexSplitterInspector.xib; sourceTree = "<group>"; };
		C9D036370E708EF2005AC915 /* HexRotorInspector.xib */ = {isa = PBXFileReference; lastKnownFileType = file.xib; path = HexRotorInspector.xib; sourceTree = "<group>"; };
		C9D036390E708F04005AC915 /* ELHexRotorInspectorPane.h */ = {isa = PBXFileReference; fileEncoding = 4; lastKnownFileType = sourcecode.c.h; path = ELHexRotorInspectorPane.h; sourceTree = "<group>"; };
		C9D0363A0E708F04005AC915 /* ELHexRotorInspectorPane.m */ = {isa = PBXFileReference; fileEncoding = 4; lastKnownFileType = sourcecode.c.objc; path = ELHexRotorInspectorPane.m; sourceTree = "<group>"; };
		C9D0363C0E708F11005AC915 /* ELHexSplitterInspectorPane.h */ = {isa = PBXFileReference; fileEncoding = 4; lastKnownFileType = sourcecode.c.h; path = ELHexSplitterInspectorPane.h; sourceTree = "<group>"; };
		C9D0363D0E708F11005AC915 /* ELHexSplitterInspectorPane.m */ = {isa = PBXFileReference; fileEncoding = 4; lastKnownFileType = sourcecode.c.objc; path = ELHexSplitterInspectorPane.m; sourceTree = "<group>"; };
		C9D0363F0E708F1E005AC915 /* ELHexSinkInspectorPane.h */ = {isa = PBXFileReference; fileEncoding = 4; lastKnownFileType = sourcecode.c.h; path = ELHexSinkInspectorPane.h; sourceTree = "<group>"; };
		C9D036400E708F1E005AC915 /* ELHexSinkInspectorPane.m */ = {isa = PBXFileReference; fileEncoding = 4; lastKnownFileType = sourcecode.c.objc; path = ELHexSinkInspectorPane.m; sourceTree = "<group>"; };
		C9D075540E6F350C00B91F7D /* ELPlayerInspectorPane.h */ = {isa = PBXFileReference; fileEncoding = 4; lastKnownFileType = sourcecode.c.h; path = ELPlayerInspectorPane.h; sourceTree = "<group>"; };
		C9D075550E6F350C00B91F7D /* ELPlayerInspectorPane.m */ = {isa = PBXFileReference; fileEncoding = 4; lastKnownFileType = sourcecode.c.objc; path = ELPlayerInspectorPane.m; sourceTree = "<group>"; };
		C9D075580E6F355F00B91F7D /* PlayerInspector.xib */ = {isa = PBXFileReference; lastKnownFileType = file.xib; path = PlayerInspector.xib; sourceTree = "<group>"; };
		C9E43C930E335E1B00C4D343 /* Elysium.h */ = {isa = PBXFileReference; fileEncoding = 4; lastKnownFileType = sourcecode.c.h; path = Elysium.h; sourceTree = "<group>"; };
		C9E43D5C0E33C1A900C4D343 /* CoreMIDI.framework */ = {isa = PBXFileReference; lastKnownFileType = wrapper.framework; name = CoreMIDI.framework; path = /System/Library/Frameworks/CoreMIDI.framework; sourceTree = "<absolute>"; };
		C9E43D5E0E33C27100C4D343 /* Sparkle.framework */ = {isa = PBXFileReference; lastKnownFileType = wrapper.framework; path = Sparkle.framework; sourceTree = "<group>"; };
		C9E8D8F50E687F2A005AD9B7 /* ELToolView.h */ = {isa = PBXFileReference; fileEncoding = 4; lastKnownFileType = sourcecode.c.h; path = ELToolView.h; sourceTree = "<group>"; };
		C9E8D8F60E687F2A005AD9B7 /* ELToolView.m */ = {isa = PBXFileReference; fileEncoding = 4; lastKnownFileType = sourcecode.c.objc; path = ELToolView.m; sourceTree = "<group>"; };
		C9E8D9360E68B8AF005AD9B7 /* play.pdf */ = {isa = PBXFileReference; lastKnownFileType = image.pdf; path = play.pdf; sourceTree = "<group>"; };
		C9E8D9370E68B8AF005AD9B7 /* ricochet.pdf */ = {isa = PBXFileReference; lastKnownFileType = image.pdf; path = ricochet.pdf; sourceTree = "<group>"; };
		C9E8D9380E68B8AF005AD9B7 /* rotor.pdf */ = {isa = PBXFileReference; lastKnownFileType = image.pdf; path = rotor.pdf; sourceTree = "<group>"; };
		C9E8D9390E68B8AF005AD9B7 /* sink.pdf */ = {isa = PBXFileReference; lastKnownFileType = image.pdf; path = sink.pdf; sourceTree = "<group>"; };
		C9E8D93E0E68B95D005AD9B7 /* splitter.pdf */ = {isa = PBXFileReference; lastKnownFileType = image.pdf; path = splitter.pdf; sourceTree = "<group>"; };
		C9E8D95F0E693A88005AD9B7 /* README.markdown */ = {isa = PBXFileReference; fileEncoding = 4; lastKnownFileType = text; path = README.markdown; sourceTree = "<group>"; };
		C9E8D9610E693BA5005AD9B7 /* INSTALL.markdown */ = {isa = PBXFileReference; fileEncoding = 4; lastKnownFileType = text; path = INSTALL.markdown; sourceTree = "<group>"; };
		C9E8D9CB0E699834005AD9B7 /* HexBeatInspector.xib */ = {isa = PBXFileReference; lastKnownFileType = file.xib; path = HexBeatInspector.xib; sourceTree = "<group>"; };
		C9E8D9CF0E699A0F005AD9B7 /* ELHexBeatInspectorPane.h */ = {isa = PBXFileReference; fileEncoding = 4; lastKnownFileType = sourcecode.c.h; path = ELHexBeatInspectorPane.h; sourceTree = "<group>"; };
		C9E8D9D00E699A0F005AD9B7 /* ELHexBeatInspectorPane.m */ = {isa = PBXFileReference; fileEncoding = 4; lastKnownFileType = sourcecode.c.objc; path = ELHexBeatInspectorPane.m; sourceTree = "<group>"; };
		C9E8DA000E69A0BD005AD9B7 /* HexRicochetInspector.xib */ = {isa = PBXFileReference; lastKnownFileType = file.xib; path = HexRicochetInspector.xib; sourceTree = "<group>"; };
		C9E8DA020E69A0C9005AD9B7 /* ELHexRicochetInspectorPane.h */ = {isa = PBXFileReference; fileEncoding = 4; lastKnownFileType = sourcecode.c.h; path = ELHexRicochetInspectorPane.h; sourceTree = "<group>"; };
		C9E8DA030E69A0C9005AD9B7 /* ELHexRicochetInspectorPane.m */ = {isa = PBXFileReference; fileEncoding = 4; lastKnownFileType = sourcecode.c.objc; path = ELHexRicochetInspectorPane.m; sourceTree = "<group>"; };
/* End PBXFileReference section */

/* Begin PBXFrameworksBuildPhase section */
		8D15AC330486D014006FF6A4 /* Frameworks */ = {
			isa = PBXFrameworksBuildPhase;
			buildActionMask = 2147483647;
			files = (
				C93D55010E6212D00077C448 /* PYMIDI.framework in Frameworks */,
				C9874C0A0E429F6B0068E7BF /* HoneycombView.framework in Frameworks */,
				8D15AC340486D014006FF6A4 /* Cocoa.framework in Frameworks */,
				C9E43D5D0E33C1A900C4D343 /* CoreMIDI.framework in Frameworks */,
				C9E43D5F0E33C27100C4D343 /* Sparkle.framework in Frameworks */,
				C92EDDB60E353EDD00017DFE /* CoreAudio.framework in Frameworks */,
				C97FEC9F0E4F6060008F309B /* StackedListView.framework in Frameworks */,
			);
			runOnlyForDeploymentPostprocessing = 0;
		};
		C93D548F0E61F0E80077C448 /* Frameworks */ = {
			isa = PBXFrameworksBuildPhase;
			buildActionMask = 2147483647;
			files = (
				C93D54EF0E620AFF0077C448 /* CoreMIDI.framework in Frameworks */,
			);
			runOnlyForDeploymentPostprocessing = 0;
		};
		C97FEC840E4F5FB2008F309B /* Frameworks */ = {
			isa = PBXFrameworksBuildPhase;
			buildActionMask = 2147483647;
			files = (
			);
			runOnlyForDeploymentPostprocessing = 0;
		};
		C9874BF80E429EF90068E7BF /* Frameworks */ = {
			isa = PBXFrameworksBuildPhase;
			buildActionMask = 2147483647;
			files = (
			);
			runOnlyForDeploymentPostprocessing = 0;
		};
		C9A5286A0E7866BC0040E203 /* Frameworks */ = {
			isa = PBXFrameworksBuildPhase;
			buildActionMask = 2147483647;
			files = (
			);
			runOnlyForDeploymentPostprocessing = 0;
		};
/* End PBXFrameworksBuildPhase section */

/* Begin PBXGroup section */
		1058C7A6FEA54F5311CA2CBB /* Linked Frameworks */ = {
			isa = PBXGroup;
			children = (
				C93D54910E61F0E80077C448 /* PYMIDI.framework */,
				C92EDDB50E353EDD00017DFE /* CoreAudio.framework */,
				C9E43D5E0E33C27100C4D343 /* Sparkle.framework */,
				C9E43D5C0E33C1A900C4D343 /* CoreMIDI.framework */,
				1058C7A7FEA54F5311CA2CBB /* Cocoa.framework */,
			);
			name = "Linked Frameworks";
			sourceTree = "<group>";
		};
		1058C7A8FEA54F5311CA2CBB /* Other Frameworks */ = {
			isa = PBXGroup;
			children = (
				2A37F4C4FDCFA73011CA2CEA /* AppKit.framework */,
				13E42FBA07B3F13500E4EEF1 /* CoreData.framework */,
				2A37F4C5FDCFA73011CA2CEA /* Foundation.framework */,
			);
			name = "Other Frameworks";
			sourceTree = "<group>";
		};
		19C28FB0FE9D524F11CA2CBB /* Products */ = {
			isa = PBXGroup;
			children = (
				8D15AC370486D014006FF6A4 /* Elysium.app */,
				C9874BFA0E429EF90068E7BF /* HoneycombView.framework */,
				C97FEC860E4F5FB2008F309B /* StackedListView.framework */,
				C9A5286D0E7866BC0040E203 /* UnitTests.octest */,
			);
			name = Products;
			sourceTree = "<group>";
		};
		2A37F4AAFDCFA73011CA2CEA /* Elysium */ = {
			isa = PBXGroup;
			children = (
				C93D54960E61F1250077C448 /* PYMIDI */,
				C97FEC800E4F5F2F008F309B /* StackedListView */,
				C9874C1F0E42A1860068E7BF /* honeycombview */,
				2A37F4ABFDCFA73011CA2CEA /* src */,
				2A37F4AFFDCFA73011CA2CEA /* Other Sources */,
				2A37F4B8FDCFA73011CA2CEA /* Resources */,
				2A37F4C3FDCFA73011CA2CEA /* Frameworks */,
				19C28FB0FE9D524F11CA2CBB /* Products */,
				C9874BFB0E429EF90068E7BF /* HoneycombView-Info.plist */,
				C97FEC870E4F5FB2008F309B /* StackedListView-Info.plist */,
				C93D54920E61F0E80077C448 /* PYMIDI-Info.plist */,
				C9E8D95F0E693A88005AD9B7 /* README.markdown */,
				C9E8D9610E693BA5005AD9B7 /* INSTALL.markdown */,
				C99B91830E6C7DB3004BE67A /* TODO.markdown */,
				C9A5286E0E7866BC0040E203 /* UnitTests-Info.plist */,
			);
			name = Elysium;
			sourceTree = "<group>";
		};
		2A37F4ABFDCFA73011CA2CEA /* src */ = {
			isa = PBXGroup;
			children = (
				C94610A80E7C150B001CA9B0 /* knobs */,
				C9A528440E7864BB0040E203 /* oscillator */,
				C92128B90E7296C600D4D096 /* layer_manager */,
				C96A67980E6B32F800A7C237 /* mainview */,
				C97FEBD80E4F0754008F309B /* inspector */,
				C93D55F70E64113F0077C448 /* palette */,
				C97FEBDC0E4F07A0008F309B /* datamodel */,
				C97FEBD10E4F071E008F309B /* midi */,
				C97FEB020E4E0490008F309B /* tools */,
				C9E43C930E335E1B00C4D343 /* Elysium.h */,
				C91C77A80E7E7AA000C4F78A /* ELXmlData.h */,
			);
			path = src;
			sourceTree = "<group>";
		};
		2A37F4AFFDCFA73011CA2CEA /* Other Sources */ = {
			isa = PBXGroup;
			children = (
				32DBCF750370BD2300C91783 /* Elysium_Prefix.pch */,
				2A37F4B0FDCFA73011CA2CEA /* main.m */,
			);
			name = "Other Sources";
			sourceTree = "<group>";
		};
		2A37F4B8FDCFA73011CA2CEA /* Resources */ = {
			isa = PBXGroup;
			children = (
				C9B88E400E64A5E400FA411E /* images */,
				2A37F4B9FDCFA73011CA2CEA /* Credits.rtf */,
				8D15AC360486D014006FF6A4 /* Info.plist */,
				089C165FFE840EACC02AAC07 /* InfoPlist.strings */,
				1DDD582A0DA1D0D100B32029 /* MainMenu.xib */,
			);
			name = Resources;
			sourceTree = "<group>";
		};
		2A37F4C3FDCFA73011CA2CEA /* Frameworks */ = {
			isa = PBXGroup;
			children = (
				1058C7A6FEA54F5311CA2CBB /* Linked Frameworks */,
				1058C7A8FEA54F5311CA2CBB /* Other Frameworks */,
			);
			name = Frameworks;
			sourceTree = "<group>";
		};
		C92128B90E7296C600D4D096 /* layer_manager */ = {
			isa = PBXGroup;
			children = (
				C92128BA0E7296E100D4D096 /* LayerManager.xib */,
				C92128BD0E7298C800D4D096 /* ELLayerManagerWindowController.h */,
				C92128BE0E7298C800D4D096 /* ELLayerManagerWindowController.m */,
			);
			path = layer_manager;
			sourceTree = "<group>";
		};
		C93D54960E61F1250077C448 /* PYMIDI */ = {
			isa = PBXGroup;
			children = (
				C93D54970E61F1250077C448 /* PYMIDI.h */,
				C93D54980E61F1250077C448 /* PYMIDIEndpoint.h */,
				C93D54990E61F1250077C448 /* PYMIDIEndpoint.m */,
				C93D549A0E61F1250077C448 /* PYMIDIEndpointDescriptor.h */,
				C93D549B0E61F1250077C448 /* PYMIDIEndpointDescriptor.m */,
				C93D549C0E61F1250077C448 /* PYMIDIEndpointSet.h */,
				C93D549D0E61F1250077C448 /* PYMIDIEndpointSet.m */,
				C93D549E0E61F1250077C448 /* PYMIDIManager.h */,
				C93D549F0E61F1250077C448 /* PYMIDIManager.m */,
				C93D54A00E61F1250077C448 /* PYMIDIRealDestination.h */,
				C93D54A10E61F1250077C448 /* PYMIDIRealDestination.m */,
				C93D54A20E61F1250077C448 /* PYMIDIRealEndpoint.h */,
				C93D54A30E61F1250077C448 /* PYMIDIRealEndpoint.m */,
				C93D54A40E61F1250077C448 /* PYMIDIRealSource.h */,
				C93D54A50E61F1250077C448 /* PYMIDIRealSource.m */,
				C93D54A60E61F1250077C448 /* PYMIDIUtils.h */,
				C93D54A70E61F1250077C448 /* PYMIDIUtils.m */,
				C93D54A80E61F1250077C448 /* PYMIDIVirtualDestination.h */,
				C93D54A90E61F1250077C448 /* PYMIDIVirtualDestination.m */,
				C93D54AA0E61F1250077C448 /* PYMIDIVirtualEndpoint.h */,
				C93D54AB0E61F1250077C448 /* PYMIDIVirtualEndpoint.m */,
				C93D54AC0E61F1250077C448 /* PYMIDIVirtualSource.h */,
				C93D54AD0E61F1250077C448 /* PYMIDIVirtualSource.m */,
			);
			name = PYMIDI;
			path = ../../Cocoa/3rdParty/Yandell/pymidi/trunk/Source;
			sourceTree = SOURCE_ROOT;
		};
		C93D55F70E64113F0077C448 /* palette */ = {
			isa = PBXGroup;
			children = (
				C93D55F80E6411520077C448 /* Palette.xib */,
				C93D55FC0E64117C0077C448 /* ELPaletteController.h */,
				C93D55FD0E64117C0077C448 /* ELPaletteController.m */,
				C9E8D8F50E687F2A005AD9B7 /* ELToolView.h */,
				C9E8D8F60E687F2A005AD9B7 /* ELToolView.m */,
			);
			path = palette;
			sourceTree = "<group>";
		};
		C94610A80E7C150B001CA9B0 /* knobs */ = {
			isa = PBXGroup;
			children = (
				C94610A90E7C156F001CA9B0 /* ELKnob.h */,
				C94610AA0E7C156F001CA9B0 /* ELKnob.m */,
				C94610AC0E7C157A001CA9B0 /* ELFloatKnob.h */,
				C94610AD0E7C157A001CA9B0 /* ELFloatKnob.m */,
				C94610AF0E7C1584001CA9B0 /* ELIntegerKnob.h */,
				C94610B00E7C1584001CA9B0 /* ELIntegerKnob.m */,
				C94610B20E7C158B001CA9B0 /* ELBooleanKnob.h */,
				C94610B30E7C158B001CA9B0 /* ELBooleanKnob.m */,
			);
			path = knobs;
			sourceTree = "<group>";
		};
		C95A63070E50E7D200CBF555 /* hexinfo */ = {
			isa = PBXGroup;
			children = (
				C97FEC070E4F2870008F309B /* HexInfoInspector.xib */,
				C97FEBFF0E4F0B51008F309B /* ELHexInfoInspectorPlugin.h */,
				C97FEC000E4F0B51008F309B /* ELHexInfoInspectorPlugin.m */,
			);
			name = hexinfo;
			sourceTree = "<group>";
		};
		C95A63080E50E7DD00CBF555 /* hexstart */ = {
			isa = PBXGroup;
			children = (
				C95A63090E50E7F900CBF555 /* HexStartInspector.xib */,
				C95A63330E50F5A700CBF555 /* ELHexStartInspectorPlugin.h */,
				C95A63340E50F5A700CBF555 /* ELHexStartInspectorPlugin.m */,
			);
			name = hexstart;
			sourceTree = "<group>";
		};
		C96A67980E6B32F800A7C237 /* mainview */ = {
			isa = PBXGroup;
			children = (
				C96A67990E6B32F800A7C237 /* ELSurfaceView.h */,
				C96A679A0E6B32F800A7C237 /* ELSurfaceView.m */,
				C96A679B0E6B32F800A7C237 /* ElysiumController.h */,
				C96A679C0E6B32F800A7C237 /* ElysiumController.m */,
				C9BB9DD80E71E4D60088561D /* ELLayerWindowController.h */,
				C9BB9DD90E71E4D60088561D /* ELLayerWindowController.m */,
				1DDD58280DA1D0D100B32029 /* ElysiumDocument.xib */,
				C9BB9DE90E71EC3D0088561D /* LayerWindow.xib */,
			);
			path = mainview;
			sourceTree = "<group>";
		};
		C97FEB020E4E0490008F309B /* tools */ = {
			isa = PBXGroup;
			children = (
				C97FEB030E4E0490008F309B /* ELBeatTool.h */,
				C97FEB040E4E0490008F309B /* ELBeatTool.m */,
				C97FEB050E4E0490008F309B /* ELRicochetTool.h */,
				C97FEB060E4E0490008F309B /* ELRicochetTool.m */,
				C97FEB070E4E0490008F309B /* ELSplitterTool.h */,
				C97FEB080E4E0490008F309B /* ELSplitterTool.m */,
				C97FEB090E4E0490008F309B /* ELStartTool.h */,
				C97FEB0A0E4E0490008F309B /* ELStartTool.m */,
				C97FEB0B0E4E0490008F309B /* ELTool.h */,
				C97FEB0C0E4E0490008F309B /* ELTool.m */,
				C97FEB170E4E04BB008F309B /* ELSinkTool.h */,
				C97FEB180E4E04BB008F309B /* ELSinkTool.m */,
				C97FEB1B0E4E04C6008F309B /* ELRotorTool.h */,
				C97FEB1C0E4E04C6008F309B /* ELRotorTool.m */,
			);
			path = tools;
			sourceTree = "<group>";
		};
		C97FEBD10E4F071E008F309B /* midi */ = {
			isa = PBXGroup;
			children = (
				C97FEBD20E4F071E008F309B /* ELMIDIController.h */,
				C97FEBD30E4F071E008F309B /* ELMIDIController.m */,
				C9095EB30E743C7800D68496 /* ELMIDIMessage.h */,
				C9095EB40E743C7800D68496 /* ELMIDIMessage.m */,
			);
			path = midi;
			sourceTree = "<group>";
		};
		C97FEBD80E4F0754008F309B /* inspector */ = {
			isa = PBXGroup;
			children = (
				C9D036320E708ECA005AC915 /* hexrotor */,
				C9D036310E708EBE005AC915 /* hexsplitter */,
				C9D036300E708EB1005AC915 /* hexsink */,
				C9D036070E7082AB005AC915 /* layer */,
				C997F1640E6DC32F00554725 /* player */,
				C9E8D9FF0E69A0B1005AD9B7 /* hexricochet */,
				C9E8D9C60E6997C8005AD9B7 /* hexbeat */,
				C95A63080E50E7DD00CBF555 /* hexstart */,
				C95A63070E50E7D200CBF555 /* hexinfo */,
				C92ACD690E3892F5009CF61B /* Inspector.xib */,
				C97FEBD90E4F0754008F309B /* ELInspectorController.h */,
				C97FEBDA0E4F0754008F309B /* ELInspectorController.m */,
				C97FEC5B0E4F2DEE008F309B /* ELInspectorPane.h */,
				C97FEC5C0E4F2DEE008F309B /* ELInspectorPane.m */,
			);
			path = inspector;
			sourceTree = "<group>";
		};
		C97FEBDC0E4F07A0008F309B /* datamodel */ = {
			isa = PBXGroup;
			children = (
				C97FEBDD0E4F07A0008F309B /* ELHarmonicTable.h */,
				C97FEBDE0E4F07A0008F309B /* ELHarmonicTable.m */,
				C97FEBDF0E4F07A0008F309B /* ELHex.h */,
				C97FEBE00E4F07A0008F309B /* ELHex.m */,
				C97FEBE10E4F07A0008F309B /* ELLayer.h */,
				C97FEBE20E4F07A0008F309B /* ELLayer.m */,
				C97FEBE30E4F07A0008F309B /* ELNote.h */,
				C97FEBE40E4F07A0008F309B /* ELNote.m */,
				C97FEBE50E4F07A0008F309B /* ELPlayer.h */,
				C97FEBE60E4F07A0008F309B /* ELPlayer.m */,
				C97FEBE70E4F07A0008F309B /* ELPlayhead.h */,
				C97FEBE80E4F07A0008F309B /* ELPlayhead.m */,
				C97FEBE90E4F07A0008F309B /* ElysiumDocument.h */,
				C97FEBEA0E4F07A0008F309B /* ElysiumDocument.m */,
				C93D553E0E62CC170077C448 /* ELData.h */,
			);
			path = datamodel;
			sourceTree = "<group>";
		};
		C97FEC800E4F5F2F008F309B /* StackedListView */ = {
			isa = PBXGroup;
			children = (
				C97FEC8C0E4F6042008F309B /* sectionheader.gif */,
				C97FEC8D0E4F6042008F309B /* PACollapsibleSectionBox.h */,
				C97FEC8E0E4F6042008F309B /* PACollapsibleSectionBox.m */,
				C97FEC8F0E4F6042008F309B /* PAFunkyBox.h */,
				C97FEC900E4F6042008F309B /* PAFunkyBox.m */,
				C97FEC910E4F6042008F309B /* PASectionHeaderView.h */,
				C97FEC920E4F6042008F309B /* PASectionHeaderView.m */,
				C97FEC930E4F6042008F309B /* PAStackedListView.h */,
				C97FEC940E4F6042008F309B /* PAStackedListView.m */,
			);
			name = StackedListView;
			path = /Users/matt/Projects/Cocoa/3rdParty/StackedListView;
			sourceTree = "<absolute>";
		};
		C9874C1F0E42A1860068E7BF /* honeycombview */ = {
			isa = PBXGroup;
			children = (
				C9874C200E42A1A10068E7BF /* HoneycombView.h */,
				C9874C210E42A1A10068E7BF /* LMHexCell.h */,
				C9874C220E42A1A10068E7BF /* LMHexCell.m */,
				C9874C230E42A1A10068E7BF /* LMHoneycombMatrix.h */,
				C9874C240E42A1A10068E7BF /* LMHoneycombView.h */,
				C9874C250E42A1A10068E7BF /* LMHoneycombView.m */,
				C9874C260E42A1A10068E7BF /* LMRegularPolygon.h */,
				C9874C270E42A1A10068E7BF /* LMRegularPolygon.m */,
			);
			name = honeycombview;
			sourceTree = "<group>";
		};
		C997F1640E6DC32F00554725 /* player */ = {
			isa = PBXGroup;
			children = (
				C9D075540E6F350C00B91F7D /* ELPlayerInspectorPane.h */,
				C9D075550E6F350C00B91F7D /* ELPlayerInspectorPane.m */,
				C9D075580E6F355F00B91F7D /* PlayerInspector.xib */,
			);
			name = player;
			sourceTree = "<group>";
		};
		C9A528440E7864BB0040E203 /* oscillator */ = {
			isa = PBXGroup;
			children = (
				C9A528450E7864BB0040E203 /* ELOscillator.h */,
				C9A528460E7864BB0040E203 /* ELOscillator.m */,
				C9A528470E7864BB0040E203 /* ELSinusoidalOscillator.h */,
				C9A528480E7864BB0040E203 /* ELSinusoidalOscillator.m */,
			);
			path = oscillator;
			sourceTree = "<group>";
		};
		C9B88E400E64A5E400FA411E /* images */ = {
			isa = PBXGroup;
			children = (
				C905E00D0E733C2A00C39302 /* hexdrag.pdf */,
				C9E8D93E0E68B95D005AD9B7 /* splitter.pdf */,
				C9E8D9360E68B8AF005AD9B7 /* play.pdf */,
				C9E8D9370E68B8AF005AD9B7 /* ricochet.pdf */,
				C9E8D9380E68B8AF005AD9B7 /* rotor.pdf */,
				C9E8D9390E68B8AF005AD9B7 /* sink.pdf */,
				C9B88E410E64A60C00FA411E /* start.pdf */,
			);
			path = images;
			sourceTree = "<group>";
		};
		C9D036070E7082AB005AC915 /* layer */ = {
			isa = PBXGroup;
			children = (
				C9D036080E7082B8005AC915 /* LayerInspector.xib */,
				C9D0360A0E7082C5005AC915 /* ELLayerInspectorPane.h */,
				C9D0360B0E7082C5005AC915 /* ELLayerInspectorPane.m */,
			);
			name = layer;
			sourceTree = "<group>";
		};
		C9D036300E708EB1005AC915 /* hexsink */ = {
			isa = PBXGroup;
			children = (
				C9D036330E708EDD005AC915 /* HexSinkInspector.xib */,
				C9D0363F0E708F1E005AC915 /* ELHexSinkInspectorPane.h */,
				C9D036400E708F1E005AC915 /* ELHexSinkInspectorPane.m */,
			);
			name = hexsink;
			sourceTree = "<group>";
		};
		C9D036310E708EBE005AC915 /* hexsplitter */ = {
			isa = PBXGroup;
			children = (
				C9D036350E708EE8005AC915 /* HexSplitterInspector.xib */,
				C9D0363C0E708F11005AC915 /* ELHexSplitterInspectorPane.h */,
				C9D0363D0E708F11005AC915 /* ELHexSplitterInspectorPane.m */,
			);
			name = hexsplitter;
			sourceTree = "<group>";
		};
		C9D036320E708ECA005AC915 /* hexrotor */ = {
			isa = PBXGroup;
			children = (
				C9D036370E708EF2005AC915 /* HexRotorInspector.xib */,
				C9D036390E708F04005AC915 /* ELHexRotorInspectorPane.h */,
				C9D0363A0E708F04005AC915 /* ELHexRotorInspectorPane.m */,
			);
			name = hexrotor;
			sourceTree = "<group>";
		};
		C9E8D9C60E6997C8005AD9B7 /* hexbeat */ = {
			isa = PBXGroup;
			children = (
				C9E8D9CB0E699834005AD9B7 /* HexBeatInspector.xib */,
				C9E8D9CF0E699A0F005AD9B7 /* ELHexBeatInspectorPane.h */,
				C9E8D9D00E699A0F005AD9B7 /* ELHexBeatInspectorPane.m */,
			);
			name = hexbeat;
			sourceTree = "<group>";
		};
		C9E8D9FF0E69A0B1005AD9B7 /* hexricochet */ = {
			isa = PBXGroup;
			children = (
				C9E8DA000E69A0BD005AD9B7 /* HexRicochetInspector.xib */,
				C9E8DA020E69A0C9005AD9B7 /* ELHexRicochetInspectorPane.h */,
				C9E8DA030E69A0C9005AD9B7 /* ELHexRicochetInspectorPane.m */,
			);
			name = hexricochet;
			sourceTree = "<group>";
		};
/* End PBXGroup section */

/* Begin PBXHeadersBuildPhase section */
		C93D548C0E61F0E80077C448 /* Headers */ = {
			isa = PBXHeadersBuildPhase;
			buildActionMask = 2147483647;
			files = (
				C93D54AE0E61F1250077C448 /* PYMIDI.h in Headers */,
				C93D54AF0E61F1250077C448 /* PYMIDIEndpoint.h in Headers */,
				C93D54B10E61F1250077C448 /* PYMIDIEndpointDescriptor.h in Headers */,
				C93D54B30E61F1250077C448 /* PYMIDIEndpointSet.h in Headers */,
				C93D54B50E61F1250077C448 /* PYMIDIManager.h in Headers */,
				C93D54B70E61F1250077C448 /* PYMIDIRealDestination.h in Headers */,
				C93D54B90E61F1250077C448 /* PYMIDIRealEndpoint.h in Headers */,
				C93D54BB0E61F1250077C448 /* PYMIDIRealSource.h in Headers */,
				C93D54BD0E61F1250077C448 /* PYMIDIUtils.h in Headers */,
				C93D54BF0E61F1250077C448 /* PYMIDIVirtualDestination.h in Headers */,
				C93D54C10E61F1250077C448 /* PYMIDIVirtualEndpoint.h in Headers */,
				C93D54C30E61F1250077C448 /* PYMIDIVirtualSource.h in Headers */,
				C93D553F0E62CC170077C448 /* ELData.h in Headers */,
			);
			runOnlyForDeploymentPostprocessing = 0;
		};
		C97FEC810E4F5FB2008F309B /* Headers */ = {
			isa = PBXHeadersBuildPhase;
			buildActionMask = 2147483647;
			files = (
				C97FEC960E4F6042008F309B /* PACollapsibleSectionBox.h in Headers */,
				C97FEC980E4F6042008F309B /* PAFunkyBox.h in Headers */,
				C97FEC9A0E4F6042008F309B /* PASectionHeaderView.h in Headers */,
				C97FEC9C0E4F6042008F309B /* PAStackedListView.h in Headers */,
			);
			runOnlyForDeploymentPostprocessing = 0;
		};
		C9874BF50E429EF90068E7BF /* Headers */ = {
			isa = PBXHeadersBuildPhase;
			buildActionMask = 2147483647;
			files = (
				C9874C280E42A1A10068E7BF /* HoneycombView.h in Headers */,
				C9874C290E42A1A10068E7BF /* LMHexCell.h in Headers */,
				C9874C2B0E42A1A10068E7BF /* LMHoneycombMatrix.h in Headers */,
				C9874C2C0E42A1A10068E7BF /* LMHoneycombView.h in Headers */,
				C9874C2E0E42A1A10068E7BF /* LMRegularPolygon.h in Headers */,
			);
			runOnlyForDeploymentPostprocessing = 0;
		};
/* End PBXHeadersBuildPhase section */

/* Begin PBXNativeTarget section */
		8D15AC270486D014006FF6A4 /* Elysium */ = {
			isa = PBXNativeTarget;
			buildConfigurationList = C05733C708A9546B00998B17 /* Build configuration list for PBXNativeTarget "Elysium" */;
			buildPhases = (
				8D15AC2B0486D014006FF6A4 /* Resources */,
				8D15AC300486D014006FF6A4 /* Sources */,
				8D15AC330486D014006FF6A4 /* Frameworks */,
				C9E43D630E33C29F00C4D343 /* CopyFiles */,
				C905DF9F0E72FD5100C39302 /* ShellScript */,
			);
			buildRules = (
			);
			dependencies = (
				C96311700E50587A008BF9AB /* PBXTargetDependency */,
				C9874C3D0E42A2460068E7BF /* PBXTargetDependency */,
				C93D54D70E61F1970077C448 /* PBXTargetDependency */,
			);
			name = Elysium;
			productInstallPath = "$(HOME)/Applications";
			productName = Elysium;
			productReference = 8D15AC370486D014006FF6A4 /* Elysium.app */;
			productType = "com.apple.product-type.application";
		};
		C93D54900E61F0E80077C448 /* PYMIDI */ = {
			isa = PBXNativeTarget;
			buildConfigurationList = C93D54950E61F0E90077C448 /* Build configuration list for PBXNativeTarget "PYMIDI" */;
			buildPhases = (
				C93D548C0E61F0E80077C448 /* Headers */,
				C93D548D0E61F0E80077C448 /* Resources */,
				C93D548E0E61F0E80077C448 /* Sources */,
				C93D548F0E61F0E80077C448 /* Frameworks */,
			);
			buildRules = (
			);
			dependencies = (
			);
			name = PYMIDI;
			productName = PYMIDI;
			productReference = C93D54910E61F0E80077C448 /* PYMIDI.framework */;
			productType = "com.apple.product-type.framework";
		};
		C97FEC850E4F5FB2008F309B /* StackedListView */ = {
			isa = PBXNativeTarget;
			buildConfigurationList = C97FEC8A0E4F5FB3008F309B /* Build configuration list for PBXNativeTarget "StackedListView" */;
			buildPhases = (
				C97FEC810E4F5FB2008F309B /* Headers */,
				C97FEC820E4F5FB2008F309B /* Resources */,
				C97FEC830E4F5FB2008F309B /* Sources */,
				C97FEC840E4F5FB2008F309B /* Frameworks */,
			);
			buildRules = (
			);
			dependencies = (
			);
			name = StackedListView;
			productName = StackedListView;
			productReference = C97FEC860E4F5FB2008F309B /* StackedListView.framework */;
			productType = "com.apple.product-type.framework";
		};
		C9874BF90E429EF90068E7BF /* HoneycombView */ = {
			isa = PBXNativeTarget;
			buildConfigurationList = C9874BFE0E429EFA0068E7BF /* Build configuration list for PBXNativeTarget "HoneycombView" */;
			buildPhases = (
				C9874BF50E429EF90068E7BF /* Headers */,
				C9874BF60E429EF90068E7BF /* Resources */,
				C9874BF70E429EF90068E7BF /* Sources */,
				C9874BF80E429EF90068E7BF /* Frameworks */,
			);
			buildRules = (
			);
			dependencies = (
			);
			name = HoneycombView;
			productName = HoneycombView;
			productReference = C9874BFA0E429EF90068E7BF /* HoneycombView.framework */;
			productType = "com.apple.product-type.framework";
		};
		C9A5286C0E7866BC0040E203 /* UnitTests */ = {
			isa = PBXNativeTarget;
			buildConfigurationList = C9A528710E7866BC0040E203 /* Build configuration list for PBXNativeTarget "UnitTests" */;
			buildPhases = (
				C9A528680E7866BC0040E203 /* Resources */,
				C9A528690E7866BC0040E203 /* Sources */,
				C9A5286A0E7866BC0040E203 /* Frameworks */,
				C9A5286B0E7866BC0040E203 /* ShellScript */,
			);
			buildRules = (
			);
			dependencies = (
			);
			name = UnitTests;
			productName = UnitTests;
			productReference = C9A5286D0E7866BC0040E203 /* UnitTests.octest */;
			productType = "com.apple.product-type.bundle";
		};
/* End PBXNativeTarget section */

/* Begin PBXProject section */
		2A37F4A9FDCFA73011CA2CEA /* Project object */ = {
			isa = PBXProject;
			buildConfigurationList = C05733CB08A9546B00998B17 /* Build configuration list for PBXProject "Elysium" */;
			compatibilityVersion = "Xcode 3.1";
			hasScannedForEncodings = 1;
			mainGroup = 2A37F4AAFDCFA73011CA2CEA /* Elysium */;
			projectDirPath = "";
			projectRoot = "";
			targets = (
				8D15AC270486D014006FF6A4 /* Elysium */,
				C9874BF90E429EF90068E7BF /* HoneycombView */,
				C97FEC850E4F5FB2008F309B /* StackedListView */,
				C93D54900E61F0E80077C448 /* PYMIDI */,
				C9A5286C0E7866BC0040E203 /* UnitTests */,
			);
		};
/* End PBXProject section */

/* Begin PBXResourcesBuildPhase section */
		8D15AC2B0486D014006FF6A4 /* Resources */ = {
			isa = PBXResourcesBuildPhase;
			buildActionMask = 2147483647;
			files = (
				8D15AC2C0486D014006FF6A4 /* Credits.rtf in Resources */,
				8D15AC2F0486D014006FF6A4 /* InfoPlist.strings in Resources */,
				1DDD582C0DA1D0D100B32029 /* ElysiumDocument.xib in Resources */,
				1DDD582D0DA1D0D100B32029 /* MainMenu.xib in Resources */,
				C92ACD6A0E3892F5009CF61B /* Inspector.xib in Resources */,
				C97FEC080E4F2870008F309B /* HexInfoInspector.xib in Resources */,
				C95A630A0E50E7F900CBF555 /* HexStartInspector.xib in Resources */,
				C93D55FA0E6411590077C448 /* Palette.xib in Resources */,
				C9B88E420E64A60C00FA411E /* start.pdf in Resources */,
				C9E8D93A0E68B8AF005AD9B7 /* play.pdf in Resources */,
				C9E8D93B0E68B8AF005AD9B7 /* ricochet.pdf in Resources */,
				C9E8D93C0E68B8AF005AD9B7 /* rotor.pdf in Resources */,
				C9E8D93D0E68B8AF005AD9B7 /* sink.pdf in Resources */,
				C9E8D93F0E68B95D005AD9B7 /* splitter.pdf in Resources */,
				C9E8D9600E693A88005AD9B7 /* README.markdown in Resources */,
				C9E8D9620E693BA5005AD9B7 /* INSTALL.markdown in Resources */,
				C9E8D9CC0E699834005AD9B7 /* HexBeatInspector.xib in Resources */,
				C9E8DA010E69A0BD005AD9B7 /* HexRicochetInspector.xib in Resources */,
				C9D075590E6F355F00B91F7D /* PlayerInspector.xib in Resources */,
				C9D036090E7082B8005AC915 /* LayerInspector.xib in Resources */,
				C9D036340E708EDD005AC915 /* HexSinkInspector.xib in Resources */,
				C9D036360E708EE8005AC915 /* HexSplitterInspector.xib in Resources */,
				C9D036380E708EF2005AC915 /* HexRotorInspector.xib in Resources */,
				C9BB9DEA0E71EC3D0088561D /* LayerWindow.xib in Resources */,
				C92128BB0E7296E100D4D096 /* LayerManager.xib in Resources */,
				C905E00E0E733C2A00C39302 /* hexdrag.pdf in Resources */,
			);
			runOnlyForDeploymentPostprocessing = 0;
		};
		C93D548D0E61F0E80077C448 /* Resources */ = {
			isa = PBXResourcesBuildPhase;
			buildActionMask = 2147483647;
			files = (
			);
			runOnlyForDeploymentPostprocessing = 0;
		};
		C97FEC820E4F5FB2008F309B /* Resources */ = {
			isa = PBXResourcesBuildPhase;
			buildActionMask = 2147483647;
			files = (
				C97FEC950E4F6042008F309B /* sectionheader.gif in Resources */,
			);
			runOnlyForDeploymentPostprocessing = 0;
		};
		C9874BF60E429EF90068E7BF /* Resources */ = {
			isa = PBXResourcesBuildPhase;
			buildActionMask = 2147483647;
			files = (
			);
			runOnlyForDeploymentPostprocessing = 0;
		};
		C9A528680E7866BC0040E203 /* Resources */ = {
			isa = PBXResourcesBuildPhase;
			buildActionMask = 2147483647;
			files = (
			);
			runOnlyForDeploymentPostprocessing = 0;
		};
/* End PBXResourcesBuildPhase section */

/* Begin PBXShellScriptBuildPhase section */
		C905DF9F0E72FD5100C39302 /* ShellScript */ = {
			isa = PBXShellScriptBuildPhase;
			buildActionMask = 2147483647;
			files = (
			);
			inputPaths = (
			);
			outputPaths = (
			);
			runOnlyForDeploymentPostprocessing = 0;
			shellPath = /usr/bin/ruby;
			shellScript = "APP_NAME = ENV['TARGET_NAME']\nBUILD_DIR = ENV['TARGET_BUILD_DIR']\n\nDir.chdir( BUILD_DIR  ) do\n\tapp_path = \"#{APP_NAME}.app\"\n\tplist_path = File.join( File.expand_path( app_path ), 'Contents', 'Info' )\n\tversion=`defaults read #{plist_path} CFBundleVersion`.chomp\n\ttar_name = \"#{APP_NAME}_#{version}.tgz\"\n\tcommand = \"tar czf #{tar_name} #{app_path}\"\n\tsystem( command )\nend";
		};
		C9A5286B0E7866BC0040E203 /* ShellScript */ = {
			isa = PBXShellScriptBuildPhase;
			buildActionMask = 2147483647;
			files = (
			);
			inputPaths = (
			);
			outputPaths = (
			);
			runOnlyForDeploymentPostprocessing = 0;
			shellPath = /bin/sh;
			shellScript = "# Run the unit tests in this test bundle.\n\"${SYSTEM_DEVELOPER_DIR}/Tools/RunUnitTests\"\n";
		};
/* End PBXShellScriptBuildPhase section */

/* Begin PBXSourcesBuildPhase section */
		8D15AC300486D014006FF6A4 /* Sources */ = {
			isa = PBXSourcesBuildPhase;
			buildActionMask = 2147483647;
			files = (
				8D15AC320486D014006FF6A4 /* main.m in Sources */,
				C97FEB380E4E0D0B008F309B /* ELBeatTool.m in Sources */,
				C97FEB390E4E0D0B008F309B /* ELRicochetTool.m in Sources */,
				C97FEB3A0E4E0D0B008F309B /* ELSplitterTool.m in Sources */,
				C97FEB3B0E4E0D0B008F309B /* ELStartTool.m in Sources */,
				C97FEB3C0E4E0D0B008F309B /* ELTool.m in Sources */,
				C97FEB3D0E4E0D0B008F309B /* ELSinkTool.m in Sources */,
				C97FEB3E0E4E0D0B008F309B /* ELRotorTool.m in Sources */,
				C97FEBD60E4F071E008F309B /* ELMIDIController.m in Sources */,
				C97FEBDB0E4F0754008F309B /* ELInspectorController.m in Sources */,
				C97FEBEB0E4F07A0008F309B /* ELHarmonicTable.m in Sources */,
				C97FEBEC0E4F07A0008F309B /* ELHex.m in Sources */,
				C97FEBED0E4F07A0008F309B /* ELLayer.m in Sources */,
				C97FEBEE0E4F07A0008F309B /* ELNote.m in Sources */,
				C97FEBEF0E4F07A0008F309B /* ELPlayer.m in Sources */,
				C97FEBF00E4F07A0008F309B /* ELPlayhead.m in Sources */,
				C97FEBF10E4F07A0008F309B /* ElysiumDocument.m in Sources */,
				C97FEC010E4F0B51008F309B /* ELHexInfoInspectorPlugin.m in Sources */,
				C97FEC5D0E4F2DEE008F309B /* ELInspectorPane.m in Sources */,
				C95A63350E50F5A700CBF555 /* ELHexStartInspectorPlugin.m in Sources */,
				C93D56000E64118E0077C448 /* ELPaletteController.m in Sources */,
				C9E8D8F70E687F2A005AD9B7 /* ELToolView.m in Sources */,
				C9E8D9D10E699A0F005AD9B7 /* ELHexBeatInspectorPane.m in Sources */,
				C9E8DA040E69A0C9005AD9B7 /* ELHexRicochetInspectorPane.m in Sources */,
				C96A679D0E6B32F800A7C237 /* ELSurfaceView.m in Sources */,
				C96A679E0E6B32F800A7C237 /* ElysiumController.m in Sources */,
				C9D075560E6F350C00B91F7D /* ELPlayerInspectorPane.m in Sources */,
				C9D0360C0E7082C5005AC915 /* ELLayerInspectorPane.m in Sources */,
				C9D0363B0E708F04005AC915 /* ELHexRotorInspectorPane.m in Sources */,
				C9D0363E0E708F11005AC915 /* ELHexSplitterInspectorPane.m in Sources */,
				C9D036410E708F1E005AC915 /* ELHexSinkInspectorPane.m in Sources */,
				C9BB9DDA0E71E4D60088561D /* ELLayerWindowController.m in Sources */,
				C92128BF0E7298C800D4D096 /* ELLayerManagerWindowController.m in Sources */,
				C9095EB50E743C7800D68496 /* ELMIDIMessage.m in Sources */,
				C9A528490E7864BB0040E203 /* ELOscillator.m in Sources */,
				C9A5284A0E7864BB0040E203 /* ELSinusoidalOscillator.m in Sources */,
				C94610AB0E7C156F001CA9B0 /* ELKnob.m in Sources */,
				C94610AE0E7C157A001CA9B0 /* ELFloatKnob.m in Sources */,
				C94610B10E7C1584001CA9B0 /* ELIntegerKnob.m in Sources */,
				C94610B40E7C158B001CA9B0 /* ELBooleanKnob.m in Sources */,
			);
			runOnlyForDeploymentPostprocessing = 0;
		};
		C93D548E0E61F0E80077C448 /* Sources */ = {
			isa = PBXSourcesBuildPhase;
			buildActionMask = 2147483647;
			files = (
				C93D54B00E61F1250077C448 /* PYMIDIEndpoint.m in Sources */,
				C93D54B20E61F1250077C448 /* PYMIDIEndpointDescriptor.m in Sources */,
				C93D54B40E61F1250077C448 /* PYMIDIEndpointSet.m in Sources */,
				C93D54B60E61F1250077C448 /* PYMIDIManager.m in Sources */,
				C93D54B80E61F1250077C448 /* PYMIDIRealDestination.m in Sources */,
				C93D54BA0E61F1250077C448 /* PYMIDIRealEndpoint.m in Sources */,
				C93D54BC0E61F1250077C448 /* PYMIDIRealSource.m in Sources */,
				C93D54BE0E61F1250077C448 /* PYMIDIUtils.m in Sources */,
				C93D54C00E61F1250077C448 /* PYMIDIVirtualDestination.m in Sources */,
				C93D54C20E61F1250077C448 /* PYMIDIVirtualEndpoint.m in Sources */,
				C93D54C40E61F1250077C448 /* PYMIDIVirtualSource.m in Sources */,
			);
			runOnlyForDeploymentPostprocessing = 0;
		};
		C97FEC830E4F5FB2008F309B /* Sources */ = {
			isa = PBXSourcesBuildPhase;
			buildActionMask = 2147483647;
			files = (
				C97FEC970E4F6042008F309B /* PACollapsibleSectionBox.m in Sources */,
				C97FEC990E4F6042008F309B /* PAFunkyBox.m in Sources */,
				C97FEC9B0E4F6042008F309B /* PASectionHeaderView.m in Sources */,
				C97FEC9D0E4F6042008F309B /* PAStackedListView.m in Sources */,
			);
			runOnlyForDeploymentPostprocessing = 0;
		};
		C9874BF70E429EF90068E7BF /* Sources */ = {
			isa = PBXSourcesBuildPhase;
			buildActionMask = 2147483647;
			files = (
				C9874C2A0E42A1A10068E7BF /* LMHexCell.m in Sources */,
				C9874C2D0E42A1A10068E7BF /* LMHoneycombView.m in Sources */,
				C9874C2F0E42A1A10068E7BF /* LMRegularPolygon.m in Sources */,
			);
			runOnlyForDeploymentPostprocessing = 0;
		};
		C9A528690E7866BC0040E203 /* Sources */ = {
			isa = PBXSourcesBuildPhase;
			buildActionMask = 2147483647;
			files = (
			);
			runOnlyForDeploymentPostprocessing = 0;
		};
/* End PBXSourcesBuildPhase section */

/* Begin PBXTargetDependency section */
		C93D54D70E61F1970077C448 /* PBXTargetDependency */ = {
			isa = PBXTargetDependency;
			target = C93D54900E61F0E80077C448 /* PYMIDI */;
			targetProxy = C93D54D60E61F1970077C448 /* PBXContainerItemProxy */;
		};
		C96311700E50587A008BF9AB /* PBXTargetDependency */ = {
			isa = PBXTargetDependency;
			target = C97FEC850E4F5FB2008F309B /* StackedListView */;
			targetProxy = C963116F0E50587A008BF9AB /* PBXContainerItemProxy */;
		};
		C9874C3D0E42A2460068E7BF /* PBXTargetDependency */ = {
			isa = PBXTargetDependency;
			target = C9874BF90E429EF90068E7BF /* HoneycombView */;
			targetProxy = C9874C3C0E42A2460068E7BF /* PBXContainerItemProxy */;
		};
/* End PBXTargetDependency section */

/* Begin PBXVariantGroup section */
		089C165FFE840EACC02AAC07 /* InfoPlist.strings */ = {
			isa = PBXVariantGroup;
			children = (
				089C1660FE840EACC02AAC07 /* English */,
			);
			name = InfoPlist.strings;
			sourceTree = "<group>";
		};
		1DDD58280DA1D0D100B32029 /* ElysiumDocument.xib */ = {
			isa = PBXVariantGroup;
			children = (
				1DDD58290DA1D0D100B32029 /* English */,
			);
			name = ElysiumDocument.xib;
			path = ../..;
			sourceTree = "<group>";
		};
		1DDD582A0DA1D0D100B32029 /* MainMenu.xib */ = {
			isa = PBXVariantGroup;
			children = (
				1DDD582B0DA1D0D100B32029 /* English */,
			);
			name = MainMenu.xib;
			sourceTree = "<group>";
		};
		2A37F4B9FDCFA73011CA2CEA /* Credits.rtf */ = {
			isa = PBXVariantGroup;
			children = (
				2A37F4BAFDCFA73011CA2CEA /* English */,
			);
			name = Credits.rtf;
			sourceTree = "<group>";
		};
/* End PBXVariantGroup section */

/* Begin XCBuildConfiguration section */
		C05733C808A9546B00998B17 /* Debug */ = {
			isa = XCBuildConfiguration;
			buildSettings = {
				ALWAYS_SEARCH_USER_PATHS = NO;
				COPY_PHASE_STRIP = NO;
				FRAMEWORK_SEARCH_PATHS = (
					"$(inherited)",
					"\"$(SRCROOT)\"",
					"\"$(SRCROOT)/../Honeycomb/build/Release\"",
					"\"$(SRCROOT)/build/Debug\"",
				);
				GCC_DYNAMIC_NO_PIC = NO;
				GCC_ENABLE_FIX_AND_CONTINUE = YES;
				GCC_MODEL_TUNING = G5;
				GCC_OPTIMIZATION_LEVEL = 0;
				GCC_PRECOMPILE_PREFIX_HEADER = YES;
				GCC_PREFIX_HEADER = Elysium_Prefix.pch;
				HEADER_SEARCH_PATHS = "\"$(SRCROOT)/../../XCode/Release/HoneycombView.framework/Versions/A/Headers\"/**";
				INFOPLIST_FILE = Info.plist;
				INSTALL_PATH = "$(HOME)/Applications";
				PRODUCT_NAME = Elysium;
				SYMROOT = build;
				WARNING_CFLAGS = "-Wall";
			};
			name = Debug;
		};
		C05733C908A9546B00998B17 /* Release */ = {
			isa = XCBuildConfiguration;
			buildSettings = {
				ALWAYS_SEARCH_USER_PATHS = NO;
				DEBUG_INFORMATION_FORMAT = "dwarf-with-dsym";
				FRAMEWORK_SEARCH_PATHS = (
					"$(inherited)",
					"\"$(SRCROOT)\"",
					"\"$(SRCROOT)/../Honeycomb/build/Release\"",
					"\"$(SRCROOT)/build/Debug\"",
				);
				GCC_MODEL_TUNING = G5;
				GCC_PRECOMPILE_PREFIX_HEADER = YES;
				GCC_PREFIX_HEADER = Elysium_Prefix.pch;
				HEADER_SEARCH_PATHS = "\"$(SRCROOT)/../../XCode/Release/HoneycombView.framework/Versions/A/Headers\"/**";
				INFOPLIST_FILE = Info.plist;
				INSTALL_PATH = "$(HOME)/Applications";
				PRODUCT_NAME = Elysium;
				SYMROOT = build;
				WARNING_CFLAGS = "-Wall";
			};
			name = Release;
		};
		C05733CC08A9546B00998B17 /* Debug */ = {
			isa = XCBuildConfiguration;
			buildSettings = {
				ARCHS = "$(ARCHS_STANDARD_32_BIT)";
				GCC_C_LANGUAGE_STANDARD = c99;
				GCC_ENABLE_OBJC_GC = required;
				GCC_OPTIMIZATION_LEVEL = 0;
				GCC_TREAT_WARNINGS_AS_ERRORS = YES;
				GCC_WARN_ABOUT_RETURN_TYPE = YES;
				GCC_WARN_CHECK_SWITCH_STATEMENTS = YES;
				GCC_WARN_UNUSED_VARIABLE = YES;
				ONLY_ACTIVE_ARCH = YES;
				PREBINDING = NO;
				SDKROOT = macosx10.5;
			};
			name = Debug;
		};
		C05733CD08A9546B00998B17 /* Release */ = {
			isa = XCBuildConfiguration;
			buildSettings = {
				ARCHS = "$(ARCHS_STANDARD_32_BIT)";
				GCC_C_LANGUAGE_STANDARD = c99;
				GCC_ENABLE_OBJC_GC = required;
				GCC_TREAT_WARNINGS_AS_ERRORS = YES;
				GCC_WARN_ABOUT_RETURN_TYPE = YES;
				GCC_WARN_CHECK_SWITCH_STATEMENTS = YES;
				GCC_WARN_UNUSED_VARIABLE = YES;
				PREBINDING = NO;
				SDKROOT = macosx10.5;
			};
			name = Release;
		};
		C93D54930E61F0E90077C448 /* Debug */ = {
			isa = XCBuildConfiguration;
			buildSettings = {
				ALWAYS_SEARCH_USER_PATHS = NO;
				COPY_PHASE_STRIP = NO;
				DYLIB_COMPATIBILITY_VERSION = 1;
				DYLIB_CURRENT_VERSION = 1;
				FRAMEWORK_VERSION = A;
				GCC_DYNAMIC_NO_PIC = NO;
				GCC_ENABLE_FIX_AND_CONTINUE = YES;
				GCC_MODEL_TUNING = G5;
				GCC_OPTIMIZATION_LEVEL = 0;
				GCC_PRECOMPILE_PREFIX_HEADER = YES;
				GCC_PREFIX_HEADER = "$(SYSTEM_LIBRARY_DIR)/Frameworks/AppKit.framework/Headers/AppKit.h";
				INFOPLIST_FILE = "PYMIDI-Info.plist";
				INSTALL_PATH = "@executable_path/../Frameworks";
				OTHER_LDFLAGS = (
					"-framework",
					Foundation,
					"-framework",
					AppKit,
				);
				PREBINDING = NO;
				PRODUCT_NAME = PYMIDI;
			};
			name = Debug;
		};
		C93D54940E61F0E90077C448 /* Release */ = {
			isa = XCBuildConfiguration;
			buildSettings = {
				ALWAYS_SEARCH_USER_PATHS = NO;
				COPY_PHASE_STRIP = YES;
				DEBUG_INFORMATION_FORMAT = "dwarf-with-dsym";
				DYLIB_COMPATIBILITY_VERSION = 1;
				DYLIB_CURRENT_VERSION = 1;
				FRAMEWORK_VERSION = A;
				GCC_ENABLE_FIX_AND_CONTINUE = NO;
				GCC_MODEL_TUNING = G5;
				GCC_PRECOMPILE_PREFIX_HEADER = YES;
				GCC_PREFIX_HEADER = "$(SYSTEM_LIBRARY_DIR)/Frameworks/AppKit.framework/Headers/AppKit.h";
				INFOPLIST_FILE = "PYMIDI-Info.plist";
				INSTALL_PATH = "@executable_path/../Frameworks";
				OTHER_LDFLAGS = (
					"-framework",
					Foundation,
					"-framework",
					AppKit,
				);
				PREBINDING = NO;
				PRODUCT_NAME = PYMIDI;
				ZERO_LINK = NO;
			};
			name = Release;
		};
		C97FEC880E4F5FB3008F309B /* Debug */ = {
			isa = XCBuildConfiguration;
			buildSettings = {
				ALWAYS_SEARCH_USER_PATHS = NO;
				COPY_PHASE_STRIP = NO;
				DYLIB_COMPATIBILITY_VERSION = 1;
				DYLIB_CURRENT_VERSION = 1;
				FRAMEWORK_VERSION = A;
				GCC_DYNAMIC_NO_PIC = NO;
				GCC_ENABLE_FIX_AND_CONTINUE = YES;
				GCC_MODEL_TUNING = G5;
				GCC_OPTIMIZATION_LEVEL = 0;
				GCC_PRECOMPILE_PREFIX_HEADER = YES;
				GCC_PREFIX_HEADER = "$(SYSTEM_LIBRARY_DIR)/Frameworks/AppKit.framework/Headers/AppKit.h";
				INFOPLIST_FILE = "StackedListView-Info.plist";
				INSTALL_PATH = "@executable_path/../Frameworks";
				OTHER_LDFLAGS = (
					"-framework",
					Foundation,
					"-framework",
					AppKit,
				);
				PREBINDING = NO;
				PRODUCT_NAME = StackedListView;
			};
			name = Debug;
		};
		C97FEC890E4F5FB3008F309B /* Release */ = {
			isa = XCBuildConfiguration;
			buildSettings = {
				ALWAYS_SEARCH_USER_PATHS = NO;
				COPY_PHASE_STRIP = YES;
				DEBUG_INFORMATION_FORMAT = "dwarf-with-dsym";
				DYLIB_COMPATIBILITY_VERSION = 1;
				DYLIB_CURRENT_VERSION = 1;
				FRAMEWORK_VERSION = A;
				GCC_ENABLE_FIX_AND_CONTINUE = NO;
				GCC_MODEL_TUNING = G5;
				GCC_PRECOMPILE_PREFIX_HEADER = YES;
				GCC_PREFIX_HEADER = "$(SYSTEM_LIBRARY_DIR)/Frameworks/AppKit.framework/Headers/AppKit.h";
				INFOPLIST_FILE = "StackedListView-Info.plist";
				INSTALL_PATH = "@executable_path/../Frameworks";
				OTHER_LDFLAGS = (
					"-framework",
					Foundation,
					"-framework",
					AppKit,
				);
				PREBINDING = NO;
				PRODUCT_NAME = StackedListView;
				ZERO_LINK = NO;
			};
			name = Release;
		};
		C9874BFC0E429EFA0068E7BF /* Debug */ = {
			isa = XCBuildConfiguration;
			buildSettings = {
				ALWAYS_SEARCH_USER_PATHS = NO;
				COPY_PHASE_STRIP = NO;
				DYLIB_COMPATIBILITY_VERSION = 1;
				DYLIB_CURRENT_VERSION = 1;
				FRAMEWORK_VERSION = A;
				GCC_DYNAMIC_NO_PIC = NO;
				GCC_ENABLE_FIX_AND_CONTINUE = YES;
				GCC_MODEL_TUNING = G5;
				GCC_OPTIMIZATION_LEVEL = 0;
				GCC_PRECOMPILE_PREFIX_HEADER = YES;
				GCC_PREFIX_HEADER = "$(SYSTEM_LIBRARY_DIR)/Frameworks/AppKit.framework/Headers/AppKit.h";
				INFOPLIST_FILE = "HoneycombView-Info.plist";
				INSTALL_PATH = "@executable_path/../Frameworks";
				OTHER_LDFLAGS = (
					"-framework",
					Foundation,
					"-framework",
					AppKit,
				);
				PREBINDING = NO;
				PRODUCT_NAME = HoneycombView;
			};
			name = Debug;
		};
		C9874BFD0E429EFA0068E7BF /* Release */ = {
			isa = XCBuildConfiguration;
			buildSettings = {
				ALWAYS_SEARCH_USER_PATHS = NO;
				COPY_PHASE_STRIP = YES;
				DEBUG_INFORMATION_FORMAT = "dwarf-with-dsym";
				DYLIB_COMPATIBILITY_VERSION = 1;
				DYLIB_CURRENT_VERSION = 1;
				FRAMEWORK_VERSION = A;
				GCC_ENABLE_FIX_AND_CONTINUE = NO;
				GCC_MODEL_TUNING = G5;
				GCC_PRECOMPILE_PREFIX_HEADER = YES;
				GCC_PREFIX_HEADER = "$(SYSTEM_LIBRARY_DIR)/Frameworks/AppKit.framework/Headers/AppKit.h";
				INFOPLIST_FILE = "HoneycombView-Info.plist";
				INSTALL_PATH = "@executable_path/../Frameworks";
				OTHER_LDFLAGS = (
					"-framework",
					Foundation,
					"-framework",
					AppKit,
				);
				PREBINDING = NO;
				PRODUCT_NAME = HoneycombView;
				ZERO_LINK = NO;
			};
			name = Release;
		};
		C9A5286F0E7866BC0040E203 /* Debug */ = {
			isa = XCBuildConfiguration;
			buildSettings = {
				ALWAYS_SEARCH_USER_PATHS = NO;
				COPY_PHASE_STRIP = NO;
				FRAMEWORK_SEARCH_PATHS = "$(DEVELOPER_LIBRARY_DIR)/Frameworks";
				GCC_DYNAMIC_NO_PIC = NO;
				GCC_ENABLE_FIX_AND_CONTINUE = NO;
				GCC_ENABLE_OBJC_EXCEPTIONS = YES;
				GCC_MODEL_TUNING = G5;
				GCC_OPTIMIZATION_LEVEL = 0;
				GCC_PRECOMPILE_PREFIX_HEADER = YES;
				GCC_PREFIX_HEADER = "$(SYSTEM_LIBRARY_DIR)/Frameworks/Cocoa.framework/Headers/Cocoa.h";
				INFOPLIST_FILE = "UnitTests-Info.plist";
				INSTALL_PATH = "$(USER_LIBRARY_DIR)/Bundles";
				OTHER_LDFLAGS = (
					"-framework",
					Cocoa,
					"-framework",
					SenTestingKit,
				);
				PREBINDING = NO;
				PRODUCT_NAME = UnitTests;
				WRAPPER_EXTENSION = octest;
			};
			name = Debug;
		};
		C9A528700E7866BC0040E203 /* Release */ = {
			isa = XCBuildConfiguration;
			buildSettings = {
				ALWAYS_SEARCH_USER_PATHS = NO;
				COPY_PHASE_STRIP = YES;
				DEBUG_INFORMATION_FORMAT = "dwarf-with-dsym";
				FRAMEWORK_SEARCH_PATHS = "$(DEVELOPER_LIBRARY_DIR)/Frameworks";
				GCC_ENABLE_FIX_AND_CONTINUE = NO;
				GCC_ENABLE_OBJC_EXCEPTIONS = YES;
				GCC_MODEL_TUNING = G5;
				GCC_PRECOMPILE_PREFIX_HEADER = YES;
				GCC_PREFIX_HEADER = "$(SYSTEM_LIBRARY_DIR)/Frameworks/Cocoa.framework/Headers/Cocoa.h";
				INFOPLIST_FILE = "UnitTests-Info.plist";
				INSTALL_PATH = "$(USER_LIBRARY_DIR)/Bundles";
				OTHER_LDFLAGS = (
					"-framework",
					Cocoa,
					"-framework",
					SenTestingKit,
				);
				PREBINDING = NO;
				PRODUCT_NAME = UnitTests;
				WRAPPER_EXTENSION = octest;
				ZERO_LINK = NO;
			};
			name = Release;
		};
/* End XCBuildConfiguration section */

/* Begin XCConfigurationList section */
		C05733C708A9546B00998B17 /* Build configuration list for PBXNativeTarget "Elysium" */ = {
			isa = XCConfigurationList;
			buildConfigurations = (
				C05733C808A9546B00998B17 /* Debug */,
				C05733C908A9546B00998B17 /* Release */,
			);
			defaultConfigurationIsVisible = 0;
			defaultConfigurationName = Release;
		};
		C05733CB08A9546B00998B17 /* Build configuration list for PBXProject "Elysium" */ = {
			isa = XCConfigurationList;
			buildConfigurations = (
				C05733CC08A9546B00998B17 /* Debug */,
				C05733CD08A9546B00998B17 /* Release */,
			);
			defaultConfigurationIsVisible = 0;
			defaultConfigurationName = Release;
		};
		C93D54950E61F0E90077C448 /* Build configuration list for PBXNativeTarget "PYMIDI" */ = {
			isa = XCConfigurationList;
			buildConfigurations = (
				C93D54930E61F0E90077C448 /* Debug */,
				C93D54940E61F0E90077C448 /* Release */,
			);
			defaultConfigurationIsVisible = 0;
			defaultConfigurationName = Release;
		};
		C97FEC8A0E4F5FB3008F309B /* Build configuration list for PBXNativeTarget "StackedListView" */ = {
			isa = XCConfigurationList;
			buildConfigurations = (
				C97FEC880E4F5FB3008F309B /* Debug */,
				C97FEC890E4F5FB3008F309B /* Release */,
			);
			defaultConfigurationIsVisible = 0;
			defaultConfigurationName = Release;
		};
		C9874BFE0E429EFA0068E7BF /* Build configuration list for PBXNativeTarget "HoneycombView" */ = {
			isa = XCConfigurationList;
			buildConfigurations = (
				C9874BFC0E429EFA0068E7BF /* Debug */,
				C9874BFD0E429EFA0068E7BF /* Release */,
			);
			defaultConfigurationIsVisible = 0;
			defaultConfigurationName = Release;
		};
		C9A528710E7866BC0040E203 /* Build configuration list for PBXNativeTarget "UnitTests" */ = {
			isa = XCConfigurationList;
			buildConfigurations = (
				C9A5286F0E7866BC0040E203 /* Debug */,
				C9A528700E7866BC0040E203 /* Release */,
			);
			defaultConfigurationIsVisible = 0;
			defaultConfigurationName = Release;
		};
/* End XCConfigurationList section */
	};
	rootObject = 2A37F4A9FDCFA73011CA2CEA /* Project object */;
}
